{
  "version": 4,
  "terraform_version": "1.9.3",
  "serial": 209,
  "lineage": "85f72544-2ac9-9bf0-1237-26d199d6c264",
  "outputs": {
    "app_envs_secret_name": {
      "value": "dev-amplify-app-vars",
      "type": "string"
    },
    "app_route53_zone_id": {
      "value": "Z09293293S486YLFKC3FQ",
      "type": "string"
    },
    "app_secrets_secret_arn": {
      "value": "arn:aws:secretsmanager:us-east-1:008971661410:secret:dev-amplify-app-secrets-QjU8kO",
      "type": "string"
    },
    "app_secrets_secret_name": {
      "value": "dev-amplify-app-secrets",
      "type": "string"
    },
    "cognito_user_pool_client_id": {
      "value": "1hpvkaj5rn0kg9l1ditprnq9ns",
      "type": "string"
    },
    "cognito_user_pool_client_secret": {
      "value": "ls1rf0j2f493akpo2ll1qe32acfaftlgrqv3oi6r1bhmsu4q0p5",
      "type": "string",
      "sensitive": true
    },
    "cognito_user_pool_id": {
      "value": "us-east-1_KMahKXPPZ",
      "type": "string"
    },
    "cognito_user_pool_url": {
      "value": "cognito-idp.us-east-1.amazonaws.com/us-east-1_KMahKXPPZ",
      "type": "string"
    },
    "domain_name": {
      "value": "fekgpt.com",
      "type": "string"
    },
    "ecr_repository_name": {
      "value": "dev-amplifygenai-repo",
      "type": "string"
    },
    "ecr_repository_uri": {
      "value": "008971661410.dkr.ecr.us-east-1.amazonaws.com/dev-amplifygenai-repo",
      "type": "string"
    },
    "ecs_cluster_name": {
      "value": "dev-amplifygenai-cluster",
      "type": "string"
    },
    "ecs_service_name": {
      "value": "dev-amplifygenai-service-ee7845bfa5eed80b",
      "type": "string"
    },
    "openai_api_key_secret_name": {
      "value": "dev-openai-api-key",
      "type": "string"
    },
    "openai_endpoints_secret_arn": {
      "value": "arn:aws:secretsmanager:us-east-1:008971661410:secret:dev-openai-endpoints-3gKK4K",
      "type": "string"
    },
    "openai_endpoints_secret_name": {
      "value": "dev-openai-endpoints",
      "type": "string"
    },
    "pandoc_lambda_layer_arn": {
      "value": "arn:aws:lambda:us-east-1:008971661410:layer:pandoc_layer:14",
      "type": "string"
    },
    "private_subnet_ids": {
      "value": [
        "subnet-0870e77440834614b",
        "subnet-04e04832760195ad7"
      ],
      "type": [
        "tuple",
        [
          "string",
          "string"
        ]
      ]
    },
    "user_pool_domain": {
      "value": "auth.fekgpt.com",
      "type": "string"
    },
    "vpc_cidr_block": {
      "value": "10.0.0.0/16",
      "type": "string"
    },
    "vpc_id": {
      "value": "vpc-01601e5b5d483e580",
      "type": "string"
    }
  },
  "resources": [
    {
      "module": "module.cognito_pool",
      "mode": "managed",
      "type": "aws_acm_certificate",
      "name": "cognito_ssl_cert",
      "provider": "provider[\"registry.terraform.io/hashicorp/aws\"]",
      "instances": [
        {
          "schema_version": 0,
          "attributes": {
            "arn": "arn:aws:acm:us-east-1:008971661410:certificate/7448a24e-e230-4d68-bf53-ff1f8f02b4f6",
            "certificate_authority_arn": "",
            "certificate_body": null,
            "certificate_chain": null,
            "domain_name": "auth.fekgpt.com",
            "domain_validation_options": [
              {
                "domain_name": "auth.fekgpt.com",
                "resource_record_name": "_9c1d3ecb7f975e742fc050f29573155b.auth.fekgpt.com.",
                "resource_record_type": "CNAME",
                "resource_record_value": "_352a59b55dcc61dc55791dc63b473a64.djqtsrsxkq.acm-validations.aws."
              }
            ],
            "early_renewal_duration": "",
            "id": "arn:aws:acm:us-east-1:008971661410:certificate/7448a24e-e230-4d68-bf53-ff1f8f02b4f6",
            "key_algorithm": "RSA_2048",
            "not_after": "2025-09-20T23:59:59Z",
            "not_before": "2024-08-22T00:00:00Z",
            "options": [
              {
                "certificate_transparency_logging_preference": "ENABLED"
              }
            ],
            "pending_renewal": false,
            "private_key": null,
            "renewal_eligibility": "ELIGIBLE",
            "renewal_summary": [],
            "status": "ISSUED",
            "subject_alternative_names": [
              "auth.fekgpt.com"
            ],
            "tags": {},
            "tags_all": {},
            "type": "AMAZON_ISSUED",
            "validation_emails": [],
            "validation_method": "DNS",
            "validation_option": []
          },
          "sensitive_attributes": [
            [
              {
                "type": "get_attr",
                "value": "private_key"
              }
            ]
          ],
          "private": "bnVsbA==",
          "dependencies": [
            "module.load_balancer.aws_acm_certificate.ssl_cert",
            "module.load_balancer.aws_acm_certificate.ssl_san_cert",
            "module.load_balancer.aws_acm_certificate_validation.ssl_cert_validation",
            "module.load_balancer.aws_acm_certificate_validation.ssl_san_cert_validation",
            "module.load_balancer.aws_eip.nat",
            "module.load_balancer.aws_internet_gateway.igw",
            "module.load_balancer.aws_lb.alb",
            "module.load_balancer.aws_lb_listener.http",
            "module.load_balancer.aws_lb_listener.https",
            "module.load_balancer.aws_lb_listener.https_root_redirect",
            "module.load_balancer.aws_lb_listener_rule.redirect_rule",
            "module.load_balancer.aws_lb_listener_rule.rule",
            "module.load_balancer.aws_lb_listener_rule.www_rule",
            "module.load_balancer.aws_lb_target_group.tg",
            "module.load_balancer.aws_nat_gateway.nat_gw",
            "module.load_balancer.aws_route.private_nat_gw",
            "module.load_balancer.aws_route53_record.cert_validation",
            "module.load_balancer.aws_route53_record.root_alias",
            "module.load_balancer.aws_route53_record.root_cname",
            "module.load_balancer.aws_route53_record.san_cert_validation",
            "module.load_balancer.aws_route53_record.www_cname",
            "module.load_balancer.aws_route_table.private",
            "module.load_balancer.aws_route_table.public",
            "module.load_balancer.aws_route_table_association.private",
            "module.load_balancer.aws_route_table_association.public",
            "module.load_balancer.aws_s3_bucket.alb_access_logs",
            "module.load_balancer.aws_s3_bucket_policy.alb_access_logs_policy",
            "module.load_balancer.aws_security_group.alb_sg",
            "module.load_balancer.aws_subnet.private",
            "module.load_balancer.aws_subnet.public",
            "module.load_balancer.aws_vpc.main",
            "module.load_balancer.aws_vpc_endpoint.s3",
            "module.load_balancer.data.aws_availability_zones.available",
            "module.load_balancer.data.aws_caller_identity.current",
            "module.load_balancer.random_id.random"
          ],
          "create_before_destroy": true
        }
      ]
    },
    {
      "module": "module.cognito_pool",
      "mode": "managed",
      "type": "aws_acm_certificate_validation",
      "name": "cognito_ssl_cert_validation",
      "provider": "provider[\"registry.terraform.io/hashicorp/aws\"]",
      "instances": [
        {
          "schema_version": 0,
          "attributes": {
            "certificate_arn": "arn:aws:acm:us-east-1:008971661410:certificate/7448a24e-e230-4d68-bf53-ff1f8f02b4f6",
            "id": "2024-08-22 07:35:42.823 +0000 UTC",
            "timeouts": null,
            "validation_record_fqdns": [
              "_9c1d3ecb7f975e742fc050f29573155b.auth.fekgpt.com"
            ]
          },
          "sensitive_attributes": [],
          "private": "eyJlMmJmYjczMC1lY2FhLTExZTYtOGY4OC0zNDM2M2JjN2M0YzAiOnsiY3JlYXRlIjo0NTAwMDAwMDAwMDAwfX0=",
          "dependencies": [
            "module.cognito_pool.aws_acm_certificate.cognito_ssl_cert",
            "module.cognito_pool.aws_route53_record.cognito_cert_validation",
            "module.load_balancer.aws_acm_certificate.ssl_cert",
            "module.load_balancer.aws_acm_certificate.ssl_san_cert",
            "module.load_balancer.aws_acm_certificate_validation.ssl_cert_validation",
            "module.load_balancer.aws_acm_certificate_validation.ssl_san_cert_validation",
            "module.load_balancer.aws_eip.nat",
            "module.load_balancer.aws_internet_gateway.igw",
            "module.load_balancer.aws_lb.alb",
            "module.load_balancer.aws_lb_listener.http",
            "module.load_balancer.aws_lb_listener.https",
            "module.load_balancer.aws_lb_listener.https_root_redirect",
            "module.load_balancer.aws_lb_listener_rule.redirect_rule",
            "module.load_balancer.aws_lb_listener_rule.rule",
            "module.load_balancer.aws_lb_listener_rule.www_rule",
            "module.load_balancer.aws_lb_target_group.tg",
            "module.load_balancer.aws_nat_gateway.nat_gw",
            "module.load_balancer.aws_route.private_nat_gw",
            "module.load_balancer.aws_route53_record.cert_validation",
            "module.load_balancer.aws_route53_record.root_alias",
            "module.load_balancer.aws_route53_record.root_cname",
            "module.load_balancer.aws_route53_record.san_cert_validation",
            "module.load_balancer.aws_route53_record.www_cname",
            "module.load_balancer.aws_route_table.private",
            "module.load_balancer.aws_route_table.public",
            "module.load_balancer.aws_route_table_association.private",
            "module.load_balancer.aws_route_table_association.public",
            "module.load_balancer.aws_s3_bucket.alb_access_logs",
            "module.load_balancer.aws_s3_bucket_policy.alb_access_logs_policy",
            "module.load_balancer.aws_security_group.alb_sg",
            "module.load_balancer.aws_subnet.private",
            "module.load_balancer.aws_subnet.public",
            "module.load_balancer.aws_vpc.main",
            "module.load_balancer.aws_vpc_endpoint.s3",
            "module.load_balancer.data.aws_availability_zones.available",
            "module.load_balancer.data.aws_caller_identity.current",
            "module.load_balancer.random_id.random"
          ]
        }
      ]
    },
    {
      "module": "module.cognito_pool",
      "mode": "managed",
      "type": "aws_cognito_user_pool",
      "name": "main",
      "provider": "provider[\"registry.terraform.io/hashicorp/aws\"]",
      "instances": [
        {
          "schema_version": 0,
          "attributes": {
            "account_recovery_setting": [
              {
                "recovery_mechanism": [
                  {
                    "name": "admin_only",
                    "priority": 1
                  }
                ]
              }
            ],
            "admin_create_user_config": [
              {
                "allow_admin_create_user_only": true,
                "invite_message_template": []
              }
            ],
            "alias_attributes": null,
            "arn": "arn:aws:cognito-idp:us-east-1:008971661410:userpool/us-east-1_KMahKXPPZ",
            "auto_verified_attributes": [
              "email"
            ],
            "creation_date": "2024-08-22T08:12:39Z",
            "custom_domain": "auth.fekgpt.com",
            "deletion_protection": "INACTIVE",
            "device_configuration": [],
            "domain": "auth.fekgpt.com",
            "email_configuration": [
              {
                "configuration_set": "",
                "email_sending_account": "COGNITO_DEFAULT",
                "from_email_address": "",
                "reply_to_email_address": "",
                "source_arn": ""
              }
            ],
            "email_verification_message": "",
            "email_verification_subject": "",
            "endpoint": "cognito-idp.us-east-1.amazonaws.com/us-east-1_KMahKXPPZ",
            "estimated_number_of_users": 1,
            "id": "us-east-1_KMahKXPPZ",
            "lambda_config": [],
            "last_modified_date": "2024-08-22T08:12:39Z",
            "mfa_configuration": "OFF",
            "name": "dev-AmplifyGenAI-UserPool2",
            "password_policy": [
              {
                "minimum_length": 8,
                "require_lowercase": true,
                "require_numbers": true,
                "require_symbols": true,
                "require_uppercase": true,
                "temporary_password_validity_days": 7
              }
            ],
            "schema": [
              {
                "attribute_data_type": "String",
                "developer_only_attribute": false,
                "mutable": true,
                "name": "email",
                "number_attribute_constraints": [],
                "required": true,
                "string_attribute_constraints": []
              },
              {
                "attribute_data_type": "String",
                "developer_only_attribute": false,
                "mutable": true,
                "name": "name",
                "number_attribute_constraints": [],
                "required": true,
                "string_attribute_constraints": []
              },
              {
                "attribute_data_type": "String",
                "developer_only_attribute": false,
                "mutable": true,
                "name": "saml_groups",
                "number_attribute_constraints": [],
                "required": false,
                "string_attribute_constraints": [
                  {
                    "max_length": "2048",
                    "min_length": "0"
                  }
                ]
              }
            ],
            "sms_authentication_message": "",
            "sms_configuration": [],
            "sms_verification_message": "",
            "software_token_mfa_configuration": [],
            "tags": {},
            "tags_all": {},
            "user_attribute_update_settings": [],
            "user_pool_add_ons": [],
            "username_attributes": [],
            "username_configuration": [
              {
                "case_sensitive": false
              }
            ],
            "verification_message_template": [
              {
                "default_email_option": "CONFIRM_WITH_CODE",
                "email_message": "",
                "email_message_by_link": "",
                "email_subject": "",
                "email_subject_by_link": "",
                "sms_message": ""
              }
            ]
          },
          "sensitive_attributes": [],
          "private": "bnVsbA==",
          "dependencies": [
            "module.load_balancer.aws_acm_certificate.ssl_cert",
            "module.load_balancer.aws_acm_certificate.ssl_san_cert",
            "module.load_balancer.aws_acm_certificate_validation.ssl_cert_validation",
            "module.load_balancer.aws_acm_certificate_validation.ssl_san_cert_validation",
            "module.load_balancer.aws_eip.nat",
            "module.load_balancer.aws_internet_gateway.igw",
            "module.load_balancer.aws_lb.alb",
            "module.load_balancer.aws_lb_listener.http",
            "module.load_balancer.aws_lb_listener.https",
            "module.load_balancer.aws_lb_listener.https_root_redirect",
            "module.load_balancer.aws_lb_listener_rule.redirect_rule",
            "module.load_balancer.aws_lb_listener_rule.rule",
            "module.load_balancer.aws_lb_listener_rule.www_rule",
            "module.load_balancer.aws_lb_target_group.tg",
            "module.load_balancer.aws_nat_gateway.nat_gw",
            "module.load_balancer.aws_route.private_nat_gw",
            "module.load_balancer.aws_route53_record.cert_validation",
            "module.load_balancer.aws_route53_record.root_alias",
            "module.load_balancer.aws_route53_record.root_cname",
            "module.load_balancer.aws_route53_record.san_cert_validation",
            "module.load_balancer.aws_route53_record.www_cname",
            "module.load_balancer.aws_route_table.private",
            "module.load_balancer.aws_route_table.public",
            "module.load_balancer.aws_route_table_association.private",
            "module.load_balancer.aws_route_table_association.public",
            "module.load_balancer.aws_s3_bucket.alb_access_logs",
            "module.load_balancer.aws_s3_bucket_policy.alb_access_logs_policy",
            "module.load_balancer.aws_security_group.alb_sg",
            "module.load_balancer.aws_subnet.private",
            "module.load_balancer.aws_subnet.public",
            "module.load_balancer.aws_vpc.main",
            "module.load_balancer.aws_vpc_endpoint.s3",
            "module.load_balancer.data.aws_availability_zones.available",
            "module.load_balancer.data.aws_caller_identity.current",
            "module.load_balancer.random_id.random"
          ]
        }
      ]
    },
    {
      "module": "module.cognito_pool",
      "mode": "managed",
      "type": "aws_cognito_user_pool_client",
      "name": "main",
      "provider": "provider[\"registry.terraform.io/hashicorp/aws\"]",
      "instances": [
        {
          "schema_version": 0,
          "attributes": {
            "access_token_validity": 24,
            "allowed_oauth_flows": [
              "code",
              "implicit"
            ],
            "allowed_oauth_flows_user_pool_client": true,
            "allowed_oauth_scopes": [
              "email",
              "openid"
            ],
            "analytics_configuration": [],
            "auth_session_validity": 3,
            "callback_urls": [
              "http://localhost:3000/api/auth/callback/cognito",
              "https://fekgpt.com/api/auth/callback/cognito"
            ],
            "client_secret": "ls1rf0j2f493akpo2ll1qe32acfaftlgrqv3oi6r1bhmsu4q0p5",
            "default_redirect_uri": "",
            "enable_propagate_additional_user_context_data": false,
            "enable_token_revocation": true,
            "explicit_auth_flows": [
              "ALLOW_ADMIN_USER_PASSWORD_AUTH",
              "ALLOW_REFRESH_TOKEN_AUTH"
            ],
            "generate_secret": true,
            "id": "1hpvkaj5rn0kg9l1ditprnq9ns",
            "id_token_validity": 12,
            "logout_urls": [
              "http://localhost:3000",
              "https://fekgpt.com"
            ],
            "name": "dev-AmplifyGenAI-UserPool2",
            "prevent_user_existence_errors": "ENABLED",
            "read_attributes": [],
            "refresh_token_validity": 1,
            "supported_identity_providers": [
              "COGNITO"
            ],
            "token_validity_units": [
              {
                "access_token": "hours",
                "id_token": "hours",
                "refresh_token": "days"
              }
            ],
            "user_pool_id": "us-east-1_KMahKXPPZ",
            "write_attributes": []
          },
          "sensitive_attributes": [
            [
              {
                "type": "get_attr",
                "value": "client_secret"
              }
            ]
          ],
          "dependencies": [
            "module.cognito_pool.aws_cognito_identity_provider.saml",
            "module.cognito_pool.aws_cognito_user_pool.main",
            "module.load_balancer.aws_acm_certificate.ssl_cert",
            "module.load_balancer.aws_acm_certificate.ssl_san_cert",
            "module.load_balancer.aws_acm_certificate_validation.ssl_cert_validation",
            "module.load_balancer.aws_acm_certificate_validation.ssl_san_cert_validation",
            "module.load_balancer.aws_eip.nat",
            "module.load_balancer.aws_internet_gateway.igw",
            "module.load_balancer.aws_lb.alb",
            "module.load_balancer.aws_lb_listener.http",
            "module.load_balancer.aws_lb_listener.https",
            "module.load_balancer.aws_lb_listener.https_root_redirect",
            "module.load_balancer.aws_lb_listener_rule.redirect_rule",
            "module.load_balancer.aws_lb_listener_rule.rule",
            "module.load_balancer.aws_lb_listener_rule.www_rule",
            "module.load_balancer.aws_lb_target_group.tg",
            "module.load_balancer.aws_nat_gateway.nat_gw",
            "module.load_balancer.aws_route.private_nat_gw",
            "module.load_balancer.aws_route53_record.cert_validation",
            "module.load_balancer.aws_route53_record.root_alias",
            "module.load_balancer.aws_route53_record.root_cname",
            "module.load_balancer.aws_route53_record.san_cert_validation",
            "module.load_balancer.aws_route53_record.www_cname",
            "module.load_balancer.aws_route_table.private",
            "module.load_balancer.aws_route_table.public",
            "module.load_balancer.aws_route_table_association.private",
            "module.load_balancer.aws_route_table_association.public",
            "module.load_balancer.aws_s3_bucket.alb_access_logs",
            "module.load_balancer.aws_s3_bucket_policy.alb_access_logs_policy",
            "module.load_balancer.aws_security_group.alb_sg",
            "module.load_balancer.aws_subnet.private",
            "module.load_balancer.aws_subnet.public",
            "module.load_balancer.aws_vpc.main",
            "module.load_balancer.aws_vpc_endpoint.s3",
            "module.load_balancer.data.aws_availability_zones.available",
            "module.load_balancer.data.aws_caller_identity.current",
            "module.load_balancer.random_id.random"
          ]
        }
      ]
    },
    {
      "module": "module.cognito_pool",
      "mode": "managed",
      "type": "aws_cognito_user_pool_domain",
      "name": "main",
      "provider": "provider[\"registry.terraform.io/hashicorp/aws\"]",
      "instances": [
        {
          "schema_version": 0,
          "attributes": {
            "aws_account_id": "008971661410",
            "certificate_arn": "arn:aws:acm:us-east-1:008971661410:certificate/7448a24e-e230-4d68-bf53-ff1f8f02b4f6",
            "cloudfront_distribution": "difaubv3ano0p.cloudfront.net",
            "cloudfront_distribution_arn": "difaubv3ano0p.cloudfront.net",
            "cloudfront_distribution_zone_id": "Z2FDTNDATAQYW2",
            "domain": "auth.fekgpt.com",
            "id": "auth.fekgpt.com",
            "s3_bucket": "aws-cognito-prod-iad-assets",
            "user_pool_id": "us-east-1_KMahKXPPZ",
            "version": "20240822081322"
          },
          "sensitive_attributes": [],
          "private": "bnVsbA==",
          "dependencies": [
            "module.cognito_pool.aws_acm_certificate.cognito_ssl_cert",
            "module.cognito_pool.aws_acm_certificate_validation.cognito_ssl_cert_validation",
            "module.cognito_pool.aws_cognito_user_pool.main",
            "module.cognito_pool.aws_route53_record.cognito_cert_validation",
            "module.load_balancer.aws_acm_certificate.ssl_cert",
            "module.load_balancer.aws_acm_certificate.ssl_san_cert",
            "module.load_balancer.aws_acm_certificate_validation.ssl_cert_validation",
            "module.load_balancer.aws_acm_certificate_validation.ssl_san_cert_validation",
            "module.load_balancer.aws_eip.nat",
            "module.load_balancer.aws_internet_gateway.igw",
            "module.load_balancer.aws_lb.alb",
            "module.load_balancer.aws_lb_listener.http",
            "module.load_balancer.aws_lb_listener.https",
            "module.load_balancer.aws_lb_listener.https_root_redirect",
            "module.load_balancer.aws_lb_listener_rule.redirect_rule",
            "module.load_balancer.aws_lb_listener_rule.rule",
            "module.load_balancer.aws_lb_listener_rule.www_rule",
            "module.load_balancer.aws_lb_target_group.tg",
            "module.load_balancer.aws_nat_gateway.nat_gw",
            "module.load_balancer.aws_route.private_nat_gw",
            "module.load_balancer.aws_route53_record.cert_validation",
            "module.load_balancer.aws_route53_record.root_alias",
            "module.load_balancer.aws_route53_record.root_cname",
            "module.load_balancer.aws_route53_record.san_cert_validation",
            "module.load_balancer.aws_route53_record.www_cname",
            "module.load_balancer.aws_route_table.private",
            "module.load_balancer.aws_route_table.public",
            "module.load_balancer.aws_route_table_association.private",
            "module.load_balancer.aws_route_table_association.public",
            "module.load_balancer.aws_s3_bucket.alb_access_logs",
            "module.load_balancer.aws_s3_bucket_policy.alb_access_logs_policy",
            "module.load_balancer.aws_security_group.alb_sg",
            "module.load_balancer.aws_subnet.private",
            "module.load_balancer.aws_subnet.public",
            "module.load_balancer.aws_vpc.main",
            "module.load_balancer.aws_vpc_endpoint.s3",
            "module.load_balancer.data.aws_availability_zones.available",
            "module.load_balancer.data.aws_caller_identity.current",
            "module.load_balancer.random_id.random"
          ]
        }
      ]
    },
    {
      "module": "module.cognito_pool",
      "mode": "managed",
      "type": "aws_route53_record",
      "name": "cognito_auth_custom_domain",
      "provider": "provider[\"registry.terraform.io/hashicorp/aws\"]",
      "instances": [
        {
          "schema_version": 2,
          "attributes": {
            "alias": [
              {
                "evaluate_target_health": false,
                "name": "difaubv3ano0p.cloudfront.net",
                "zone_id": "Z2FDTNDATAQYW2"
              }
            ],
            "allow_overwrite": null,
            "cidr_routing_policy": [],
            "failover_routing_policy": [],
            "fqdn": "auth.fekgpt.com",
            "geolocation_routing_policy": [],
            "health_check_id": "",
            "id": "Z09293293S486YLFKC3FQ_auth.fekgpt.com_A",
            "latency_routing_policy": [],
            "multivalue_answer_routing_policy": false,
            "name": "auth.fekgpt.com",
            "records": [],
            "set_identifier": "",
            "ttl": 0,
            "type": "A",
            "weighted_routing_policy": [],
            "zone_id": "Z09293293S486YLFKC3FQ"
          },
          "sensitive_attributes": [],
          "private": "eyJzY2hlbWFfdmVyc2lvbiI6IjIifQ==",
          "dependencies": [
            "module.cognito_pool.aws_acm_certificate.cognito_ssl_cert",
            "module.cognito_pool.aws_acm_certificate_validation.cognito_ssl_cert_validation",
            "module.cognito_pool.aws_cognito_user_pool.main",
            "module.cognito_pool.aws_cognito_user_pool_domain.main",
            "module.cognito_pool.aws_route53_record.cognito_cert_validation",
            "module.load_balancer.aws_acm_certificate.ssl_cert",
            "module.load_balancer.aws_acm_certificate.ssl_san_cert",
            "module.load_balancer.aws_acm_certificate_validation.ssl_cert_validation",
            "module.load_balancer.aws_acm_certificate_validation.ssl_san_cert_validation",
            "module.load_balancer.aws_eip.nat",
            "module.load_balancer.aws_internet_gateway.igw",
            "module.load_balancer.aws_lb.alb",
            "module.load_balancer.aws_lb_listener.http",
            "module.load_balancer.aws_lb_listener.https",
            "module.load_balancer.aws_lb_listener.https_root_redirect",
            "module.load_balancer.aws_lb_listener_rule.redirect_rule",
            "module.load_balancer.aws_lb_listener_rule.rule",
            "module.load_balancer.aws_lb_listener_rule.www_rule",
            "module.load_balancer.aws_lb_target_group.tg",
            "module.load_balancer.aws_nat_gateway.nat_gw",
            "module.load_balancer.aws_route.private_nat_gw",
            "module.load_balancer.aws_route53_record.cert_validation",
            "module.load_balancer.aws_route53_record.root_alias",
            "module.load_balancer.aws_route53_record.root_cname",
            "module.load_balancer.aws_route53_record.san_cert_validation",
            "module.load_balancer.aws_route53_record.www_cname",
            "module.load_balancer.aws_route_table.private",
            "module.load_balancer.aws_route_table.public",
            "module.load_balancer.aws_route_table_association.private",
            "module.load_balancer.aws_route_table_association.public",
            "module.load_balancer.aws_s3_bucket.alb_access_logs",
            "module.load_balancer.aws_s3_bucket_policy.alb_access_logs_policy",
            "module.load_balancer.aws_security_group.alb_sg",
            "module.load_balancer.aws_subnet.private",
            "module.load_balancer.aws_subnet.public",
            "module.load_balancer.aws_vpc.main",
            "module.load_balancer.aws_vpc_endpoint.s3",
            "module.load_balancer.data.aws_availability_zones.available",
            "module.load_balancer.data.aws_caller_identity.current",
            "module.load_balancer.random_id.random"
          ]
        }
      ]
    },
    {
      "module": "module.cognito_pool",
      "mode": "managed",
      "type": "aws_route53_record",
      "name": "cognito_cert_validation",
      "provider": "provider[\"registry.terraform.io/hashicorp/aws\"]",
      "instances": [
        {
          "index_key": "auth.fekgpt.com",
          "schema_version": 2,
          "attributes": {
            "alias": [],
            "allow_overwrite": true,
            "cidr_routing_policy": [],
            "failover_routing_policy": [],
            "fqdn": "_9c1d3ecb7f975e742fc050f29573155b.auth.fekgpt.com",
            "geolocation_routing_policy": [],
            "health_check_id": "",
            "id": "Z09293293S486YLFKC3FQ__9c1d3ecb7f975e742fc050f29573155b.auth.fekgpt.com._CNAME",
            "latency_routing_policy": [],
            "multivalue_answer_routing_policy": false,
            "name": "_9c1d3ecb7f975e742fc050f29573155b.auth.fekgpt.com",
            "records": [
              "_352a59b55dcc61dc55791dc63b473a64.djqtsrsxkq.acm-validations.aws."
            ],
            "set_identifier": "",
            "ttl": 60,
            "type": "CNAME",
            "weighted_routing_policy": [],
            "zone_id": "Z09293293S486YLFKC3FQ"
          },
          "sensitive_attributes": [],
          "private": "eyJzY2hlbWFfdmVyc2lvbiI6IjIifQ==",
          "dependencies": [
            "module.cognito_pool.aws_acm_certificate.cognito_ssl_cert",
            "module.load_balancer.aws_acm_certificate.ssl_cert",
            "module.load_balancer.aws_acm_certificate.ssl_san_cert",
            "module.load_balancer.aws_acm_certificate_validation.ssl_cert_validation",
            "module.load_balancer.aws_acm_certificate_validation.ssl_san_cert_validation",
            "module.load_balancer.aws_eip.nat",
            "module.load_balancer.aws_internet_gateway.igw",
            "module.load_balancer.aws_lb.alb",
            "module.load_balancer.aws_lb_listener.http",
            "module.load_balancer.aws_lb_listener.https",
            "module.load_balancer.aws_lb_listener.https_root_redirect",
            "module.load_balancer.aws_lb_listener_rule.redirect_rule",
            "module.load_balancer.aws_lb_listener_rule.rule",
            "module.load_balancer.aws_lb_listener_rule.www_rule",
            "module.load_balancer.aws_lb_target_group.tg",
            "module.load_balancer.aws_nat_gateway.nat_gw",
            "module.load_balancer.aws_route.private_nat_gw",
            "module.load_balancer.aws_route53_record.cert_validation",
            "module.load_balancer.aws_route53_record.root_alias",
            "module.load_balancer.aws_route53_record.root_cname",
            "module.load_balancer.aws_route53_record.san_cert_validation",
            "module.load_balancer.aws_route53_record.www_cname",
            "module.load_balancer.aws_route_table.private",
            "module.load_balancer.aws_route_table.public",
            "module.load_balancer.aws_route_table_association.private",
            "module.load_balancer.aws_route_table_association.public",
            "module.load_balancer.aws_s3_bucket.alb_access_logs",
            "module.load_balancer.aws_s3_bucket_policy.alb_access_logs_policy",
            "module.load_balancer.aws_security_group.alb_sg",
            "module.load_balancer.aws_subnet.private",
            "module.load_balancer.aws_subnet.public",
            "module.load_balancer.aws_vpc.main",
            "module.load_balancer.aws_vpc_endpoint.s3",
            "module.load_balancer.data.aws_availability_zones.available",
            "module.load_balancer.data.aws_caller_identity.current",
            "module.load_balancer.random_id.random"
          ]
        }
      ]
    },
    {
      "module": "module.ecr",
      "mode": "managed",
      "type": "aws_codepipeline",
      "name": "ecs_codepipeline",
      "provider": "provider[\"registry.terraform.io/hashicorp/aws\"]",
      "instances": [
        {
          "schema_version": 0,
          "attributes": {
            "arn": "arn:aws:codepipeline:us-east-1:008971661410:dev-amplifygenai-service-ee7845bfa5eed80b-ecs-deployment-pipeline",
            "artifact_store": [
              {
                "encryption_key": [],
                "location": "dev-amplifygenai-service-ee7845bfa5eed80b-cp-artifacts",
                "region": "",
                "type": "S3"
              }
            ],
            "id": "dev-amplifygenai-service-ee7845bfa5eed80b-ecs-deployment-pipeline",
            "name": "dev-amplifygenai-service-ee7845bfa5eed80b-ecs-deployment-pipeline",
            "role_arn": "arn:aws:iam::008971661410:role/dev-amplifygenai-service-ee7845bfa5eed80b-codepipeline-role",
            "stage": [
              {
                "action": [
                  {
                    "category": "Source",
                    "configuration": {
                      "ImageTag": "latest",
                      "RepositoryName": "dev-amplifygenai-repo"
                    },
                    "input_artifacts": [],
                    "name": "ECR_Source",
                    "namespace": "",
                    "output_artifacts": [
                      "source_output"
                    ],
                    "owner": "AWS",
                    "provider": "ECR",
                    "region": "",
                    "role_arn": "",
                    "run_order": 1,
                    "version": "1"
                  }
                ],
                "name": "Source"
              },
              {
                "action": [
                  {
                    "category": "Deploy",
                    "configuration": {
                      "ClusterName": "dev-amplifygenai-cluster",
                      "FileName": "imagedefinitions.json",
                      "ServiceName": "dev-amplifygenai-service-ee7845bfa5eed80b"
                    },
                    "input_artifacts": [
                      "source_output"
                    ],
                    "name": "Deploy_to_ECS",
                    "namespace": "",
                    "output_artifacts": [],
                    "owner": "AWS",
                    "provider": "ECS",
                    "region": "",
                    "role_arn": "",
                    "run_order": 1,
                    "version": "1"
                  }
                ],
                "name": "Deploy"
              },
              {
                "action": [
                  {
                    "category": "Approval",
                    "configuration": {
                      "CustomData": "Please approve the deployment of the new container image.",
                      "NotificationArn": "arn:aws:sns:us-east-1:008971661410:ecs-service-alarms"
                    },
                    "input_artifacts": [],
                    "name": "Manual_Approval",
                    "namespace": "",
                    "output_artifacts": [],
                    "owner": "AWS",
                    "provider": "Manual",
                    "region": "",
                    "role_arn": "",
                    "run_order": 1,
                    "version": "1"
                  }
                ],
                "name": "Approval"
              }
            ],
            "tags": {},
            "tags_all": {}
          },
          "sensitive_attributes": [],
          "private": "bnVsbA==",
          "dependencies": [
            "module.ecr.aws_ecr_repository.app_repository",
            "module.ecr.aws_iam_role.codepipeline_role",
            "module.ecr.aws_s3_bucket.codepipeline_artifacts",
            "module.ecs.aws_cloudwatch_log_group.ecs_log_group",
            "module.ecs.aws_ecs_cluster.cluster",
            "module.ecs.aws_ecs_service.service",
            "module.ecs.aws_ecs_task_definition.app_task",
            "module.ecs.aws_iam_role.ecs_execution_role",
            "module.ecs.aws_iam_role.ecs_task_role",
            "module.ecs.aws_secretsmanager_secret.envs",
            "module.ecs.aws_secretsmanager_secret.my_secrets",
            "module.ecs.aws_security_group.ecs_tasks_sg",
            "module.ecs.aws_sns_topic.ecs_alarm_notifications",
            "module.ecs.random_id.random",
            "module.load_balancer.aws_acm_certificate.ssl_cert",
            "module.load_balancer.aws_acm_certificate.ssl_san_cert",
            "module.load_balancer.aws_acm_certificate_validation.ssl_cert_validation",
            "module.load_balancer.aws_acm_certificate_validation.ssl_san_cert_validation",
            "module.load_balancer.aws_eip.nat",
            "module.load_balancer.aws_internet_gateway.igw",
            "module.load_balancer.aws_lb.alb",
            "module.load_balancer.aws_lb_listener.http",
            "module.load_balancer.aws_lb_listener.https",
            "module.load_balancer.aws_lb_listener.https_root_redirect",
            "module.load_balancer.aws_lb_listener_rule.redirect_rule",
            "module.load_balancer.aws_lb_listener_rule.rule",
            "module.load_balancer.aws_lb_listener_rule.www_rule",
            "module.load_balancer.aws_lb_target_group.tg",
            "module.load_balancer.aws_nat_gateway.nat_gw",
            "module.load_balancer.aws_route.private_nat_gw",
            "module.load_balancer.aws_route53_record.cert_validation",
            "module.load_balancer.aws_route53_record.root_alias",
            "module.load_balancer.aws_route53_record.root_cname",
            "module.load_balancer.aws_route53_record.san_cert_validation",
            "module.load_balancer.aws_route53_record.www_cname",
            "module.load_balancer.aws_route_table.private",
            "module.load_balancer.aws_route_table.public",
            "module.load_balancer.aws_route_table_association.private",
            "module.load_balancer.aws_route_table_association.public",
            "module.load_balancer.aws_s3_bucket.alb_access_logs",
            "module.load_balancer.aws_s3_bucket_policy.alb_access_logs_policy",
            "module.load_balancer.aws_security_group.alb_sg",
            "module.load_balancer.aws_subnet.private",
            "module.load_balancer.aws_subnet.public",
            "module.load_balancer.aws_vpc.main",
            "module.load_balancer.aws_vpc_endpoint.s3",
            "module.load_balancer.data.aws_availability_zones.available",
            "module.load_balancer.data.aws_caller_identity.current",
            "module.load_balancer.random_id.random"
          ]
        }
      ]
    },
    {
      "module": "module.ecr",
      "mode": "managed",
      "type": "aws_ecr_repository",
      "name": "app_repository",
      "provider": "provider[\"registry.terraform.io/hashicorp/aws\"]",
      "instances": [
        {
          "schema_version": 0,
          "attributes": {
            "arn": "arn:aws:ecr:us-east-1:008971661410:repository/dev-amplifygenai-repo",
            "encryption_configuration": [
              {
                "encryption_type": "AES256",
                "kms_key": ""
              }
            ],
            "force_delete": null,
            "id": "dev-amplifygenai-repo",
            "image_scanning_configuration": [
              {
                "scan_on_push": true
              }
            ],
            "image_tag_mutability": "MUTABLE",
            "name": "dev-amplifygenai-repo",
            "registry_id": "008971661410",
            "repository_url": "008971661410.dkr.ecr.us-east-1.amazonaws.com/dev-amplifygenai-repo",
            "tags": {},
            "tags_all": {},
            "timeouts": null
          },
          "sensitive_attributes": [],
          "private": "eyJlMmJmYjczMC1lY2FhLTExZTYtOGY4OC0zNDM2M2JjN2M0YzAiOnsiZGVsZXRlIjoxMjAwMDAwMDAwMDAwfX0="
        }
      ]
    },
    {
      "module": "module.ecr",
      "mode": "managed",
      "type": "aws_iam_policy",
      "name": "codepipeline_policy",
      "provider": "provider[\"registry.terraform.io/hashicorp/aws\"]",
      "instances": [
        {
          "schema_version": 0,
          "attributes": {
            "arn": "arn:aws:iam::008971661410:policy/dev-amplifygenai-service-ee7845bfa5eed80b-codepipeline-policy",
            "description": "",
            "id": "arn:aws:iam::008971661410:policy/dev-amplifygenai-service-ee7845bfa5eed80b-codepipeline-policy",
            "name": "dev-amplifygenai-service-ee7845bfa5eed80b-codepipeline-policy",
            "name_prefix": "",
            "path": "/",
            "policy": "{\"Statement\":[{\"Action\":[\"ecs:DescribeServices\",\"ecs:UpdateService\",\"ecs:RegisterTaskDefinition\"],\"Effect\":\"Allow\",\"Resource\":\"*\"},{\"Action\":[\"s3:Get*\",\"s3:List*\"],\"Effect\":\"Allow\",\"Resource\":\"arn:aws:s3:::dev-amplifygenai-service-ee7845bfa5eed80b-cp-artifacts/*\"}],\"Version\":\"2012-10-17\"}",
            "policy_id": "ANPAQEFWAWBRPP7ELLDLN",
            "tags": {},
            "tags_all": {}
          },
          "sensitive_attributes": [],
          "private": "bnVsbA==",
          "dependencies": [
            "module.ecr.aws_ecr_repository.app_repository",
            "module.ecr.aws_s3_bucket.codepipeline_artifacts",
            "module.ecs.aws_cloudwatch_log_group.ecs_log_group",
            "module.ecs.aws_ecs_cluster.cluster",
            "module.ecs.aws_ecs_service.service",
            "module.ecs.aws_ecs_task_definition.app_task",
            "module.ecs.aws_iam_role.ecs_execution_role",
            "module.ecs.aws_iam_role.ecs_task_role",
            "module.ecs.aws_secretsmanager_secret.envs",
            "module.ecs.aws_secretsmanager_secret.my_secrets",
            "module.ecs.aws_security_group.ecs_tasks_sg",
            "module.ecs.random_id.random",
            "module.load_balancer.aws_acm_certificate.ssl_cert",
            "module.load_balancer.aws_acm_certificate.ssl_san_cert",
            "module.load_balancer.aws_acm_certificate_validation.ssl_cert_validation",
            "module.load_balancer.aws_acm_certificate_validation.ssl_san_cert_validation",
            "module.load_balancer.aws_eip.nat",
            "module.load_balancer.aws_internet_gateway.igw",
            "module.load_balancer.aws_lb.alb",
            "module.load_balancer.aws_lb_listener.http",
            "module.load_balancer.aws_lb_listener.https",
            "module.load_balancer.aws_lb_listener.https_root_redirect",
            "module.load_balancer.aws_lb_listener_rule.redirect_rule",
            "module.load_balancer.aws_lb_listener_rule.rule",
            "module.load_balancer.aws_lb_listener_rule.www_rule",
            "module.load_balancer.aws_lb_target_group.tg",
            "module.load_balancer.aws_nat_gateway.nat_gw",
            "module.load_balancer.aws_route.private_nat_gw",
            "module.load_balancer.aws_route53_record.cert_validation",
            "module.load_balancer.aws_route53_record.root_alias",
            "module.load_balancer.aws_route53_record.root_cname",
            "module.load_balancer.aws_route53_record.san_cert_validation",
            "module.load_balancer.aws_route53_record.www_cname",
            "module.load_balancer.aws_route_table.private",
            "module.load_balancer.aws_route_table.public",
            "module.load_balancer.aws_route_table_association.private",
            "module.load_balancer.aws_route_table_association.public",
            "module.load_balancer.aws_s3_bucket.alb_access_logs",
            "module.load_balancer.aws_s3_bucket_policy.alb_access_logs_policy",
            "module.load_balancer.aws_security_group.alb_sg",
            "module.load_balancer.aws_subnet.private",
            "module.load_balancer.aws_subnet.public",
            "module.load_balancer.aws_vpc.main",
            "module.load_balancer.aws_vpc_endpoint.s3",
            "module.load_balancer.data.aws_availability_zones.available",
            "module.load_balancer.data.aws_caller_identity.current",
            "module.load_balancer.random_id.random"
          ]
        }
      ]
    },
    {
      "module": "module.ecr",
      "mode": "managed",
      "type": "aws_iam_role",
      "name": "codepipeline_role",
      "provider": "provider[\"registry.terraform.io/hashicorp/aws\"]",
      "instances": [
        {
          "schema_version": 0,
          "attributes": {
            "arn": "arn:aws:iam::008971661410:role/dev-amplifygenai-service-ee7845bfa5eed80b-codepipeline-role",
            "assume_role_policy": "{\"Statement\":[{\"Action\":\"sts:AssumeRole\",\"Effect\":\"Allow\",\"Principal\":{\"Service\":\"codepipeline.amazonaws.com\"}}],\"Version\":\"2012-10-17\"}",
            "create_date": "2024-08-22T07:40:51Z",
            "description": "",
            "force_detach_policies": false,
            "id": "dev-amplifygenai-service-ee7845bfa5eed80b-codepipeline-role",
            "inline_policy": [],
            "managed_policy_arns": [
              "arn:aws:iam::008971661410:policy/dev-amplifygenai-service-ee7845bfa5eed80b-codepipeline-policy"
            ],
            "max_session_duration": 3600,
            "name": "dev-amplifygenai-service-ee7845bfa5eed80b-codepipeline-role",
            "name_prefix": "",
            "path": "/",
            "permissions_boundary": null,
            "tags": {},
            "tags_all": {},
            "unique_id": "AROAQEFWAWBRMSDGZCFGV"
          },
          "sensitive_attributes": [],
          "private": "bnVsbA==",
          "dependencies": [
            "module.ecr.aws_ecr_repository.app_repository",
            "module.ecs.aws_cloudwatch_log_group.ecs_log_group",
            "module.ecs.aws_ecs_cluster.cluster",
            "module.ecs.aws_ecs_service.service",
            "module.ecs.aws_ecs_task_definition.app_task",
            "module.ecs.aws_iam_role.ecs_execution_role",
            "module.ecs.aws_iam_role.ecs_task_role",
            "module.ecs.aws_secretsmanager_secret.envs",
            "module.ecs.aws_secretsmanager_secret.my_secrets",
            "module.ecs.aws_security_group.ecs_tasks_sg",
            "module.ecs.random_id.random",
            "module.load_balancer.aws_acm_certificate.ssl_cert",
            "module.load_balancer.aws_acm_certificate.ssl_san_cert",
            "module.load_balancer.aws_acm_certificate_validation.ssl_cert_validation",
            "module.load_balancer.aws_acm_certificate_validation.ssl_san_cert_validation",
            "module.load_balancer.aws_eip.nat",
            "module.load_balancer.aws_internet_gateway.igw",
            "module.load_balancer.aws_lb.alb",
            "module.load_balancer.aws_lb_listener.http",
            "module.load_balancer.aws_lb_listener.https",
            "module.load_balancer.aws_lb_listener.https_root_redirect",
            "module.load_balancer.aws_lb_listener_rule.redirect_rule",
            "module.load_balancer.aws_lb_listener_rule.rule",
            "module.load_balancer.aws_lb_listener_rule.www_rule",
            "module.load_balancer.aws_lb_target_group.tg",
            "module.load_balancer.aws_nat_gateway.nat_gw",
            "module.load_balancer.aws_route.private_nat_gw",
            "module.load_balancer.aws_route53_record.cert_validation",
            "module.load_balancer.aws_route53_record.root_alias",
            "module.load_balancer.aws_route53_record.root_cname",
            "module.load_balancer.aws_route53_record.san_cert_validation",
            "module.load_balancer.aws_route53_record.www_cname",
            "module.load_balancer.aws_route_table.private",
            "module.load_balancer.aws_route_table.public",
            "module.load_balancer.aws_route_table_association.private",
            "module.load_balancer.aws_route_table_association.public",
            "module.load_balancer.aws_s3_bucket.alb_access_logs",
            "module.load_balancer.aws_s3_bucket_policy.alb_access_logs_policy",
            "module.load_balancer.aws_security_group.alb_sg",
            "module.load_balancer.aws_subnet.private",
            "module.load_balancer.aws_subnet.public",
            "module.load_balancer.aws_vpc.main",
            "module.load_balancer.aws_vpc_endpoint.s3",
            "module.load_balancer.data.aws_availability_zones.available",
            "module.load_balancer.data.aws_caller_identity.current",
            "module.load_balancer.random_id.random"
          ]
        }
      ]
    },
    {
      "module": "module.ecr",
      "mode": "managed",
      "type": "aws_iam_role_policy_attachment",
      "name": "codepipeline_policy_attachment",
      "provider": "provider[\"registry.terraform.io/hashicorp/aws\"]",
      "instances": [
        {
          "schema_version": 0,
          "attributes": {
            "id": "dev-amplifygenai-service-ee7845bfa5eed80b-codepipeline-role-20240822074055868300000008",
            "policy_arn": "arn:aws:iam::008971661410:policy/dev-amplifygenai-service-ee7845bfa5eed80b-codepipeline-policy",
            "role": "dev-amplifygenai-service-ee7845bfa5eed80b-codepipeline-role"
          },
          "sensitive_attributes": [],
          "private": "bnVsbA==",
          "dependencies": [
            "module.ecr.aws_ecr_repository.app_repository",
            "module.ecr.aws_iam_policy.codepipeline_policy",
            "module.ecr.aws_iam_role.codepipeline_role",
            "module.ecr.aws_s3_bucket.codepipeline_artifacts",
            "module.ecs.aws_cloudwatch_log_group.ecs_log_group",
            "module.ecs.aws_ecs_cluster.cluster",
            "module.ecs.aws_ecs_service.service",
            "module.ecs.aws_ecs_task_definition.app_task",
            "module.ecs.aws_iam_role.ecs_execution_role",
            "module.ecs.aws_iam_role.ecs_task_role",
            "module.ecs.aws_secretsmanager_secret.envs",
            "module.ecs.aws_secretsmanager_secret.my_secrets",
            "module.ecs.aws_security_group.ecs_tasks_sg",
            "module.ecs.random_id.random",
            "module.load_balancer.aws_acm_certificate.ssl_cert",
            "module.load_balancer.aws_acm_certificate.ssl_san_cert",
            "module.load_balancer.aws_acm_certificate_validation.ssl_cert_validation",
            "module.load_balancer.aws_acm_certificate_validation.ssl_san_cert_validation",
            "module.load_balancer.aws_eip.nat",
            "module.load_balancer.aws_internet_gateway.igw",
            "module.load_balancer.aws_lb.alb",
            "module.load_balancer.aws_lb_listener.http",
            "module.load_balancer.aws_lb_listener.https",
            "module.load_balancer.aws_lb_listener.https_root_redirect",
            "module.load_balancer.aws_lb_listener_rule.redirect_rule",
            "module.load_balancer.aws_lb_listener_rule.rule",
            "module.load_balancer.aws_lb_listener_rule.www_rule",
            "module.load_balancer.aws_lb_target_group.tg",
            "module.load_balancer.aws_nat_gateway.nat_gw",
            "module.load_balancer.aws_route.private_nat_gw",
            "module.load_balancer.aws_route53_record.cert_validation",
            "module.load_balancer.aws_route53_record.root_alias",
            "module.load_balancer.aws_route53_record.root_cname",
            "module.load_balancer.aws_route53_record.san_cert_validation",
            "module.load_balancer.aws_route53_record.www_cname",
            "module.load_balancer.aws_route_table.private",
            "module.load_balancer.aws_route_table.public",
            "module.load_balancer.aws_route_table_association.private",
            "module.load_balancer.aws_route_table_association.public",
            "module.load_balancer.aws_s3_bucket.alb_access_logs",
            "module.load_balancer.aws_s3_bucket_policy.alb_access_logs_policy",
            "module.load_balancer.aws_security_group.alb_sg",
            "module.load_balancer.aws_subnet.private",
            "module.load_balancer.aws_subnet.public",
            "module.load_balancer.aws_vpc.main",
            "module.load_balancer.aws_vpc_endpoint.s3",
            "module.load_balancer.data.aws_availability_zones.available",
            "module.load_balancer.data.aws_caller_identity.current",
            "module.load_balancer.random_id.random"
          ]
        }
      ]
    },
    {
      "module": "module.ecr",
      "mode": "managed",
      "type": "aws_s3_bucket",
      "name": "access_logs",
      "provider": "provider[\"registry.terraform.io/hashicorp/aws\"]",
      "instances": [
        {
          "schema_version": 0,
          "attributes": {
            "acceleration_status": "",
            "acl": null,
            "arn": "arn:aws:s3:::dev-amplifygenai-service-ee7845bfa5eed80b-s3-access-logs",
            "bucket": "dev-amplifygenai-service-ee7845bfa5eed80b-s3-access-logs",
            "bucket_domain_name": "dev-amplifygenai-service-ee7845bfa5eed80b-s3-access-logs.s3.amazonaws.com",
            "bucket_prefix": "",
            "bucket_regional_domain_name": "dev-amplifygenai-service-ee7845bfa5eed80b-s3-access-logs.s3.us-east-1.amazonaws.com",
            "cors_rule": [],
            "force_destroy": true,
            "grant": [
              {
                "id": "4ed7c042f55bd685544a71ed32d2b43339308fd7632aa1cced4c44dd673881e6",
                "permissions": [
                  "FULL_CONTROL"
                ],
                "type": "CanonicalUser",
                "uri": ""
              }
            ],
            "hosted_zone_id": "Z3AQBSTGFYJSTF",
            "id": "dev-amplifygenai-service-ee7845bfa5eed80b-s3-access-logs",
            "lifecycle_rule": [],
            "logging": [],
            "object_lock_configuration": [],
            "object_lock_enabled": false,
            "policy": "{\"Statement\":[{\"Action\":\"s3:PutObject\",\"Effect\":\"Allow\",\"Principal\":{\"Service\":\"logging.s3.amazonaws.com\"},\"Resource\":\"arn:aws:s3:::dev-amplifygenai-service-ee7845bfa5eed80b-s3-access-logs/*\"}],\"Version\":\"2012-10-17\"}",
            "region": "us-east-1",
            "replication_configuration": [],
            "request_payer": "BucketOwner",
            "server_side_encryption_configuration": [
              {
                "rule": [
                  {
                    "apply_server_side_encryption_by_default": [
                      {
                        "kms_master_key_id": "",
                        "sse_algorithm": "AES256"
                      }
                    ],
                    "bucket_key_enabled": false
                  }
                ]
              }
            ],
            "tags": {},
            "tags_all": {},
            "timeouts": null,
            "versioning": [
              {
                "enabled": false,
                "mfa_delete": false
              }
            ],
            "website": [],
            "website_domain": null,
            "website_endpoint": null
          },
          "sensitive_attributes": [],
          "private": "eyJlMmJmYjczMC1lY2FhLTExZTYtOGY4OC0zNDM2M2JjN2M0YzAiOnsiY3JlYXRlIjoxMjAwMDAwMDAwMDAwLCJkZWxldGUiOjM2MDAwMDAwMDAwMDAsInJlYWQiOjEyMDAwMDAwMDAwMDAsInVwZGF0ZSI6MTIwMDAwMDAwMDAwMH19",
          "dependencies": [
            "module.ecr.aws_ecr_repository.app_repository",
            "module.ecs.aws_cloudwatch_log_group.ecs_log_group",
            "module.ecs.aws_ecs_cluster.cluster",
            "module.ecs.aws_ecs_service.service",
            "module.ecs.aws_ecs_task_definition.app_task",
            "module.ecs.aws_iam_role.ecs_execution_role",
            "module.ecs.aws_iam_role.ecs_task_role",
            "module.ecs.aws_secretsmanager_secret.envs",
            "module.ecs.aws_secretsmanager_secret.my_secrets",
            "module.ecs.aws_security_group.ecs_tasks_sg",
            "module.ecs.random_id.random",
            "module.load_balancer.aws_acm_certificate.ssl_cert",
            "module.load_balancer.aws_acm_certificate.ssl_san_cert",
            "module.load_balancer.aws_acm_certificate_validation.ssl_cert_validation",
            "module.load_balancer.aws_acm_certificate_validation.ssl_san_cert_validation",
            "module.load_balancer.aws_eip.nat",
            "module.load_balancer.aws_internet_gateway.igw",
            "module.load_balancer.aws_lb.alb",
            "module.load_balancer.aws_lb_listener.http",
            "module.load_balancer.aws_lb_listener.https",
            "module.load_balancer.aws_lb_listener.https_root_redirect",
            "module.load_balancer.aws_lb_listener_rule.redirect_rule",
            "module.load_balancer.aws_lb_listener_rule.rule",
            "module.load_balancer.aws_lb_listener_rule.www_rule",
            "module.load_balancer.aws_lb_target_group.tg",
            "module.load_balancer.aws_nat_gateway.nat_gw",
            "module.load_balancer.aws_route.private_nat_gw",
            "module.load_balancer.aws_route53_record.cert_validation",
            "module.load_balancer.aws_route53_record.root_alias",
            "module.load_balancer.aws_route53_record.root_cname",
            "module.load_balancer.aws_route53_record.san_cert_validation",
            "module.load_balancer.aws_route53_record.www_cname",
            "module.load_balancer.aws_route_table.private",
            "module.load_balancer.aws_route_table.public",
            "module.load_balancer.aws_route_table_association.private",
            "module.load_balancer.aws_route_table_association.public",
            "module.load_balancer.aws_s3_bucket.alb_access_logs",
            "module.load_balancer.aws_s3_bucket_policy.alb_access_logs_policy",
            "module.load_balancer.aws_security_group.alb_sg",
            "module.load_balancer.aws_subnet.private",
            "module.load_balancer.aws_subnet.public",
            "module.load_balancer.aws_vpc.main",
            "module.load_balancer.aws_vpc_endpoint.s3",
            "module.load_balancer.data.aws_availability_zones.available",
            "module.load_balancer.data.aws_caller_identity.current",
            "module.load_balancer.random_id.random"
          ]
        }
      ]
    },
    {
      "module": "module.ecr",
      "mode": "managed",
      "type": "aws_s3_bucket",
      "name": "codepipeline_artifacts",
      "provider": "provider[\"registry.terraform.io/hashicorp/aws\"]",
      "instances": [
        {
          "schema_version": 0,
          "attributes": {
            "acceleration_status": "",
            "acl": null,
            "arn": "arn:aws:s3:::dev-amplifygenai-service-ee7845bfa5eed80b-cp-artifacts",
            "bucket": "dev-amplifygenai-service-ee7845bfa5eed80b-cp-artifacts",
            "bucket_domain_name": "dev-amplifygenai-service-ee7845bfa5eed80b-cp-artifacts.s3.amazonaws.com",
            "bucket_prefix": "",
            "bucket_regional_domain_name": "dev-amplifygenai-service-ee7845bfa5eed80b-cp-artifacts.s3.us-east-1.amazonaws.com",
            "cors_rule": [],
            "force_destroy": true,
            "grant": [
              {
                "id": "4ed7c042f55bd685544a71ed32d2b43339308fd7632aa1cced4c44dd673881e6",
                "permissions": [
                  "FULL_CONTROL"
                ],
                "type": "CanonicalUser",
                "uri": ""
              }
            ],
            "hosted_zone_id": "Z3AQBSTGFYJSTF",
            "id": "dev-amplifygenai-service-ee7845bfa5eed80b-cp-artifacts",
            "lifecycle_rule": [],
            "logging": [
              {
                "target_bucket": "dev-amplifygenai-service-ee7845bfa5eed80b-s3-access-logs",
                "target_prefix": "log/"
              }
            ],
            "object_lock_configuration": [],
            "object_lock_enabled": false,
            "policy": "{\"Statement\":[{\"Action\":\"s3:GetObject\",\"Effect\":\"Allow\",\"Principal\":{\"AWS\":\"*\"},\"Resource\":\"arn:aws:s3:::dev-amplifygenai-service-ee7845bfa5eed80b-cp-artifacts/*\"}],\"Version\":\"2012-10-17\"}",
            "region": "us-east-1",
            "replication_configuration": [],
            "request_payer": "BucketOwner",
            "server_side_encryption_configuration": [
              {
                "rule": [
                  {
                    "apply_server_side_encryption_by_default": [
                      {
                        "kms_master_key_id": "",
                        "sse_algorithm": "AES256"
                      }
                    ],
                    "bucket_key_enabled": false
                  }
                ]
              }
            ],
            "tags": {},
            "tags_all": {},
            "timeouts": null,
            "versioning": [
              {
                "enabled": false,
                "mfa_delete": false
              }
            ],
            "website": [],
            "website_domain": null,
            "website_endpoint": null
          },
          "sensitive_attributes": [],
          "private": "eyJlMmJmYjczMC1lY2FhLTExZTYtOGY4OC0zNDM2M2JjN2M0YzAiOnsiY3JlYXRlIjoxMjAwMDAwMDAwMDAwLCJkZWxldGUiOjM2MDAwMDAwMDAwMDAsInJlYWQiOjEyMDAwMDAwMDAwMDAsInVwZGF0ZSI6MTIwMDAwMDAwMDAwMH19",
          "dependencies": [
            "module.ecr.aws_ecr_repository.app_repository",
            "module.ecs.aws_cloudwatch_log_group.ecs_log_group",
            "module.ecs.aws_ecs_cluster.cluster",
            "module.ecs.aws_ecs_service.service",
            "module.ecs.aws_ecs_task_definition.app_task",
            "module.ecs.aws_iam_role.ecs_execution_role",
            "module.ecs.aws_iam_role.ecs_task_role",
            "module.ecs.aws_secretsmanager_secret.envs",
            "module.ecs.aws_secretsmanager_secret.my_secrets",
            "module.ecs.aws_security_group.ecs_tasks_sg",
            "module.ecs.random_id.random",
            "module.load_balancer.aws_acm_certificate.ssl_cert",
            "module.load_balancer.aws_acm_certificate.ssl_san_cert",
            "module.load_balancer.aws_acm_certificate_validation.ssl_cert_validation",
            "module.load_balancer.aws_acm_certificate_validation.ssl_san_cert_validation",
            "module.load_balancer.aws_eip.nat",
            "module.load_balancer.aws_internet_gateway.igw",
            "module.load_balancer.aws_lb.alb",
            "module.load_balancer.aws_lb_listener.http",
            "module.load_balancer.aws_lb_listener.https",
            "module.load_balancer.aws_lb_listener.https_root_redirect",
            "module.load_balancer.aws_lb_listener_rule.redirect_rule",
            "module.load_balancer.aws_lb_listener_rule.rule",
            "module.load_balancer.aws_lb_listener_rule.www_rule",
            "module.load_balancer.aws_lb_target_group.tg",
            "module.load_balancer.aws_nat_gateway.nat_gw",
            "module.load_balancer.aws_route.private_nat_gw",
            "module.load_balancer.aws_route53_record.cert_validation",
            "module.load_balancer.aws_route53_record.root_alias",
            "module.load_balancer.aws_route53_record.root_cname",
            "module.load_balancer.aws_route53_record.san_cert_validation",
            "module.load_balancer.aws_route53_record.www_cname",
            "module.load_balancer.aws_route_table.private",
            "module.load_balancer.aws_route_table.public",
            "module.load_balancer.aws_route_table_association.private",
            "module.load_balancer.aws_route_table_association.public",
            "module.load_balancer.aws_s3_bucket.alb_access_logs",
            "module.load_balancer.aws_s3_bucket_policy.alb_access_logs_policy",
            "module.load_balancer.aws_security_group.alb_sg",
            "module.load_balancer.aws_subnet.private",
            "module.load_balancer.aws_subnet.public",
            "module.load_balancer.aws_vpc.main",
            "module.load_balancer.aws_vpc_endpoint.s3",
            "module.load_balancer.data.aws_availability_zones.available",
            "module.load_balancer.data.aws_caller_identity.current",
            "module.load_balancer.random_id.random"
          ]
        }
      ]
    },
    {
      "module": "module.ecr",
      "mode": "managed",
      "type": "aws_s3_bucket_logging",
      "name": "codepipeline_artifacts_logging",
      "provider": "provider[\"registry.terraform.io/hashicorp/aws\"]",
      "instances": [
        {
          "schema_version": 0,
          "attributes": {
            "bucket": "dev-amplifygenai-service-ee7845bfa5eed80b-cp-artifacts",
            "expected_bucket_owner": "",
            "id": "dev-amplifygenai-service-ee7845bfa5eed80b-cp-artifacts",
            "target_bucket": "dev-amplifygenai-service-ee7845bfa5eed80b-s3-access-logs",
            "target_grant": [],
            "target_prefix": "log/"
          },
          "sensitive_attributes": [],
          "private": "bnVsbA==",
          "dependencies": [
            "module.ecr.aws_ecr_repository.app_repository",
            "module.ecr.aws_s3_bucket.access_logs",
            "module.ecr.aws_s3_bucket.codepipeline_artifacts",
            "module.ecs.aws_cloudwatch_log_group.ecs_log_group",
            "module.ecs.aws_ecs_cluster.cluster",
            "module.ecs.aws_ecs_service.service",
            "module.ecs.aws_ecs_task_definition.app_task",
            "module.ecs.aws_iam_role.ecs_execution_role",
            "module.ecs.aws_iam_role.ecs_task_role",
            "module.ecs.aws_secretsmanager_secret.envs",
            "module.ecs.aws_secretsmanager_secret.my_secrets",
            "module.ecs.aws_security_group.ecs_tasks_sg",
            "module.ecs.random_id.random",
            "module.load_balancer.aws_acm_certificate.ssl_cert",
            "module.load_balancer.aws_acm_certificate.ssl_san_cert",
            "module.load_balancer.aws_acm_certificate_validation.ssl_cert_validation",
            "module.load_balancer.aws_acm_certificate_validation.ssl_san_cert_validation",
            "module.load_balancer.aws_eip.nat",
            "module.load_balancer.aws_internet_gateway.igw",
            "module.load_balancer.aws_lb.alb",
            "module.load_balancer.aws_lb_listener.http",
            "module.load_balancer.aws_lb_listener.https",
            "module.load_balancer.aws_lb_listener.https_root_redirect",
            "module.load_balancer.aws_lb_listener_rule.redirect_rule",
            "module.load_balancer.aws_lb_listener_rule.rule",
            "module.load_balancer.aws_lb_listener_rule.www_rule",
            "module.load_balancer.aws_lb_target_group.tg",
            "module.load_balancer.aws_nat_gateway.nat_gw",
            "module.load_balancer.aws_route.private_nat_gw",
            "module.load_balancer.aws_route53_record.cert_validation",
            "module.load_balancer.aws_route53_record.root_alias",
            "module.load_balancer.aws_route53_record.root_cname",
            "module.load_balancer.aws_route53_record.san_cert_validation",
            "module.load_balancer.aws_route53_record.www_cname",
            "module.load_balancer.aws_route_table.private",
            "module.load_balancer.aws_route_table.public",
            "module.load_balancer.aws_route_table_association.private",
            "module.load_balancer.aws_route_table_association.public",
            "module.load_balancer.aws_s3_bucket.alb_access_logs",
            "module.load_balancer.aws_s3_bucket_policy.alb_access_logs_policy",
            "module.load_balancer.aws_security_group.alb_sg",
            "module.load_balancer.aws_subnet.private",
            "module.load_balancer.aws_subnet.public",
            "module.load_balancer.aws_vpc.main",
            "module.load_balancer.aws_vpc_endpoint.s3",
            "module.load_balancer.data.aws_availability_zones.available",
            "module.load_balancer.data.aws_caller_identity.current",
            "module.load_balancer.random_id.random"
          ]
        }
      ]
    },
    {
      "module": "module.ecr",
      "mode": "managed",
      "type": "aws_s3_bucket_policy",
      "name": "access_logs_policy",
      "provider": "provider[\"registry.terraform.io/hashicorp/aws\"]",
      "instances": [
        {
          "schema_version": 0,
          "attributes": {
            "bucket": "dev-amplifygenai-service-ee7845bfa5eed80b-s3-access-logs",
            "id": "dev-amplifygenai-service-ee7845bfa5eed80b-s3-access-logs",
            "policy": "{\"Statement\":[{\"Action\":\"s3:PutObject\",\"Effect\":\"Allow\",\"Principal\":{\"Service\":\"logging.s3.amazonaws.com\"},\"Resource\":\"arn:aws:s3:::dev-amplifygenai-service-ee7845bfa5eed80b-s3-access-logs/*\"}],\"Version\":\"2012-10-17\"}"
          },
          "sensitive_attributes": [],
          "private": "bnVsbA==",
          "dependencies": [
            "module.ecr.aws_ecr_repository.app_repository",
            "module.ecr.aws_s3_bucket.access_logs",
            "module.ecs.aws_cloudwatch_log_group.ecs_log_group",
            "module.ecs.aws_ecs_cluster.cluster",
            "module.ecs.aws_ecs_service.service",
            "module.ecs.aws_ecs_task_definition.app_task",
            "module.ecs.aws_iam_role.ecs_execution_role",
            "module.ecs.aws_iam_role.ecs_task_role",
            "module.ecs.aws_secretsmanager_secret.envs",
            "module.ecs.aws_secretsmanager_secret.my_secrets",
            "module.ecs.aws_security_group.ecs_tasks_sg",
            "module.ecs.random_id.random",
            "module.load_balancer.aws_acm_certificate.ssl_cert",
            "module.load_balancer.aws_acm_certificate.ssl_san_cert",
            "module.load_balancer.aws_acm_certificate_validation.ssl_cert_validation",
            "module.load_balancer.aws_acm_certificate_validation.ssl_san_cert_validation",
            "module.load_balancer.aws_eip.nat",
            "module.load_balancer.aws_internet_gateway.igw",
            "module.load_balancer.aws_lb.alb",
            "module.load_balancer.aws_lb_listener.http",
            "module.load_balancer.aws_lb_listener.https",
            "module.load_balancer.aws_lb_listener.https_root_redirect",
            "module.load_balancer.aws_lb_listener_rule.redirect_rule",
            "module.load_balancer.aws_lb_listener_rule.rule",
            "module.load_balancer.aws_lb_listener_rule.www_rule",
            "module.load_balancer.aws_lb_target_group.tg",
            "module.load_balancer.aws_nat_gateway.nat_gw",
            "module.load_balancer.aws_route.private_nat_gw",
            "module.load_balancer.aws_route53_record.cert_validation",
            "module.load_balancer.aws_route53_record.root_alias",
            "module.load_balancer.aws_route53_record.root_cname",
            "module.load_balancer.aws_route53_record.san_cert_validation",
            "module.load_balancer.aws_route53_record.www_cname",
            "module.load_balancer.aws_route_table.private",
            "module.load_balancer.aws_route_table.public",
            "module.load_balancer.aws_route_table_association.private",
            "module.load_balancer.aws_route_table_association.public",
            "module.load_balancer.aws_s3_bucket.alb_access_logs",
            "module.load_balancer.aws_s3_bucket_policy.alb_access_logs_policy",
            "module.load_balancer.aws_security_group.alb_sg",
            "module.load_balancer.aws_subnet.private",
            "module.load_balancer.aws_subnet.public",
            "module.load_balancer.aws_vpc.main",
            "module.load_balancer.aws_vpc_endpoint.s3",
            "module.load_balancer.data.aws_availability_zones.available",
            "module.load_balancer.data.aws_caller_identity.current",
            "module.load_balancer.random_id.random"
          ]
        }
      ]
    },
    {
      "module": "module.ecr",
      "mode": "managed",
      "type": "aws_s3_bucket_policy",
      "name": "codepipeline_artifacts_policy",
      "provider": "provider[\"registry.terraform.io/hashicorp/aws\"]",
      "instances": [
        {
          "schema_version": 0,
          "attributes": {
            "bucket": "dev-amplifygenai-service-ee7845bfa5eed80b-cp-artifacts",
            "id": "dev-amplifygenai-service-ee7845bfa5eed80b-cp-artifacts",
            "policy": "{\"Statement\":[{\"Action\":\"s3:GetObject\",\"Effect\":\"Allow\",\"Principal\":{\"AWS\":\"*\"},\"Resource\":\"arn:aws:s3:::dev-amplifygenai-service-ee7845bfa5eed80b-cp-artifacts/*\"}],\"Version\":\"2012-10-17\"}"
          },
          "sensitive_attributes": [],
          "private": "bnVsbA==",
          "dependencies": [
            "module.ecr.aws_ecr_repository.app_repository",
            "module.ecr.aws_s3_bucket.codepipeline_artifacts",
            "module.ecs.aws_cloudwatch_log_group.ecs_log_group",
            "module.ecs.aws_ecs_cluster.cluster",
            "module.ecs.aws_ecs_service.service",
            "module.ecs.aws_ecs_task_definition.app_task",
            "module.ecs.aws_iam_role.ecs_execution_role",
            "module.ecs.aws_iam_role.ecs_task_role",
            "module.ecs.aws_secretsmanager_secret.envs",
            "module.ecs.aws_secretsmanager_secret.my_secrets",
            "module.ecs.aws_security_group.ecs_tasks_sg",
            "module.ecs.random_id.random",
            "module.load_balancer.aws_acm_certificate.ssl_cert",
            "module.load_balancer.aws_acm_certificate.ssl_san_cert",
            "module.load_balancer.aws_acm_certificate_validation.ssl_cert_validation",
            "module.load_balancer.aws_acm_certificate_validation.ssl_san_cert_validation",
            "module.load_balancer.aws_eip.nat",
            "module.load_balancer.aws_internet_gateway.igw",
            "module.load_balancer.aws_lb.alb",
            "module.load_balancer.aws_lb_listener.http",
            "module.load_balancer.aws_lb_listener.https",
            "module.load_balancer.aws_lb_listener.https_root_redirect",
            "module.load_balancer.aws_lb_listener_rule.redirect_rule",
            "module.load_balancer.aws_lb_listener_rule.rule",
            "module.load_balancer.aws_lb_listener_rule.www_rule",
            "module.load_balancer.aws_lb_target_group.tg",
            "module.load_balancer.aws_nat_gateway.nat_gw",
            "module.load_balancer.aws_route.private_nat_gw",
            "module.load_balancer.aws_route53_record.cert_validation",
            "module.load_balancer.aws_route53_record.root_alias",
            "module.load_balancer.aws_route53_record.root_cname",
            "module.load_balancer.aws_route53_record.san_cert_validation",
            "module.load_balancer.aws_route53_record.www_cname",
            "module.load_balancer.aws_route_table.private",
            "module.load_balancer.aws_route_table.public",
            "module.load_balancer.aws_route_table_association.private",
            "module.load_balancer.aws_route_table_association.public",
            "module.load_balancer.aws_s3_bucket.alb_access_logs",
            "module.load_balancer.aws_s3_bucket_policy.alb_access_logs_policy",
            "module.load_balancer.aws_security_group.alb_sg",
            "module.load_balancer.aws_subnet.private",
            "module.load_balancer.aws_subnet.public",
            "module.load_balancer.aws_vpc.main",
            "module.load_balancer.aws_vpc_endpoint.s3",
            "module.load_balancer.data.aws_availability_zones.available",
            "module.load_balancer.data.aws_caller_identity.current",
            "module.load_balancer.random_id.random"
          ]
        }
      ]
    },
    {
      "module": "module.ecr",
      "mode": "managed",
      "type": "aws_s3_bucket_public_access_block",
      "name": "access_logs",
      "provider": "provider[\"registry.terraform.io/hashicorp/aws\"]",
      "instances": [
        {
          "schema_version": 0,
          "attributes": {
            "block_public_acls": false,
            "block_public_policy": false,
            "bucket": "dev-amplifygenai-service-ee7845bfa5eed80b-s3-access-logs",
            "id": "dev-amplifygenai-service-ee7845bfa5eed80b-s3-access-logs",
            "ignore_public_acls": false,
            "restrict_public_buckets": false
          },
          "sensitive_attributes": [],
          "private": "bnVsbA==",
          "dependencies": [
            "module.ecr.aws_ecr_repository.app_repository",
            "module.ecr.aws_s3_bucket.access_logs",
            "module.ecs.aws_cloudwatch_log_group.ecs_log_group",
            "module.ecs.aws_ecs_cluster.cluster",
            "module.ecs.aws_ecs_service.service",
            "module.ecs.aws_ecs_task_definition.app_task",
            "module.ecs.aws_iam_role.ecs_execution_role",
            "module.ecs.aws_iam_role.ecs_task_role",
            "module.ecs.aws_secretsmanager_secret.envs",
            "module.ecs.aws_secretsmanager_secret.my_secrets",
            "module.ecs.aws_security_group.ecs_tasks_sg",
            "module.ecs.random_id.random",
            "module.load_balancer.aws_acm_certificate.ssl_cert",
            "module.load_balancer.aws_acm_certificate.ssl_san_cert",
            "module.load_balancer.aws_acm_certificate_validation.ssl_cert_validation",
            "module.load_balancer.aws_acm_certificate_validation.ssl_san_cert_validation",
            "module.load_balancer.aws_eip.nat",
            "module.load_balancer.aws_internet_gateway.igw",
            "module.load_balancer.aws_lb.alb",
            "module.load_balancer.aws_lb_listener.http",
            "module.load_balancer.aws_lb_listener.https",
            "module.load_balancer.aws_lb_listener.https_root_redirect",
            "module.load_balancer.aws_lb_listener_rule.redirect_rule",
            "module.load_balancer.aws_lb_listener_rule.rule",
            "module.load_balancer.aws_lb_listener_rule.www_rule",
            "module.load_balancer.aws_lb_target_group.tg",
            "module.load_balancer.aws_nat_gateway.nat_gw",
            "module.load_balancer.aws_route.private_nat_gw",
            "module.load_balancer.aws_route53_record.cert_validation",
            "module.load_balancer.aws_route53_record.root_alias",
            "module.load_balancer.aws_route53_record.root_cname",
            "module.load_balancer.aws_route53_record.san_cert_validation",
            "module.load_balancer.aws_route53_record.www_cname",
            "module.load_balancer.aws_route_table.private",
            "module.load_balancer.aws_route_table.public",
            "module.load_balancer.aws_route_table_association.private",
            "module.load_balancer.aws_route_table_association.public",
            "module.load_balancer.aws_s3_bucket.alb_access_logs",
            "module.load_balancer.aws_s3_bucket_policy.alb_access_logs_policy",
            "module.load_balancer.aws_security_group.alb_sg",
            "module.load_balancer.aws_subnet.private",
            "module.load_balancer.aws_subnet.public",
            "module.load_balancer.aws_vpc.main",
            "module.load_balancer.aws_vpc_endpoint.s3",
            "module.load_balancer.data.aws_availability_zones.available",
            "module.load_balancer.data.aws_caller_identity.current",
            "module.load_balancer.random_id.random"
          ]
        }
      ]
    },
    {
      "module": "module.ecr",
      "mode": "managed",
      "type": "aws_s3_bucket_public_access_block",
      "name": "codepipeline_artifacts",
      "provider": "provider[\"registry.terraform.io/hashicorp/aws\"]",
      "instances": [
        {
          "schema_version": 0,
          "attributes": {
            "block_public_acls": false,
            "block_public_policy": false,
            "bucket": "dev-amplifygenai-service-ee7845bfa5eed80b-cp-artifacts",
            "id": "dev-amplifygenai-service-ee7845bfa5eed80b-cp-artifacts",
            "ignore_public_acls": false,
            "restrict_public_buckets": false
          },
          "sensitive_attributes": [],
          "private": "bnVsbA==",
          "dependencies": [
            "module.ecr.aws_ecr_repository.app_repository",
            "module.ecr.aws_s3_bucket.codepipeline_artifacts",
            "module.ecs.aws_cloudwatch_log_group.ecs_log_group",
            "module.ecs.aws_ecs_cluster.cluster",
            "module.ecs.aws_ecs_service.service",
            "module.ecs.aws_ecs_task_definition.app_task",
            "module.ecs.aws_iam_role.ecs_execution_role",
            "module.ecs.aws_iam_role.ecs_task_role",
            "module.ecs.aws_secretsmanager_secret.envs",
            "module.ecs.aws_secretsmanager_secret.my_secrets",
            "module.ecs.aws_security_group.ecs_tasks_sg",
            "module.ecs.random_id.random",
            "module.load_balancer.aws_acm_certificate.ssl_cert",
            "module.load_balancer.aws_acm_certificate.ssl_san_cert",
            "module.load_balancer.aws_acm_certificate_validation.ssl_cert_validation",
            "module.load_balancer.aws_acm_certificate_validation.ssl_san_cert_validation",
            "module.load_balancer.aws_eip.nat",
            "module.load_balancer.aws_internet_gateway.igw",
            "module.load_balancer.aws_lb.alb",
            "module.load_balancer.aws_lb_listener.http",
            "module.load_balancer.aws_lb_listener.https",
            "module.load_balancer.aws_lb_listener.https_root_redirect",
            "module.load_balancer.aws_lb_listener_rule.redirect_rule",
            "module.load_balancer.aws_lb_listener_rule.rule",
            "module.load_balancer.aws_lb_listener_rule.www_rule",
            "module.load_balancer.aws_lb_target_group.tg",
            "module.load_balancer.aws_nat_gateway.nat_gw",
            "module.load_balancer.aws_route.private_nat_gw",
            "module.load_balancer.aws_route53_record.cert_validation",
            "module.load_balancer.aws_route53_record.root_alias",
            "module.load_balancer.aws_route53_record.root_cname",
            "module.load_balancer.aws_route53_record.san_cert_validation",
            "module.load_balancer.aws_route53_record.www_cname",
            "module.load_balancer.aws_route_table.private",
            "module.load_balancer.aws_route_table.public",
            "module.load_balancer.aws_route_table_association.private",
            "module.load_balancer.aws_route_table_association.public",
            "module.load_balancer.aws_s3_bucket.alb_access_logs",
            "module.load_balancer.aws_s3_bucket_policy.alb_access_logs_policy",
            "module.load_balancer.aws_security_group.alb_sg",
            "module.load_balancer.aws_subnet.private",
            "module.load_balancer.aws_subnet.public",
            "module.load_balancer.aws_vpc.main",
            "module.load_balancer.aws_vpc_endpoint.s3",
            "module.load_balancer.data.aws_availability_zones.available",
            "module.load_balancer.data.aws_caller_identity.current",
            "module.load_balancer.random_id.random"
          ]
        }
      ]
    },
    {
      "module": "module.ecr",
      "mode": "managed",
      "type": "random_id",
      "name": "random",
      "provider": "provider[\"registry.terraform.io/hashicorp/random\"]",
      "instances": [
        {
          "schema_version": 0,
          "attributes": {
            "b64_std": "8BI8l99TBjo=",
            "b64_url": "8BI8l99TBjo",
            "byte_length": 8,
            "dec": "17298955741667984954",
            "hex": "f0123c97df53063a",
            "id": "8BI8l99TBjo",
            "keepers": null,
            "prefix": null
          },
          "sensitive_attributes": []
        }
      ]
    },
    {
      "module": "module.ecs",
      "mode": "managed",
      "type": "aws_appautoscaling_policy",
      "name": "scale_down",
      "provider": "provider[\"registry.terraform.io/hashicorp/aws\"]",
      "instances": [
        {
          "schema_version": 0,
          "attributes": {
            "alarm_arns": [
              "arn:aws:cloudwatch:us-east-1:008971661410:alarm:low_cpu_utilization"
            ],
            "arn": "arn:aws:autoscaling:us-east-1:008971661410:scalingPolicy:e31b5bb8-9de0-4ace-aae7-967df1959519:resource/ecs/service/dev-amplifygenai-cluster/dev-amplifygenai-service-ee7845bfa5eed80b:policyName/scale_down",
            "id": "scale_down",
            "name": "scale_down",
            "policy_type": "StepScaling",
            "resource_id": "service/dev-amplifygenai-cluster/dev-amplifygenai-service-ee7845bfa5eed80b",
            "scalable_dimension": "ecs:service:DesiredCount",
            "service_namespace": "ecs",
            "step_scaling_policy_configuration": [
              {
                "adjustment_type": "ChangeInCapacity",
                "cooldown": 300,
                "metric_aggregation_type": "Average",
                "min_adjustment_magnitude": 0,
                "step_adjustment": [
                  {
                    "metric_interval_lower_bound": "",
                    "metric_interval_upper_bound": "0",
                    "scaling_adjustment": -1
                  }
                ]
              }
            ],
            "target_tracking_scaling_policy_configuration": []
          },
          "sensitive_attributes": [],
          "private": "bnVsbA==",
          "dependencies": [
            "module.ecr.aws_ecr_repository.app_repository",
            "module.ecs.aws_appautoscaling_target.ecs_service",
            "module.ecs.aws_cloudwatch_log_group.ecs_log_group",
            "module.ecs.aws_ecs_cluster.cluster",
            "module.ecs.aws_ecs_service.service",
            "module.ecs.aws_ecs_task_definition.app_task",
            "module.ecs.aws_iam_role.ecs_execution_role",
            "module.ecs.aws_iam_role.ecs_task_role",
            "module.ecs.aws_secretsmanager_secret.envs",
            "module.ecs.aws_secretsmanager_secret.my_secrets",
            "module.ecs.aws_security_group.ecs_tasks_sg",
            "module.ecs.random_id.random",
            "module.load_balancer.aws_acm_certificate.ssl_cert",
            "module.load_balancer.aws_acm_certificate.ssl_san_cert",
            "module.load_balancer.aws_acm_certificate_validation.ssl_cert_validation",
            "module.load_balancer.aws_acm_certificate_validation.ssl_san_cert_validation",
            "module.load_balancer.aws_eip.nat",
            "module.load_balancer.aws_internet_gateway.igw",
            "module.load_balancer.aws_lb.alb",
            "module.load_balancer.aws_lb_listener.http",
            "module.load_balancer.aws_lb_listener.https",
            "module.load_balancer.aws_lb_listener.https_root_redirect",
            "module.load_balancer.aws_lb_listener_rule.redirect_rule",
            "module.load_balancer.aws_lb_listener_rule.rule",
            "module.load_balancer.aws_lb_listener_rule.www_rule",
            "module.load_balancer.aws_lb_target_group.tg",
            "module.load_balancer.aws_nat_gateway.nat_gw",
            "module.load_balancer.aws_route.private_nat_gw",
            "module.load_balancer.aws_route53_record.cert_validation",
            "module.load_balancer.aws_route53_record.root_alias",
            "module.load_balancer.aws_route53_record.root_cname",
            "module.load_balancer.aws_route53_record.san_cert_validation",
            "module.load_balancer.aws_route53_record.www_cname",
            "module.load_balancer.aws_route_table.private",
            "module.load_balancer.aws_route_table.public",
            "module.load_balancer.aws_route_table_association.private",
            "module.load_balancer.aws_route_table_association.public",
            "module.load_balancer.aws_s3_bucket.alb_access_logs",
            "module.load_balancer.aws_s3_bucket_policy.alb_access_logs_policy",
            "module.load_balancer.aws_security_group.alb_sg",
            "module.load_balancer.aws_subnet.private",
            "module.load_balancer.aws_subnet.public",
            "module.load_balancer.aws_vpc.main",
            "module.load_balancer.aws_vpc_endpoint.s3",
            "module.load_balancer.data.aws_availability_zones.available",
            "module.load_balancer.data.aws_caller_identity.current",
            "module.load_balancer.random_id.random"
          ]
        }
      ]
    },
    {
      "module": "module.ecs",
      "mode": "managed",
      "type": "aws_appautoscaling_policy",
      "name": "scale_up",
      "provider": "provider[\"registry.terraform.io/hashicorp/aws\"]",
      "instances": [
        {
          "schema_version": 0,
          "attributes": {
            "alarm_arns": [
              "arn:aws:cloudwatch:us-east-1:008971661410:alarm:high_cpu_utilization"
            ],
            "arn": "arn:aws:autoscaling:us-east-1:008971661410:scalingPolicy:e31b5bb8-9de0-4ace-aae7-967df1959519:resource/ecs/service/dev-amplifygenai-cluster/dev-amplifygenai-service-ee7845bfa5eed80b:policyName/scale_up",
            "id": "scale_up",
            "name": "scale_up",
            "policy_type": "StepScaling",
            "resource_id": "service/dev-amplifygenai-cluster/dev-amplifygenai-service-ee7845bfa5eed80b",
            "scalable_dimension": "ecs:service:DesiredCount",
            "service_namespace": "ecs",
            "step_scaling_policy_configuration": [
              {
                "adjustment_type": "ChangeInCapacity",
                "cooldown": 300,
                "metric_aggregation_type": "Average",
                "min_adjustment_magnitude": 0,
                "step_adjustment": [
                  {
                    "metric_interval_lower_bound": "0",
                    "metric_interval_upper_bound": "",
                    "scaling_adjustment": 1
                  }
                ]
              }
            ],
            "target_tracking_scaling_policy_configuration": []
          },
          "sensitive_attributes": [],
          "private": "bnVsbA==",
          "dependencies": [
            "module.ecr.aws_ecr_repository.app_repository",
            "module.ecs.aws_appautoscaling_target.ecs_service",
            "module.ecs.aws_cloudwatch_log_group.ecs_log_group",
            "module.ecs.aws_ecs_cluster.cluster",
            "module.ecs.aws_ecs_service.service",
            "module.ecs.aws_ecs_task_definition.app_task",
            "module.ecs.aws_iam_role.ecs_execution_role",
            "module.ecs.aws_iam_role.ecs_task_role",
            "module.ecs.aws_secretsmanager_secret.envs",
            "module.ecs.aws_secretsmanager_secret.my_secrets",
            "module.ecs.aws_security_group.ecs_tasks_sg",
            "module.ecs.random_id.random",
            "module.load_balancer.aws_acm_certificate.ssl_cert",
            "module.load_balancer.aws_acm_certificate.ssl_san_cert",
            "module.load_balancer.aws_acm_certificate_validation.ssl_cert_validation",
            "module.load_balancer.aws_acm_certificate_validation.ssl_san_cert_validation",
            "module.load_balancer.aws_eip.nat",
            "module.load_balancer.aws_internet_gateway.igw",
            "module.load_balancer.aws_lb.alb",
            "module.load_balancer.aws_lb_listener.http",
            "module.load_balancer.aws_lb_listener.https",
            "module.load_balancer.aws_lb_listener.https_root_redirect",
            "module.load_balancer.aws_lb_listener_rule.redirect_rule",
            "module.load_balancer.aws_lb_listener_rule.rule",
            "module.load_balancer.aws_lb_listener_rule.www_rule",
            "module.load_balancer.aws_lb_target_group.tg",
            "module.load_balancer.aws_nat_gateway.nat_gw",
            "module.load_balancer.aws_route.private_nat_gw",
            "module.load_balancer.aws_route53_record.cert_validation",
            "module.load_balancer.aws_route53_record.root_alias",
            "module.load_balancer.aws_route53_record.root_cname",
            "module.load_balancer.aws_route53_record.san_cert_validation",
            "module.load_balancer.aws_route53_record.www_cname",
            "module.load_balancer.aws_route_table.private",
            "module.load_balancer.aws_route_table.public",
            "module.load_balancer.aws_route_table_association.private",
            "module.load_balancer.aws_route_table_association.public",
            "module.load_balancer.aws_s3_bucket.alb_access_logs",
            "module.load_balancer.aws_s3_bucket_policy.alb_access_logs_policy",
            "module.load_balancer.aws_security_group.alb_sg",
            "module.load_balancer.aws_subnet.private",
            "module.load_balancer.aws_subnet.public",
            "module.load_balancer.aws_vpc.main",
            "module.load_balancer.aws_vpc_endpoint.s3",
            "module.load_balancer.data.aws_availability_zones.available",
            "module.load_balancer.data.aws_caller_identity.current",
            "module.load_balancer.random_id.random"
          ]
        }
      ]
    },
    {
      "module": "module.ecs",
      "mode": "managed",
      "type": "aws_appautoscaling_target",
      "name": "ecs_service",
      "provider": "provider[\"registry.terraform.io/hashicorp/aws\"]",
      "instances": [
        {
          "schema_version": 0,
          "attributes": {
            "arn": "arn:aws:application-autoscaling:us-east-1:008971661410:scalable-target/0ec5e31b5bb89de04aceaae7967df1959519",
            "id": "service/dev-amplifygenai-cluster/dev-amplifygenai-service-ee7845bfa5eed80b",
            "max_capacity": 5,
            "min_capacity": 1,
            "resource_id": "service/dev-amplifygenai-cluster/dev-amplifygenai-service-ee7845bfa5eed80b",
            "role_arn": "arn:aws:iam::008971661410:role/aws-service-role/ecs.application-autoscaling.amazonaws.com/AWSServiceRoleForApplicationAutoScaling_ECSService",
            "scalable_dimension": "ecs:service:DesiredCount",
            "service_namespace": "ecs",
            "tags": {},
            "tags_all": {}
          },
          "sensitive_attributes": [],
          "private": "bnVsbA==",
          "dependencies": [
            "module.ecr.aws_ecr_repository.app_repository",
            "module.ecs.aws_cloudwatch_log_group.ecs_log_group",
            "module.ecs.aws_ecs_cluster.cluster",
            "module.ecs.aws_ecs_service.service",
            "module.ecs.aws_ecs_task_definition.app_task",
            "module.ecs.aws_iam_role.ecs_execution_role",
            "module.ecs.aws_iam_role.ecs_task_role",
            "module.ecs.aws_secretsmanager_secret.envs",
            "module.ecs.aws_secretsmanager_secret.my_secrets",
            "module.ecs.aws_security_group.ecs_tasks_sg",
            "module.ecs.random_id.random",
            "module.load_balancer.aws_acm_certificate.ssl_cert",
            "module.load_balancer.aws_acm_certificate.ssl_san_cert",
            "module.load_balancer.aws_acm_certificate_validation.ssl_cert_validation",
            "module.load_balancer.aws_acm_certificate_validation.ssl_san_cert_validation",
            "module.load_balancer.aws_eip.nat",
            "module.load_balancer.aws_internet_gateway.igw",
            "module.load_balancer.aws_lb.alb",
            "module.load_balancer.aws_lb_listener.http",
            "module.load_balancer.aws_lb_listener.https",
            "module.load_balancer.aws_lb_listener.https_root_redirect",
            "module.load_balancer.aws_lb_listener_rule.redirect_rule",
            "module.load_balancer.aws_lb_listener_rule.rule",
            "module.load_balancer.aws_lb_listener_rule.www_rule",
            "module.load_balancer.aws_lb_target_group.tg",
            "module.load_balancer.aws_nat_gateway.nat_gw",
            "module.load_balancer.aws_route.private_nat_gw",
            "module.load_balancer.aws_route53_record.cert_validation",
            "module.load_balancer.aws_route53_record.root_alias",
            "module.load_balancer.aws_route53_record.root_cname",
            "module.load_balancer.aws_route53_record.san_cert_validation",
            "module.load_balancer.aws_route53_record.www_cname",
            "module.load_balancer.aws_route_table.private",
            "module.load_balancer.aws_route_table.public",
            "module.load_balancer.aws_route_table_association.private",
            "module.load_balancer.aws_route_table_association.public",
            "module.load_balancer.aws_s3_bucket.alb_access_logs",
            "module.load_balancer.aws_s3_bucket_policy.alb_access_logs_policy",
            "module.load_balancer.aws_security_group.alb_sg",
            "module.load_balancer.aws_subnet.private",
            "module.load_balancer.aws_subnet.public",
            "module.load_balancer.aws_vpc.main",
            "module.load_balancer.aws_vpc_endpoint.s3",
            "module.load_balancer.data.aws_availability_zones.available",
            "module.load_balancer.data.aws_caller_identity.current",
            "module.load_balancer.random_id.random"
          ]
        }
      ]
    },
    {
      "module": "module.ecs",
      "mode": "managed",
      "type": "aws_cloudwatch_log_group",
      "name": "ecs_log_group",
      "provider": "provider[\"registry.terraform.io/hashicorp/aws\"]",
      "instances": [
        {
          "schema_version": 0,
          "attributes": {
            "arn": "arn:aws:logs:us-east-1:008971661410:log-group:dev-amplifygenai-loggroup",
            "id": "dev-amplifygenai-loggroup",
            "kms_key_id": "",
            "name": "dev-amplifygenai-loggroup",
            "name_prefix": "",
            "retention_in_days": 90,
            "skip_destroy": false,
            "tags": {},
            "tags_all": {}
          },
          "sensitive_attributes": [],
          "private": "bnVsbA==",
          "dependencies": [
            "module.load_balancer.aws_acm_certificate.ssl_cert",
            "module.load_balancer.aws_acm_certificate.ssl_san_cert",
            "module.load_balancer.aws_acm_certificate_validation.ssl_cert_validation",
            "module.load_balancer.aws_acm_certificate_validation.ssl_san_cert_validation",
            "module.load_balancer.aws_eip.nat",
            "module.load_balancer.aws_internet_gateway.igw",
            "module.load_balancer.aws_lb.alb",
            "module.load_balancer.aws_lb_listener.http",
            "module.load_balancer.aws_lb_listener.https",
            "module.load_balancer.aws_lb_listener.https_root_redirect",
            "module.load_balancer.aws_lb_listener_rule.redirect_rule",
            "module.load_balancer.aws_lb_listener_rule.rule",
            "module.load_balancer.aws_lb_listener_rule.www_rule",
            "module.load_balancer.aws_lb_target_group.tg",
            "module.load_balancer.aws_nat_gateway.nat_gw",
            "module.load_balancer.aws_route.private_nat_gw",
            "module.load_balancer.aws_route53_record.cert_validation",
            "module.load_balancer.aws_route53_record.root_alias",
            "module.load_balancer.aws_route53_record.root_cname",
            "module.load_balancer.aws_route53_record.san_cert_validation",
            "module.load_balancer.aws_route53_record.www_cname",
            "module.load_balancer.aws_route_table.private",
            "module.load_balancer.aws_route_table.public",
            "module.load_balancer.aws_route_table_association.private",
            "module.load_balancer.aws_route_table_association.public",
            "module.load_balancer.aws_s3_bucket.alb_access_logs",
            "module.load_balancer.aws_s3_bucket_policy.alb_access_logs_policy",
            "module.load_balancer.aws_security_group.alb_sg",
            "module.load_balancer.aws_subnet.private",
            "module.load_balancer.aws_subnet.public",
            "module.load_balancer.aws_vpc.main",
            "module.load_balancer.aws_vpc_endpoint.s3",
            "module.load_balancer.data.aws_availability_zones.available",
            "module.load_balancer.data.aws_caller_identity.current",
            "module.load_balancer.random_id.random"
          ]
        }
      ]
    },
    {
      "module": "module.ecs",
      "mode": "managed",
      "type": "aws_cloudwatch_metric_alarm",
      "name": "high_cpu",
      "provider": "provider[\"registry.terraform.io/hashicorp/aws\"]",
      "instances": [
        {
          "schema_version": 1,
          "attributes": {
            "actions_enabled": true,
            "alarm_actions": [
              "arn:aws:autoscaling:us-east-1:008971661410:scalingPolicy:e31b5bb8-9de0-4ace-aae7-967df1959519:resource/ecs/service/dev-amplifygenai-cluster/dev-amplifygenai-service-ee7845bfa5eed80b:policyName/scale_up",
              "arn:aws:sns:us-east-1:008971661410:ecs-service-alarms"
            ],
            "alarm_description": "dev-scaling down due to low CPU utilization",
            "alarm_name": "high_cpu_utilization",
            "arn": "arn:aws:cloudwatch:us-east-1:008971661410:alarm:high_cpu_utilization",
            "comparison_operator": "GreaterThanOrEqualToThreshold",
            "datapoints_to_alarm": 0,
            "dimensions": {
              "ClusterName": "dev-amplifygenai-cluster",
              "ServiceName": "dev-amplifygenai-service-ee7845bfa5eed80b"
            },
            "evaluate_low_sample_count_percentiles": "",
            "evaluation_periods": 2,
            "extended_statistic": "",
            "id": "high_cpu_utilization",
            "insufficient_data_actions": [],
            "metric_name": "CPUUtilization",
            "metric_query": [],
            "namespace": "AWS/ECS",
            "ok_actions": [],
            "period": 60,
            "statistic": "Average",
            "tags": {},
            "tags_all": {},
            "threshold": 75,
            "threshold_metric_id": "",
            "treat_missing_data": "missing",
            "unit": ""
          },
          "sensitive_attributes": [],
          "private": "eyJzY2hlbWFfdmVyc2lvbiI6IjEifQ==",
          "dependencies": [
            "module.ecr.aws_ecr_repository.app_repository",
            "module.ecs.aws_appautoscaling_policy.scale_up",
            "module.ecs.aws_appautoscaling_target.ecs_service",
            "module.ecs.aws_cloudwatch_log_group.ecs_log_group",
            "module.ecs.aws_ecs_cluster.cluster",
            "module.ecs.aws_ecs_service.service",
            "module.ecs.aws_ecs_task_definition.app_task",
            "module.ecs.aws_iam_role.ecs_execution_role",
            "module.ecs.aws_iam_role.ecs_task_role",
            "module.ecs.aws_secretsmanager_secret.envs",
            "module.ecs.aws_secretsmanager_secret.my_secrets",
            "module.ecs.aws_security_group.ecs_tasks_sg",
            "module.ecs.aws_sns_topic.ecs_alarm_notifications",
            "module.ecs.random_id.random",
            "module.load_balancer.aws_acm_certificate.ssl_cert",
            "module.load_balancer.aws_acm_certificate.ssl_san_cert",
            "module.load_balancer.aws_acm_certificate_validation.ssl_cert_validation",
            "module.load_balancer.aws_acm_certificate_validation.ssl_san_cert_validation",
            "module.load_balancer.aws_eip.nat",
            "module.load_balancer.aws_internet_gateway.igw",
            "module.load_balancer.aws_lb.alb",
            "module.load_balancer.aws_lb_listener.http",
            "module.load_balancer.aws_lb_listener.https",
            "module.load_balancer.aws_lb_listener.https_root_redirect",
            "module.load_balancer.aws_lb_listener_rule.redirect_rule",
            "module.load_balancer.aws_lb_listener_rule.rule",
            "module.load_balancer.aws_lb_listener_rule.www_rule",
            "module.load_balancer.aws_lb_target_group.tg",
            "module.load_balancer.aws_nat_gateway.nat_gw",
            "module.load_balancer.aws_route.private_nat_gw",
            "module.load_balancer.aws_route53_record.cert_validation",
            "module.load_balancer.aws_route53_record.root_alias",
            "module.load_balancer.aws_route53_record.root_cname",
            "module.load_balancer.aws_route53_record.san_cert_validation",
            "module.load_balancer.aws_route53_record.www_cname",
            "module.load_balancer.aws_route_table.private",
            "module.load_balancer.aws_route_table.public",
            "module.load_balancer.aws_route_table_association.private",
            "module.load_balancer.aws_route_table_association.public",
            "module.load_balancer.aws_s3_bucket.alb_access_logs",
            "module.load_balancer.aws_s3_bucket_policy.alb_access_logs_policy",
            "module.load_balancer.aws_security_group.alb_sg",
            "module.load_balancer.aws_subnet.private",
            "module.load_balancer.aws_subnet.public",
            "module.load_balancer.aws_vpc.main",
            "module.load_balancer.aws_vpc_endpoint.s3",
            "module.load_balancer.data.aws_availability_zones.available",
            "module.load_balancer.data.aws_caller_identity.current",
            "module.load_balancer.random_id.random"
          ]
        }
      ]
    },
    {
      "module": "module.ecs",
      "mode": "managed",
      "type": "aws_cloudwatch_metric_alarm",
      "name": "low_cpu",
      "provider": "provider[\"registry.terraform.io/hashicorp/aws\"]",
      "instances": [
        {
          "schema_version": 1,
          "attributes": {
            "actions_enabled": true,
            "alarm_actions": [
              "arn:aws:autoscaling:us-east-1:008971661410:scalingPolicy:e31b5bb8-9de0-4ace-aae7-967df1959519:resource/ecs/service/dev-amplifygenai-cluster/dev-amplifygenai-service-ee7845bfa5eed80b:policyName/scale_down",
              "arn:aws:sns:us-east-1:008971661410:ecs-service-alarms"
            ],
            "alarm_description": "dev-scaling up due to high CPU utilization",
            "alarm_name": "low_cpu_utilization",
            "arn": "arn:aws:cloudwatch:us-east-1:008971661410:alarm:low_cpu_utilization",
            "comparison_operator": "LessThanOrEqualToThreshold",
            "datapoints_to_alarm": 0,
            "dimensions": {
              "ClusterName": "dev-amplifygenai-cluster",
              "ServiceName": "dev-amplifygenai-service-ee7845bfa5eed80b"
            },
            "evaluate_low_sample_count_percentiles": "",
            "evaluation_periods": 2,
            "extended_statistic": "",
            "id": "low_cpu_utilization",
            "insufficient_data_actions": [],
            "metric_name": "CPUUtilization",
            "metric_query": [],
            "namespace": "AWS/ECS",
            "ok_actions": [],
            "period": 60,
            "statistic": "Average",
            "tags": {},
            "tags_all": {},
            "threshold": 25,
            "threshold_metric_id": "",
            "treat_missing_data": "missing",
            "unit": ""
          },
          "sensitive_attributes": [],
          "private": "eyJzY2hlbWFfdmVyc2lvbiI6IjEifQ==",
          "dependencies": [
            "module.ecr.aws_ecr_repository.app_repository",
            "module.ecs.aws_appautoscaling_policy.scale_down",
            "module.ecs.aws_appautoscaling_target.ecs_service",
            "module.ecs.aws_cloudwatch_log_group.ecs_log_group",
            "module.ecs.aws_ecs_cluster.cluster",
            "module.ecs.aws_ecs_service.service",
            "module.ecs.aws_ecs_task_definition.app_task",
            "module.ecs.aws_iam_role.ecs_execution_role",
            "module.ecs.aws_iam_role.ecs_task_role",
            "module.ecs.aws_secretsmanager_secret.envs",
            "module.ecs.aws_secretsmanager_secret.my_secrets",
            "module.ecs.aws_security_group.ecs_tasks_sg",
            "module.ecs.aws_sns_topic.ecs_alarm_notifications",
            "module.ecs.random_id.random",
            "module.load_balancer.aws_acm_certificate.ssl_cert",
            "module.load_balancer.aws_acm_certificate.ssl_san_cert",
            "module.load_balancer.aws_acm_certificate_validation.ssl_cert_validation",
            "module.load_balancer.aws_acm_certificate_validation.ssl_san_cert_validation",
            "module.load_balancer.aws_eip.nat",
            "module.load_balancer.aws_internet_gateway.igw",
            "module.load_balancer.aws_lb.alb",
            "module.load_balancer.aws_lb_listener.http",
            "module.load_balancer.aws_lb_listener.https",
            "module.load_balancer.aws_lb_listener.https_root_redirect",
            "module.load_balancer.aws_lb_listener_rule.redirect_rule",
            "module.load_balancer.aws_lb_listener_rule.rule",
            "module.load_balancer.aws_lb_listener_rule.www_rule",
            "module.load_balancer.aws_lb_target_group.tg",
            "module.load_balancer.aws_nat_gateway.nat_gw",
            "module.load_balancer.aws_route.private_nat_gw",
            "module.load_balancer.aws_route53_record.cert_validation",
            "module.load_balancer.aws_route53_record.root_alias",
            "module.load_balancer.aws_route53_record.root_cname",
            "module.load_balancer.aws_route53_record.san_cert_validation",
            "module.load_balancer.aws_route53_record.www_cname",
            "module.load_balancer.aws_route_table.private",
            "module.load_balancer.aws_route_table.public",
            "module.load_balancer.aws_route_table_association.private",
            "module.load_balancer.aws_route_table_association.public",
            "module.load_balancer.aws_s3_bucket.alb_access_logs",
            "module.load_balancer.aws_s3_bucket_policy.alb_access_logs_policy",
            "module.load_balancer.aws_security_group.alb_sg",
            "module.load_balancer.aws_subnet.private",
            "module.load_balancer.aws_subnet.public",
            "module.load_balancer.aws_vpc.main",
            "module.load_balancer.aws_vpc_endpoint.s3",
            "module.load_balancer.data.aws_availability_zones.available",
            "module.load_balancer.data.aws_caller_identity.current",
            "module.load_balancer.random_id.random"
          ]
        }
      ]
    },
    {
      "module": "module.ecs",
      "mode": "managed",
      "type": "aws_ecs_cluster",
      "name": "cluster",
      "provider": "provider[\"registry.terraform.io/hashicorp/aws\"]",
      "instances": [
        {
          "schema_version": 0,
          "attributes": {
            "arn": "arn:aws:ecs:us-east-1:008971661410:cluster/dev-amplifygenai-cluster",
            "configuration": [],
            "id": "arn:aws:ecs:us-east-1:008971661410:cluster/dev-amplifygenai-cluster",
            "name": "dev-amplifygenai-cluster",
            "service_connect_defaults": [],
            "setting": [
              {
                "name": "containerInsights",
                "value": "enabled"
              }
            ],
            "tags": {},
            "tags_all": {}
          },
          "sensitive_attributes": [],
          "private": "bnVsbA==",
          "dependencies": [
            "module.load_balancer.aws_acm_certificate.ssl_cert",
            "module.load_balancer.aws_acm_certificate.ssl_san_cert",
            "module.load_balancer.aws_acm_certificate_validation.ssl_cert_validation",
            "module.load_balancer.aws_acm_certificate_validation.ssl_san_cert_validation",
            "module.load_balancer.aws_eip.nat",
            "module.load_balancer.aws_internet_gateway.igw",
            "module.load_balancer.aws_lb.alb",
            "module.load_balancer.aws_lb_listener.http",
            "module.load_balancer.aws_lb_listener.https",
            "module.load_balancer.aws_lb_listener.https_root_redirect",
            "module.load_balancer.aws_lb_listener_rule.redirect_rule",
            "module.load_balancer.aws_lb_listener_rule.rule",
            "module.load_balancer.aws_lb_listener_rule.www_rule",
            "module.load_balancer.aws_lb_target_group.tg",
            "module.load_balancer.aws_nat_gateway.nat_gw",
            "module.load_balancer.aws_route.private_nat_gw",
            "module.load_balancer.aws_route53_record.cert_validation",
            "module.load_balancer.aws_route53_record.root_alias",
            "module.load_balancer.aws_route53_record.root_cname",
            "module.load_balancer.aws_route53_record.san_cert_validation",
            "module.load_balancer.aws_route53_record.www_cname",
            "module.load_balancer.aws_route_table.private",
            "module.load_balancer.aws_route_table.public",
            "module.load_balancer.aws_route_table_association.private",
            "module.load_balancer.aws_route_table_association.public",
            "module.load_balancer.aws_s3_bucket.alb_access_logs",
            "module.load_balancer.aws_s3_bucket_policy.alb_access_logs_policy",
            "module.load_balancer.aws_security_group.alb_sg",
            "module.load_balancer.aws_subnet.private",
            "module.load_balancer.aws_subnet.public",
            "module.load_balancer.aws_vpc.main",
            "module.load_balancer.aws_vpc_endpoint.s3",
            "module.load_balancer.data.aws_availability_zones.available",
            "module.load_balancer.data.aws_caller_identity.current",
            "module.load_balancer.random_id.random"
          ]
        }
      ]
    },
    {
      "module": "module.ecs",
      "mode": "managed",
      "type": "aws_ecs_service",
      "name": "service",
      "provider": "provider[\"registry.terraform.io/hashicorp/aws\"]",
      "instances": [
        {
          "schema_version": 0,
          "attributes": {
            "alarms": [],
            "capacity_provider_strategy": [],
            "cluster": "arn:aws:ecs:us-east-1:008971661410:cluster/dev-amplifygenai-cluster",
            "deployment_circuit_breaker": [
              {
                "enable": false,
                "rollback": false
              }
            ],
            "deployment_controller": [
              {
                "type": "ECS"
              }
            ],
            "deployment_maximum_percent": 200,
            "deployment_minimum_healthy_percent": 100,
            "desired_count": 1,
            "enable_ecs_managed_tags": false,
            "enable_execute_command": false,
            "force_new_deployment": null,
            "health_check_grace_period_seconds": 900,
            "iam_role": "/aws-service-role/ecs.amazonaws.com/AWSServiceRoleForECS",
            "id": "arn:aws:ecs:us-east-1:008971661410:service/dev-amplifygenai-cluster/dev-amplifygenai-service-ee7845bfa5eed80b",
            "launch_type": "FARGATE",
            "load_balancer": [
              {
                "container_name": "dev-amplifyApp",
                "container_port": 3000,
                "elb_name": "",
                "target_group_arn": "arn:aws:elasticloadbalancing:us-east-1:008971661410:targetgroup/dev-amplifygenai-tg-3000/eda3cdd22f00cd65"
              }
            ],
            "name": "dev-amplifygenai-service-ee7845bfa5eed80b",
            "network_configuration": [
              {
                "assign_public_ip": false,
                "security_groups": [
                  "sg-0fada814d77dc011c"
                ],
                "subnets": [
                  "subnet-04e04832760195ad7",
                  "subnet-0870e77440834614b"
                ]
              }
            ],
            "ordered_placement_strategy": [],
            "placement_constraints": [],
            "platform_version": "LATEST",
            "propagate_tags": "NONE",
            "scheduling_strategy": "REPLICA",
            "service_connect_configuration": [],
            "service_registries": [],
            "tags": {},
            "tags_all": {},
            "task_definition": "arn:aws:ecs:us-east-1:008971661410:task-definition/dev-gen-ai-app-task:5",
            "timeouts": null,
            "triggers": {},
            "wait_for_steady_state": false
          },
          "sensitive_attributes": [],
          "private": "eyJlMmJmYjczMC1lY2FhLTExZTYtOGY4OC0zNDM2M2JjN2M0YzAiOnsiY3JlYXRlIjoxMjAwMDAwMDAwMDAwLCJkZWxldGUiOjEyMDAwMDAwMDAwMDAsInVwZGF0ZSI6MTIwMDAwMDAwMDAwMH19",
          "dependencies": [
            "module.ecr.aws_ecr_repository.app_repository",
            "module.ecs.aws_cloudwatch_log_group.ecs_log_group",
            "module.ecs.aws_ecs_cluster.cluster",
            "module.ecs.aws_ecs_task_definition.app_task",
            "module.ecs.aws_iam_role.ecs_execution_role",
            "module.ecs.aws_iam_role.ecs_task_role",
            "module.ecs.aws_secretsmanager_secret.envs",
            "module.ecs.aws_secretsmanager_secret.my_secrets",
            "module.ecs.aws_security_group.ecs_tasks_sg",
            "module.ecs.random_id.random",
            "module.load_balancer.aws_acm_certificate.ssl_cert",
            "module.load_balancer.aws_acm_certificate.ssl_san_cert",
            "module.load_balancer.aws_acm_certificate_validation.ssl_cert_validation",
            "module.load_balancer.aws_acm_certificate_validation.ssl_san_cert_validation",
            "module.load_balancer.aws_eip.nat",
            "module.load_balancer.aws_internet_gateway.igw",
            "module.load_balancer.aws_lb.alb",
            "module.load_balancer.aws_lb_listener.http",
            "module.load_balancer.aws_lb_listener.https",
            "module.load_balancer.aws_lb_listener.https_root_redirect",
            "module.load_balancer.aws_lb_listener_rule.redirect_rule",
            "module.load_balancer.aws_lb_listener_rule.rule",
            "module.load_balancer.aws_lb_listener_rule.www_rule",
            "module.load_balancer.aws_lb_target_group.tg",
            "module.load_balancer.aws_nat_gateway.nat_gw",
            "module.load_balancer.aws_route.private_nat_gw",
            "module.load_balancer.aws_route53_record.cert_validation",
            "module.load_balancer.aws_route53_record.root_alias",
            "module.load_balancer.aws_route53_record.root_cname",
            "module.load_balancer.aws_route53_record.san_cert_validation",
            "module.load_balancer.aws_route53_record.www_cname",
            "module.load_balancer.aws_route_table.private",
            "module.load_balancer.aws_route_table.public",
            "module.load_balancer.aws_route_table_association.private",
            "module.load_balancer.aws_route_table_association.public",
            "module.load_balancer.aws_s3_bucket.alb_access_logs",
            "module.load_balancer.aws_s3_bucket_policy.alb_access_logs_policy",
            "module.load_balancer.aws_security_group.alb_sg",
            "module.load_balancer.aws_subnet.private",
            "module.load_balancer.aws_subnet.public",
            "module.load_balancer.aws_vpc.main",
            "module.load_balancer.aws_vpc_endpoint.s3",
            "module.load_balancer.data.aws_availability_zones.available",
            "module.load_balancer.data.aws_caller_identity.current",
            "module.load_balancer.random_id.random"
          ]
        }
      ]
    },
    {
      "module": "module.ecs",
      "mode": "managed",
      "type": "aws_ecs_task_definition",
      "name": "app_task",
      "provider": "provider[\"registry.terraform.io/hashicorp/aws\"]",
      "instances": [
        {
          "schema_version": 1,
          "attributes": {
            "arn": "arn:aws:ecs:us-east-1:008971661410:task-definition/dev-gen-ai-app-task:5",
            "arn_without_revision": "arn:aws:ecs:us-east-1:008971661410:task-definition/dev-gen-ai-app-task",
            "container_definitions": "[{\"cpu\":1024,\"environment\":[],\"essential\":true,\"image\":\"008971661410.dkr.ecr.us-east-1.amazonaws.com/dev-amplifygenai-repo\",\"logConfiguration\":{\"logDriver\":\"awslogs\",\"options\":{\"awslogs-group\":\"dev-amplifygenai-loggroup\",\"awslogs-region\":\"eu-west-3\",\"awslogs-stream-prefix\":\"ecs\"}},\"memory\":4096,\"mountPoints\":[],\"name\":\"dev-amplifyApp\",\"portMappings\":[{\"containerPort\":3000,\"hostPort\":3000,\"protocol\":\"tcp\"}],\"secrets\":[{\"name\":\"AVAILABLE_MODELS\",\"valueFrom\":\"arn:aws:secretsmanager:us-east-1:008971661410:secret:dev-amplify-app-vars-NPVvPx:AVAILABLE_MODELS::\"},{\"name\":\"AZURE_API_NAME\",\"valueFrom\":\"arn:aws:secretsmanager:us-east-1:008971661410:secret:dev-amplify-app-vars-NPVvPx:AZURE_API_NAME::\"},{\"name\":\"AZURE_DEPLOYMENT_ID\",\"valueFrom\":\"arn:aws:secretsmanager:us-east-1:008971661410:secret:dev-amplify-app-vars-NPVvPx:AZURE_DEPLOYMENT_ID::\"},{\"name\":\"API_BASE_URL\",\"valueFrom\":\"arn:aws:secretsmanager:us-east-1:008971661410:secret:dev-amplify-app-vars-NPVvPx:API_BASE_URL::\"},{\"name\":\"ASSISTANTS_API_BASE\",\"valueFrom\":\"arn:aws:secretsmanager:us-east-1:008971661410:secret:dev-amplify-app-vars-NPVvPx:ASSISTANTS_API_BASE::\"},{\"name\":\"CHAT_ENDPOINT\",\"valueFrom\":\"arn:aws:secretsmanager:us-east-1:008971661410:secret:dev-amplify-app-vars-NPVvPx:CHAT_ENDPOINT::\"},{\"name\":\"COGNITO_CLIENT_ID\",\"valueFrom\":\"arn:aws:secretsmanager:us-east-1:008971661410:secret:dev-amplify-app-vars-NPVvPx:COGNITO_CLIENT_ID::\"},{\"name\":\"COGNITO_ISSUER\",\"valueFrom\":\"arn:aws:secretsmanager:us-east-1:008971661410:secret:dev-amplify-app-vars-NPVvPx:COGNITO_ISSUER::\"},{\"name\":\"DEFAULT_MODEL\",\"valueFrom\":\"arn:aws:secretsmanager:us-east-1:008971661410:secret:dev-amplify-app-vars-NPVvPx:DEFAULT_MODEL::\"},{\"name\":\"COGNITO_DOMAIN\",\"valueFrom\":\"arn:aws:secretsmanager:us-east-1:008971661410:secret:dev-amplify-app-vars-NPVvPx:COGNITO_DOMAIN::\"},{\"name\":\"DEFAULT_FUNCTION_CALL_MODEL\",\"valueFrom\":\"arn:aws:secretsmanager:us-east-1:008971661410:secret:dev-amplify-app-vars-NPVvPx:DEFAULT_FUNCTION_CALL_MODEL::\"},{\"name\":\"COGNITO_CLIENT_SECRET\",\"valueFrom\":\"arn:aws:secretsmanager:us-east-1:008971661410:secret:dev-amplify-app-secrets-QjU8kO:COGNITO_CLIENT_SECRET::\"},{\"name\":\"MIXPANEL_TOKEN\",\"valueFrom\":\"arn:aws:secretsmanager:us-east-1:008971661410:secret:dev-amplify-app-vars-NPVvPx:MIXPANEL_TOKEN::\"},{\"name\":\"NEXTAUTH_SECRET\",\"valueFrom\":\"arn:aws:secretsmanager:us-east-1:008971661410:secret:dev-amplify-app-secrets-QjU8kO:NEXTAUTH_SECRET::\"},{\"name\":\"NEXTAUTH_URL\",\"valueFrom\":\"arn:aws:secretsmanager:us-east-1:008971661410:secret:dev-amplify-app-vars-NPVvPx:NEXTAUTH_URL::\"},{\"name\":\"OPENAI_API_HOST\",\"valueFrom\":\"arn:aws:secretsmanager:us-east-1:008971661410:secret:dev-amplify-app-vars-NPVvPx:OPENAI_API_HOST::\"},{\"name\":\"OPENAI_API_KEY\",\"valueFrom\":\"arn:aws:secretsmanager:us-east-1:008971661410:secret:dev-amplify-app-secrets-QjU8kO:OPENAI_API_KEY::\"},{\"name\":\"OPENAI_API_TYPE\",\"valueFrom\":\"arn:aws:secretsmanager:us-east-1:008971661410:secret:dev-amplify-app-vars-NPVvPx:OPENAI_API_TYPE::\"},{\"name\":\"OPENAI_API_VERSION\",\"valueFrom\":\"arn:aws:secretsmanager:us-east-1:008971661410:secret:dev-amplify-app-vars-NPVvPx:OPENAI_API_VERSION::\"}],\"systemControls\":[],\"volumesFrom\":[]}]",
            "cpu": "1024",
            "ephemeral_storage": [],
            "execution_role_arn": "arn:aws:iam::008971661410:role/dev-gen-ai-app-task-execution-role",
            "family": "dev-gen-ai-app-task",
            "id": "dev-gen-ai-app-task",
            "inference_accelerator": [],
            "ipc_mode": "",
            "memory": "4096",
            "network_mode": "awsvpc",
            "pid_mode": "",
            "placement_constraints": [],
            "proxy_configuration": [],
            "requires_compatibilities": [
              "FARGATE"
            ],
            "revision": 5,
            "runtime_platform": [],
            "skip_destroy": false,
            "tags": {},
            "tags_all": {},
            "task_role_arn": "arn:aws:iam::008971661410:role/dev-gen-ai-app-task-role",
            "volume": []
          },
          "sensitive_attributes": [],
          "private": "eyJzY2hlbWFfdmVyc2lvbiI6IjEifQ==",
          "dependencies": [
            "module.ecr.aws_ecr_repository.app_repository",
            "module.ecs.aws_cloudwatch_log_group.ecs_log_group",
            "module.ecs.aws_iam_role.ecs_execution_role",
            "module.ecs.aws_iam_role.ecs_task_role",
            "module.ecs.aws_secretsmanager_secret.envs",
            "module.ecs.aws_secretsmanager_secret.my_secrets",
            "module.load_balancer.aws_acm_certificate.ssl_cert",
            "module.load_balancer.aws_acm_certificate.ssl_san_cert",
            "module.load_balancer.aws_acm_certificate_validation.ssl_cert_validation",
            "module.load_balancer.aws_acm_certificate_validation.ssl_san_cert_validation",
            "module.load_balancer.aws_eip.nat",
            "module.load_balancer.aws_internet_gateway.igw",
            "module.load_balancer.aws_lb.alb",
            "module.load_balancer.aws_lb_listener.http",
            "module.load_balancer.aws_lb_listener.https",
            "module.load_balancer.aws_lb_listener.https_root_redirect",
            "module.load_balancer.aws_lb_listener_rule.redirect_rule",
            "module.load_balancer.aws_lb_listener_rule.rule",
            "module.load_balancer.aws_lb_listener_rule.www_rule",
            "module.load_balancer.aws_lb_target_group.tg",
            "module.load_balancer.aws_nat_gateway.nat_gw",
            "module.load_balancer.aws_route.private_nat_gw",
            "module.load_balancer.aws_route53_record.cert_validation",
            "module.load_balancer.aws_route53_record.root_alias",
            "module.load_balancer.aws_route53_record.root_cname",
            "module.load_balancer.aws_route53_record.san_cert_validation",
            "module.load_balancer.aws_route53_record.www_cname",
            "module.load_balancer.aws_route_table.private",
            "module.load_balancer.aws_route_table.public",
            "module.load_balancer.aws_route_table_association.private",
            "module.load_balancer.aws_route_table_association.public",
            "module.load_balancer.aws_s3_bucket.alb_access_logs",
            "module.load_balancer.aws_s3_bucket_policy.alb_access_logs_policy",
            "module.load_balancer.aws_security_group.alb_sg",
            "module.load_balancer.aws_subnet.private",
            "module.load_balancer.aws_subnet.public",
            "module.load_balancer.aws_vpc.main",
            "module.load_balancer.aws_vpc_endpoint.s3",
            "module.load_balancer.data.aws_availability_zones.available",
            "module.load_balancer.data.aws_caller_identity.current",
            "module.load_balancer.random_id.random"
          ]
        }
      ]
    },
    {
      "module": "module.ecs",
      "mode": "managed",
      "type": "aws_iam_policy",
      "name": "cloudwatch_logs_write_policy",
      "provider": "provider[\"registry.terraform.io/hashicorp/aws\"]",
      "instances": [
        {
          "schema_version": 0,
          "attributes": {
            "arn": "arn:aws:iam::008971661410:policy/dev-amplifygenai-cloudwatch-policy",
            "description": "Policy that grants permissions to write to a specific CloudWatch Logs group",
            "id": "arn:aws:iam::008971661410:policy/dev-amplifygenai-cloudwatch-policy",
            "name": "dev-amplifygenai-cloudwatch-policy",
            "name_prefix": "",
            "path": "/",
            "policy": "{\"Statement\":[{\"Action\":[\"logs:*\"],\"Effect\":\"Allow\",\"Resource\":\"*\"}],\"Version\":\"2012-10-17\"}",
            "policy_id": "ANPAQEFWAWBRBIMYC4VAO",
            "tags": {},
            "tags_all": {}
          },
          "sensitive_attributes": [],
          "private": "bnVsbA==",
          "dependencies": [
            "module.load_balancer.aws_acm_certificate.ssl_cert",
            "module.load_balancer.aws_acm_certificate.ssl_san_cert",
            "module.load_balancer.aws_acm_certificate_validation.ssl_cert_validation",
            "module.load_balancer.aws_acm_certificate_validation.ssl_san_cert_validation",
            "module.load_balancer.aws_eip.nat",
            "module.load_balancer.aws_internet_gateway.igw",
            "module.load_balancer.aws_lb.alb",
            "module.load_balancer.aws_lb_listener.http",
            "module.load_balancer.aws_lb_listener.https",
            "module.load_balancer.aws_lb_listener.https_root_redirect",
            "module.load_balancer.aws_lb_listener_rule.redirect_rule",
            "module.load_balancer.aws_lb_listener_rule.rule",
            "module.load_balancer.aws_lb_listener_rule.www_rule",
            "module.load_balancer.aws_lb_target_group.tg",
            "module.load_balancer.aws_nat_gateway.nat_gw",
            "module.load_balancer.aws_route.private_nat_gw",
            "module.load_balancer.aws_route53_record.cert_validation",
            "module.load_balancer.aws_route53_record.root_alias",
            "module.load_balancer.aws_route53_record.root_cname",
            "module.load_balancer.aws_route53_record.san_cert_validation",
            "module.load_balancer.aws_route53_record.www_cname",
            "module.load_balancer.aws_route_table.private",
            "module.load_balancer.aws_route_table.public",
            "module.load_balancer.aws_route_table_association.private",
            "module.load_balancer.aws_route_table_association.public",
            "module.load_balancer.aws_s3_bucket.alb_access_logs",
            "module.load_balancer.aws_s3_bucket_policy.alb_access_logs_policy",
            "module.load_balancer.aws_security_group.alb_sg",
            "module.load_balancer.aws_subnet.private",
            "module.load_balancer.aws_subnet.public",
            "module.load_balancer.aws_vpc.main",
            "module.load_balancer.aws_vpc_endpoint.s3",
            "module.load_balancer.data.aws_availability_zones.available",
            "module.load_balancer.data.aws_caller_identity.current",
            "module.load_balancer.random_id.random"
          ]
        }
      ]
    },
    {
      "module": "module.ecs",
      "mode": "managed",
      "type": "aws_iam_policy",
      "name": "container_exec_policy",
      "provider": "provider[\"registry.terraform.io/hashicorp/aws\"]",
      "instances": [
        {
          "schema_version": 0,
          "attributes": {
            "arn": "arn:aws:iam::008971661410:policy/dev-your-container-exec-policy",
            "description": "Policy that grants permissions to exec into running fargate containers",
            "id": "arn:aws:iam::008971661410:policy/dev-your-container-exec-policy",
            "name": "dev-your-container-exec-policy",
            "name_prefix": "",
            "path": "/",
            "policy": "{\"Statement\":[{\"Action\":[\"ssmmessages:CreateControlChannel\",\"ssmmessages:CreateDataChannel\",\"ssmmessages:OpenControlChannel\",\"ssmmessages:OpenDataChannel\"],\"Effect\":\"Allow\",\"Resource\":\"*\"}],\"Version\":\"2012-10-17\"}",
            "policy_id": "ANPAQEFWAWBRCBSOTZF46",
            "tags": {},
            "tags_all": {}
          },
          "sensitive_attributes": [],
          "private": "bnVsbA==",
          "dependencies": [
            "module.load_balancer.aws_acm_certificate.ssl_cert",
            "module.load_balancer.aws_acm_certificate.ssl_san_cert",
            "module.load_balancer.aws_acm_certificate_validation.ssl_cert_validation",
            "module.load_balancer.aws_acm_certificate_validation.ssl_san_cert_validation",
            "module.load_balancer.aws_eip.nat",
            "module.load_balancer.aws_internet_gateway.igw",
            "module.load_balancer.aws_lb.alb",
            "module.load_balancer.aws_lb_listener.http",
            "module.load_balancer.aws_lb_listener.https",
            "module.load_balancer.aws_lb_listener.https_root_redirect",
            "module.load_balancer.aws_lb_listener_rule.redirect_rule",
            "module.load_balancer.aws_lb_listener_rule.rule",
            "module.load_balancer.aws_lb_listener_rule.www_rule",
            "module.load_balancer.aws_lb_target_group.tg",
            "module.load_balancer.aws_nat_gateway.nat_gw",
            "module.load_balancer.aws_route.private_nat_gw",
            "module.load_balancer.aws_route53_record.cert_validation",
            "module.load_balancer.aws_route53_record.root_alias",
            "module.load_balancer.aws_route53_record.root_cname",
            "module.load_balancer.aws_route53_record.san_cert_validation",
            "module.load_balancer.aws_route53_record.www_cname",
            "module.load_balancer.aws_route_table.private",
            "module.load_balancer.aws_route_table.public",
            "module.load_balancer.aws_route_table_association.private",
            "module.load_balancer.aws_route_table_association.public",
            "module.load_balancer.aws_s3_bucket.alb_access_logs",
            "module.load_balancer.aws_s3_bucket_policy.alb_access_logs_policy",
            "module.load_balancer.aws_security_group.alb_sg",
            "module.load_balancer.aws_subnet.private",
            "module.load_balancer.aws_subnet.public",
            "module.load_balancer.aws_vpc.main",
            "module.load_balancer.aws_vpc_endpoint.s3",
            "module.load_balancer.data.aws_availability_zones.available",
            "module.load_balancer.data.aws_caller_identity.current",
            "module.load_balancer.random_id.random"
          ]
        }
      ]
    },
    {
      "module": "module.ecs",
      "mode": "managed",
      "type": "aws_iam_policy",
      "name": "ecr_repo_access_policy",
      "provider": "provider[\"registry.terraform.io/hashicorp/aws\"]",
      "instances": [
        {
          "schema_version": 0,
          "attributes": {
            "arn": "arn:aws:iam::008971661410:policy/dev-your-ecr-repo-access-policy",
            "description": "Policy that grants access to a specific ECR repository",
            "id": "arn:aws:iam::008971661410:policy/dev-your-ecr-repo-access-policy",
            "name": "dev-your-ecr-repo-access-policy",
            "name_prefix": "",
            "path": "/",
            "policy": "{\"Statement\":[{\"Action\":[\"ecr:GetDownloadUrlForLayer\",\"ecr:BatchCheckLayerAvailability\",\"ecr:BatchGetImage\",\"ecr:GetRepositoryPolicy\"],\"Effect\":\"Allow\",\"Resource\":\"arn:aws:ecr:us-east-1:008971661410:repository/dev-amplifygenai-repo\"}],\"Version\":\"2012-10-17\"}",
            "policy_id": "ANPAQEFWAWBREOPTZEQ3J",
            "tags": {},
            "tags_all": {}
          },
          "sensitive_attributes": [],
          "private": "bnVsbA==",
          "dependencies": [
            "module.ecr.aws_ecr_repository.app_repository",
            "module.load_balancer.aws_acm_certificate.ssl_cert",
            "module.load_balancer.aws_acm_certificate.ssl_san_cert",
            "module.load_balancer.aws_acm_certificate_validation.ssl_cert_validation",
            "module.load_balancer.aws_acm_certificate_validation.ssl_san_cert_validation",
            "module.load_balancer.aws_eip.nat",
            "module.load_balancer.aws_internet_gateway.igw",
            "module.load_balancer.aws_lb.alb",
            "module.load_balancer.aws_lb_listener.http",
            "module.load_balancer.aws_lb_listener.https",
            "module.load_balancer.aws_lb_listener.https_root_redirect",
            "module.load_balancer.aws_lb_listener_rule.redirect_rule",
            "module.load_balancer.aws_lb_listener_rule.rule",
            "module.load_balancer.aws_lb_listener_rule.www_rule",
            "module.load_balancer.aws_lb_target_group.tg",
            "module.load_balancer.aws_nat_gateway.nat_gw",
            "module.load_balancer.aws_route.private_nat_gw",
            "module.load_balancer.aws_route53_record.cert_validation",
            "module.load_balancer.aws_route53_record.root_alias",
            "module.load_balancer.aws_route53_record.root_cname",
            "module.load_balancer.aws_route53_record.san_cert_validation",
            "module.load_balancer.aws_route53_record.www_cname",
            "module.load_balancer.aws_route_table.private",
            "module.load_balancer.aws_route_table.public",
            "module.load_balancer.aws_route_table_association.private",
            "module.load_balancer.aws_route_table_association.public",
            "module.load_balancer.aws_s3_bucket.alb_access_logs",
            "module.load_balancer.aws_s3_bucket_policy.alb_access_logs_policy",
            "module.load_balancer.aws_security_group.alb_sg",
            "module.load_balancer.aws_subnet.private",
            "module.load_balancer.aws_subnet.public",
            "module.load_balancer.aws_vpc.main",
            "module.load_balancer.aws_vpc_endpoint.s3",
            "module.load_balancer.data.aws_availability_zones.available",
            "module.load_balancer.data.aws_caller_identity.current",
            "module.load_balancer.random_id.random"
          ]
        }
      ]
    },
    {
      "module": "module.ecs",
      "mode": "managed",
      "type": "aws_iam_policy",
      "name": "secret_access_policy",
      "provider": "provider[\"registry.terraform.io/hashicorp/aws\"]",
      "instances": [
        {
          "schema_version": 0,
          "attributes": {
            "arn": "arn:aws:iam::008971661410:policy/dev-amplifygenai-secret-access-policy",
            "description": "Policy that grants access to a specific secret in Secrets Manager",
            "id": "arn:aws:iam::008971661410:policy/dev-amplifygenai-secret-access-policy",
            "name": "dev-amplifygenai-secret-access-policy",
            "name_prefix": "",
            "path": "/",
            "policy": "{\"Statement\":[{\"Action\":[\"secretsmanager:GetSecretValue\",\"secretsmanager:DescribeSecret\",\"secretsmanager:ListSecretVersionIds\"],\"Effect\":\"Allow\",\"Resource\":[\"arn:aws:secretsmanager:us-east-1:008971661410:secret:dev-amplify-app-vars-NPVvPx\",\"arn:aws:secretsmanager:us-east-1:008971661410:secret:dev-amplify-app-secrets-QjU8kO\",\"arn:aws:secretsmanager:us-east-1:008971661410:secret:dev-openai-api-key-jWZxCz\",\"arn:aws:secretsmanager:us-east-1:008971661410:secret:dev-openai-endpoints-3gKK4K\"]}],\"Version\":\"2012-10-17\"}",
            "policy_id": "ANPAQEFWAWBRPV6KV3I3A",
            "tags": {},
            "tags_all": {}
          },
          "sensitive_attributes": [],
          "private": "bnVsbA==",
          "dependencies": [
            "module.ecs.aws_secretsmanager_secret.envs",
            "module.ecs.aws_secretsmanager_secret.my_secrets",
            "module.ecs.aws_secretsmanager_secret.openai_api_key",
            "module.ecs.aws_secretsmanager_secret.openai_endpoints",
            "module.load_balancer.aws_acm_certificate.ssl_cert",
            "module.load_balancer.aws_acm_certificate.ssl_san_cert",
            "module.load_balancer.aws_acm_certificate_validation.ssl_cert_validation",
            "module.load_balancer.aws_acm_certificate_validation.ssl_san_cert_validation",
            "module.load_balancer.aws_eip.nat",
            "module.load_balancer.aws_internet_gateway.igw",
            "module.load_balancer.aws_lb.alb",
            "module.load_balancer.aws_lb_listener.http",
            "module.load_balancer.aws_lb_listener.https",
            "module.load_balancer.aws_lb_listener.https_root_redirect",
            "module.load_balancer.aws_lb_listener_rule.redirect_rule",
            "module.load_balancer.aws_lb_listener_rule.rule",
            "module.load_balancer.aws_lb_listener_rule.www_rule",
            "module.load_balancer.aws_lb_target_group.tg",
            "module.load_balancer.aws_nat_gateway.nat_gw",
            "module.load_balancer.aws_route.private_nat_gw",
            "module.load_balancer.aws_route53_record.cert_validation",
            "module.load_balancer.aws_route53_record.root_alias",
            "module.load_balancer.aws_route53_record.root_cname",
            "module.load_balancer.aws_route53_record.san_cert_validation",
            "module.load_balancer.aws_route53_record.www_cname",
            "module.load_balancer.aws_route_table.private",
            "module.load_balancer.aws_route_table.public",
            "module.load_balancer.aws_route_table_association.private",
            "module.load_balancer.aws_route_table_association.public",
            "module.load_balancer.aws_s3_bucket.alb_access_logs",
            "module.load_balancer.aws_s3_bucket_policy.alb_access_logs_policy",
            "module.load_balancer.aws_security_group.alb_sg",
            "module.load_balancer.aws_subnet.private",
            "module.load_balancer.aws_subnet.public",
            "module.load_balancer.aws_vpc.main",
            "module.load_balancer.aws_vpc_endpoint.s3",
            "module.load_balancer.data.aws_availability_zones.available",
            "module.load_balancer.data.aws_caller_identity.current",
            "module.load_balancer.random_id.random"
          ]
        }
      ]
    },
    {
      "module": "module.ecs",
      "mode": "managed",
      "type": "aws_iam_role",
      "name": "ecs_execution_role",
      "provider": "provider[\"registry.terraform.io/hashicorp/aws\"]",
      "instances": [
        {
          "schema_version": 0,
          "attributes": {
            "arn": "arn:aws:iam::008971661410:role/dev-gen-ai-app-task-execution-role",
            "assume_role_policy": "{\"Statement\":[{\"Action\":\"sts:AssumeRole\",\"Effect\":\"Allow\",\"Principal\":{\"Service\":\"ecs-tasks.amazonaws.com\"}}],\"Version\":\"2012-10-17\"}",
            "create_date": "2024-08-22T07:40:48Z",
            "description": "",
            "force_detach_policies": false,
            "id": "dev-gen-ai-app-task-execution-role",
            "inline_policy": [],
            "managed_policy_arns": [
              "arn:aws:iam::008971661410:policy/dev-amplifygenai-cloudwatch-policy",
              "arn:aws:iam::008971661410:policy/dev-amplifygenai-secret-access-policy",
              "arn:aws:iam::008971661410:policy/dev-your-ecr-repo-access-policy",
              "arn:aws:iam::aws:policy/service-role/AmazonECSTaskExecutionRolePolicy"
            ],
            "max_session_duration": 3600,
            "name": "dev-gen-ai-app-task-execution-role",
            "name_prefix": "",
            "path": "/",
            "permissions_boundary": null,
            "tags": {},
            "tags_all": {},
            "unique_id": "AROAQEFWAWBREIL2UGQZM"
          },
          "sensitive_attributes": [],
          "private": "bnVsbA==",
          "dependencies": [
            "module.load_balancer.aws_acm_certificate.ssl_cert",
            "module.load_balancer.aws_acm_certificate.ssl_san_cert",
            "module.load_balancer.aws_acm_certificate_validation.ssl_cert_validation",
            "module.load_balancer.aws_acm_certificate_validation.ssl_san_cert_validation",
            "module.load_balancer.aws_eip.nat",
            "module.load_balancer.aws_internet_gateway.igw",
            "module.load_balancer.aws_lb.alb",
            "module.load_balancer.aws_lb_listener.http",
            "module.load_balancer.aws_lb_listener.https",
            "module.load_balancer.aws_lb_listener.https_root_redirect",
            "module.load_balancer.aws_lb_listener_rule.redirect_rule",
            "module.load_balancer.aws_lb_listener_rule.rule",
            "module.load_balancer.aws_lb_listener_rule.www_rule",
            "module.load_balancer.aws_lb_target_group.tg",
            "module.load_balancer.aws_nat_gateway.nat_gw",
            "module.load_balancer.aws_route.private_nat_gw",
            "module.load_balancer.aws_route53_record.cert_validation",
            "module.load_balancer.aws_route53_record.root_alias",
            "module.load_balancer.aws_route53_record.root_cname",
            "module.load_balancer.aws_route53_record.san_cert_validation",
            "module.load_balancer.aws_route53_record.www_cname",
            "module.load_balancer.aws_route_table.private",
            "module.load_balancer.aws_route_table.public",
            "module.load_balancer.aws_route_table_association.private",
            "module.load_balancer.aws_route_table_association.public",
            "module.load_balancer.aws_s3_bucket.alb_access_logs",
            "module.load_balancer.aws_s3_bucket_policy.alb_access_logs_policy",
            "module.load_balancer.aws_security_group.alb_sg",
            "module.load_balancer.aws_subnet.private",
            "module.load_balancer.aws_subnet.public",
            "module.load_balancer.aws_vpc.main",
            "module.load_balancer.aws_vpc_endpoint.s3",
            "module.load_balancer.data.aws_availability_zones.available",
            "module.load_balancer.data.aws_caller_identity.current",
            "module.load_balancer.random_id.random"
          ]
        }
      ]
    },
    {
      "module": "module.ecs",
      "mode": "managed",
      "type": "aws_iam_role",
      "name": "ecs_task_role",
      "provider": "provider[\"registry.terraform.io/hashicorp/aws\"]",
      "instances": [
        {
          "schema_version": 0,
          "attributes": {
            "arn": "arn:aws:iam::008971661410:role/dev-gen-ai-app-task-role",
            "assume_role_policy": "{\"Statement\":[{\"Action\":\"sts:AssumeRole\",\"Effect\":\"Allow\",\"Principal\":{\"Service\":\"ecs-tasks.amazonaws.com\"}}],\"Version\":\"2012-10-17\"}",
            "create_date": "2024-08-22T07:40:48Z",
            "description": "",
            "force_detach_policies": false,
            "id": "dev-gen-ai-app-task-role",
            "inline_policy": [],
            "managed_policy_arns": [
              "arn:aws:iam::008971661410:policy/dev-amplifygenai-cloudwatch-policy",
              "arn:aws:iam::008971661410:policy/dev-your-container-exec-policy"
            ],
            "max_session_duration": 3600,
            "name": "dev-gen-ai-app-task-role",
            "name_prefix": "",
            "path": "/",
            "permissions_boundary": null,
            "tags": {},
            "tags_all": {},
            "unique_id": "AROAQEFWAWBRFTOSE5SAJ"
          },
          "sensitive_attributes": [],
          "private": "bnVsbA==",
          "dependencies": [
            "module.load_balancer.aws_acm_certificate.ssl_cert",
            "module.load_balancer.aws_acm_certificate.ssl_san_cert",
            "module.load_balancer.aws_acm_certificate_validation.ssl_cert_validation",
            "module.load_balancer.aws_acm_certificate_validation.ssl_san_cert_validation",
            "module.load_balancer.aws_eip.nat",
            "module.load_balancer.aws_internet_gateway.igw",
            "module.load_balancer.aws_lb.alb",
            "module.load_balancer.aws_lb_listener.http",
            "module.load_balancer.aws_lb_listener.https",
            "module.load_balancer.aws_lb_listener.https_root_redirect",
            "module.load_balancer.aws_lb_listener_rule.redirect_rule",
            "module.load_balancer.aws_lb_listener_rule.rule",
            "module.load_balancer.aws_lb_listener_rule.www_rule",
            "module.load_balancer.aws_lb_target_group.tg",
            "module.load_balancer.aws_nat_gateway.nat_gw",
            "module.load_balancer.aws_route.private_nat_gw",
            "module.load_balancer.aws_route53_record.cert_validation",
            "module.load_balancer.aws_route53_record.root_alias",
            "module.load_balancer.aws_route53_record.root_cname",
            "module.load_balancer.aws_route53_record.san_cert_validation",
            "module.load_balancer.aws_route53_record.www_cname",
            "module.load_balancer.aws_route_table.private",
            "module.load_balancer.aws_route_table.public",
            "module.load_balancer.aws_route_table_association.private",
            "module.load_balancer.aws_route_table_association.public",
            "module.load_balancer.aws_s3_bucket.alb_access_logs",
            "module.load_balancer.aws_s3_bucket_policy.alb_access_logs_policy",
            "module.load_balancer.aws_security_group.alb_sg",
            "module.load_balancer.aws_subnet.private",
            "module.load_balancer.aws_subnet.public",
            "module.load_balancer.aws_vpc.main",
            "module.load_balancer.aws_vpc_endpoint.s3",
            "module.load_balancer.data.aws_availability_zones.available",
            "module.load_balancer.data.aws_caller_identity.current",
            "module.load_balancer.random_id.random"
          ]
        }
      ]
    },
    {
      "module": "module.ecs",
      "mode": "managed",
      "type": "aws_iam_role_policy_attachment",
      "name": "container_exec_policy",
      "provider": "provider[\"registry.terraform.io/hashicorp/aws\"]",
      "instances": [
        {
          "schema_version": 0,
          "attributes": {
            "id": "dev-gen-ai-app-task-role-20240822074049770200000002",
            "policy_arn": "arn:aws:iam::008971661410:policy/dev-your-container-exec-policy",
            "role": "dev-gen-ai-app-task-role"
          },
          "sensitive_attributes": [],
          "private": "bnVsbA==",
          "dependencies": [
            "module.ecs.aws_iam_policy.container_exec_policy",
            "module.ecs.aws_iam_role.ecs_task_role",
            "module.load_balancer.aws_acm_certificate.ssl_cert",
            "module.load_balancer.aws_acm_certificate.ssl_san_cert",
            "module.load_balancer.aws_acm_certificate_validation.ssl_cert_validation",
            "module.load_balancer.aws_acm_certificate_validation.ssl_san_cert_validation",
            "module.load_balancer.aws_eip.nat",
            "module.load_balancer.aws_internet_gateway.igw",
            "module.load_balancer.aws_lb.alb",
            "module.load_balancer.aws_lb_listener.http",
            "module.load_balancer.aws_lb_listener.https",
            "module.load_balancer.aws_lb_listener.https_root_redirect",
            "module.load_balancer.aws_lb_listener_rule.redirect_rule",
            "module.load_balancer.aws_lb_listener_rule.rule",
            "module.load_balancer.aws_lb_listener_rule.www_rule",
            "module.load_balancer.aws_lb_target_group.tg",
            "module.load_balancer.aws_nat_gateway.nat_gw",
            "module.load_balancer.aws_route.private_nat_gw",
            "module.load_balancer.aws_route53_record.cert_validation",
            "module.load_balancer.aws_route53_record.root_alias",
            "module.load_balancer.aws_route53_record.root_cname",
            "module.load_balancer.aws_route53_record.san_cert_validation",
            "module.load_balancer.aws_route53_record.www_cname",
            "module.load_balancer.aws_route_table.private",
            "module.load_balancer.aws_route_table.public",
            "module.load_balancer.aws_route_table_association.private",
            "module.load_balancer.aws_route_table_association.public",
            "module.load_balancer.aws_s3_bucket.alb_access_logs",
            "module.load_balancer.aws_s3_bucket_policy.alb_access_logs_policy",
            "module.load_balancer.aws_security_group.alb_sg",
            "module.load_balancer.aws_subnet.private",
            "module.load_balancer.aws_subnet.public",
            "module.load_balancer.aws_vpc.main",
            "module.load_balancer.aws_vpc_endpoint.s3",
            "module.load_balancer.data.aws_availability_zones.available",
            "module.load_balancer.data.aws_caller_identity.current",
            "module.load_balancer.random_id.random"
          ]
        }
      ]
    },
    {
      "module": "module.ecs",
      "mode": "managed",
      "type": "aws_iam_role_policy_attachment",
      "name": "ecs_ecr_repo_role_policy",
      "provider": "provider[\"registry.terraform.io/hashicorp/aws\"]",
      "instances": [
        {
          "schema_version": 0,
          "attributes": {
            "id": "dev-gen-ai-app-task-execution-role-20240822074049770000000001",
            "policy_arn": "arn:aws:iam::008971661410:policy/dev-your-ecr-repo-access-policy",
            "role": "dev-gen-ai-app-task-execution-role"
          },
          "sensitive_attributes": [],
          "private": "bnVsbA==",
          "dependencies": [
            "module.ecr.aws_ecr_repository.app_repository",
            "module.ecs.aws_iam_policy.ecr_repo_access_policy",
            "module.ecs.aws_iam_role.ecs_execution_role",
            "module.load_balancer.aws_acm_certificate.ssl_cert",
            "module.load_balancer.aws_acm_certificate.ssl_san_cert",
            "module.load_balancer.aws_acm_certificate_validation.ssl_cert_validation",
            "module.load_balancer.aws_acm_certificate_validation.ssl_san_cert_validation",
            "module.load_balancer.aws_eip.nat",
            "module.load_balancer.aws_internet_gateway.igw",
            "module.load_balancer.aws_lb.alb",
            "module.load_balancer.aws_lb_listener.http",
            "module.load_balancer.aws_lb_listener.https",
            "module.load_balancer.aws_lb_listener.https_root_redirect",
            "module.load_balancer.aws_lb_listener_rule.redirect_rule",
            "module.load_balancer.aws_lb_listener_rule.rule",
            "module.load_balancer.aws_lb_listener_rule.www_rule",
            "module.load_balancer.aws_lb_target_group.tg",
            "module.load_balancer.aws_nat_gateway.nat_gw",
            "module.load_balancer.aws_route.private_nat_gw",
            "module.load_balancer.aws_route53_record.cert_validation",
            "module.load_balancer.aws_route53_record.root_alias",
            "module.load_balancer.aws_route53_record.root_cname",
            "module.load_balancer.aws_route53_record.san_cert_validation",
            "module.load_balancer.aws_route53_record.www_cname",
            "module.load_balancer.aws_route_table.private",
            "module.load_balancer.aws_route_table.public",
            "module.load_balancer.aws_route_table_association.private",
            "module.load_balancer.aws_route_table_association.public",
            "module.load_balancer.aws_s3_bucket.alb_access_logs",
            "module.load_balancer.aws_s3_bucket_policy.alb_access_logs_policy",
            "module.load_balancer.aws_security_group.alb_sg",
            "module.load_balancer.aws_subnet.private",
            "module.load_balancer.aws_subnet.public",
            "module.load_balancer.aws_vpc.main",
            "module.load_balancer.aws_vpc_endpoint.s3",
            "module.load_balancer.data.aws_availability_zones.available",
            "module.load_balancer.data.aws_caller_identity.current",
            "module.load_balancer.random_id.random"
          ]
        }
      ]
    },
    {
      "module": "module.ecs",
      "mode": "managed",
      "type": "aws_iam_role_policy_attachment",
      "name": "ecs_execution_role_policy",
      "provider": "provider[\"registry.terraform.io/hashicorp/aws\"]",
      "instances": [
        {
          "schema_version": 0,
          "attributes": {
            "id": "dev-gen-ai-app-task-execution-role-20240822074049839800000006",
            "policy_arn": "arn:aws:iam::aws:policy/service-role/AmazonECSTaskExecutionRolePolicy",
            "role": "dev-gen-ai-app-task-execution-role"
          },
          "sensitive_attributes": [],
          "private": "bnVsbA==",
          "dependencies": [
            "module.ecs.aws_iam_role.ecs_execution_role",
            "module.load_balancer.aws_acm_certificate.ssl_cert",
            "module.load_balancer.aws_acm_certificate.ssl_san_cert",
            "module.load_balancer.aws_acm_certificate_validation.ssl_cert_validation",
            "module.load_balancer.aws_acm_certificate_validation.ssl_san_cert_validation",
            "module.load_balancer.aws_eip.nat",
            "module.load_balancer.aws_internet_gateway.igw",
            "module.load_balancer.aws_lb.alb",
            "module.load_balancer.aws_lb_listener.http",
            "module.load_balancer.aws_lb_listener.https",
            "module.load_balancer.aws_lb_listener.https_root_redirect",
            "module.load_balancer.aws_lb_listener_rule.redirect_rule",
            "module.load_balancer.aws_lb_listener_rule.rule",
            "module.load_balancer.aws_lb_listener_rule.www_rule",
            "module.load_balancer.aws_lb_target_group.tg",
            "module.load_balancer.aws_nat_gateway.nat_gw",
            "module.load_balancer.aws_route.private_nat_gw",
            "module.load_balancer.aws_route53_record.cert_validation",
            "module.load_balancer.aws_route53_record.root_alias",
            "module.load_balancer.aws_route53_record.root_cname",
            "module.load_balancer.aws_route53_record.san_cert_validation",
            "module.load_balancer.aws_route53_record.www_cname",
            "module.load_balancer.aws_route_table.private",
            "module.load_balancer.aws_route_table.public",
            "module.load_balancer.aws_route_table_association.private",
            "module.load_balancer.aws_route_table_association.public",
            "module.load_balancer.aws_s3_bucket.alb_access_logs",
            "module.load_balancer.aws_s3_bucket_policy.alb_access_logs_policy",
            "module.load_balancer.aws_security_group.alb_sg",
            "module.load_balancer.aws_subnet.private",
            "module.load_balancer.aws_subnet.public",
            "module.load_balancer.aws_vpc.main",
            "module.load_balancer.aws_vpc_endpoint.s3",
            "module.load_balancer.data.aws_availability_zones.available",
            "module.load_balancer.data.aws_caller_identity.current",
            "module.load_balancer.random_id.random"
          ]
        }
      ]
    },
    {
      "module": "module.ecs",
      "mode": "managed",
      "type": "aws_iam_role_policy_attachment",
      "name": "ecs_logs_role_policy",
      "provider": "provider[\"registry.terraform.io/hashicorp/aws\"]",
      "instances": [
        {
          "schema_version": 0,
          "attributes": {
            "id": "dev-gen-ai-app-task-role-20240822074049814600000005",
            "policy_arn": "arn:aws:iam::008971661410:policy/dev-amplifygenai-cloudwatch-policy",
            "role": "dev-gen-ai-app-task-role"
          },
          "sensitive_attributes": [],
          "private": "bnVsbA==",
          "dependencies": [
            "module.ecs.aws_iam_policy.cloudwatch_logs_write_policy",
            "module.ecs.aws_iam_role.ecs_task_role",
            "module.load_balancer.aws_acm_certificate.ssl_cert",
            "module.load_balancer.aws_acm_certificate.ssl_san_cert",
            "module.load_balancer.aws_acm_certificate_validation.ssl_cert_validation",
            "module.load_balancer.aws_acm_certificate_validation.ssl_san_cert_validation",
            "module.load_balancer.aws_eip.nat",
            "module.load_balancer.aws_internet_gateway.igw",
            "module.load_balancer.aws_lb.alb",
            "module.load_balancer.aws_lb_listener.http",
            "module.load_balancer.aws_lb_listener.https",
            "module.load_balancer.aws_lb_listener.https_root_redirect",
            "module.load_balancer.aws_lb_listener_rule.redirect_rule",
            "module.load_balancer.aws_lb_listener_rule.rule",
            "module.load_balancer.aws_lb_listener_rule.www_rule",
            "module.load_balancer.aws_lb_target_group.tg",
            "module.load_balancer.aws_nat_gateway.nat_gw",
            "module.load_balancer.aws_route.private_nat_gw",
            "module.load_balancer.aws_route53_record.cert_validation",
            "module.load_balancer.aws_route53_record.root_alias",
            "module.load_balancer.aws_route53_record.root_cname",
            "module.load_balancer.aws_route53_record.san_cert_validation",
            "module.load_balancer.aws_route53_record.www_cname",
            "module.load_balancer.aws_route_table.private",
            "module.load_balancer.aws_route_table.public",
            "module.load_balancer.aws_route_table_association.private",
            "module.load_balancer.aws_route_table_association.public",
            "module.load_balancer.aws_s3_bucket.alb_access_logs",
            "module.load_balancer.aws_s3_bucket_policy.alb_access_logs_policy",
            "module.load_balancer.aws_security_group.alb_sg",
            "module.load_balancer.aws_subnet.private",
            "module.load_balancer.aws_subnet.public",
            "module.load_balancer.aws_vpc.main",
            "module.load_balancer.aws_vpc_endpoint.s3",
            "module.load_balancer.data.aws_availability_zones.available",
            "module.load_balancer.data.aws_caller_identity.current",
            "module.load_balancer.random_id.random"
          ]
        }
      ]
    },
    {
      "module": "module.ecs",
      "mode": "managed",
      "type": "aws_iam_role_policy_attachment",
      "name": "ecs_secrets_role_policy",
      "provider": "provider[\"registry.terraform.io/hashicorp/aws\"]",
      "instances": [
        {
          "schema_version": 0,
          "attributes": {
            "id": "dev-gen-ai-app-task-execution-role-20240822074049778600000003",
            "policy_arn": "arn:aws:iam::008971661410:policy/dev-amplifygenai-secret-access-policy",
            "role": "dev-gen-ai-app-task-execution-role"
          },
          "sensitive_attributes": [],
          "private": "bnVsbA==",
          "dependencies": [
            "module.ecs.aws_iam_policy.secret_access_policy",
            "module.ecs.aws_iam_role.ecs_execution_role",
            "module.ecs.aws_secretsmanager_secret.envs",
            "module.ecs.aws_secretsmanager_secret.my_secrets",
            "module.ecs.aws_secretsmanager_secret.openai_api_key",
            "module.ecs.aws_secretsmanager_secret.openai_endpoints",
            "module.load_balancer.aws_acm_certificate.ssl_cert",
            "module.load_balancer.aws_acm_certificate.ssl_san_cert",
            "module.load_balancer.aws_acm_certificate_validation.ssl_cert_validation",
            "module.load_balancer.aws_acm_certificate_validation.ssl_san_cert_validation",
            "module.load_balancer.aws_eip.nat",
            "module.load_balancer.aws_internet_gateway.igw",
            "module.load_balancer.aws_lb.alb",
            "module.load_balancer.aws_lb_listener.http",
            "module.load_balancer.aws_lb_listener.https",
            "module.load_balancer.aws_lb_listener.https_root_redirect",
            "module.load_balancer.aws_lb_listener_rule.redirect_rule",
            "module.load_balancer.aws_lb_listener_rule.rule",
            "module.load_balancer.aws_lb_listener_rule.www_rule",
            "module.load_balancer.aws_lb_target_group.tg",
            "module.load_balancer.aws_nat_gateway.nat_gw",
            "module.load_balancer.aws_route.private_nat_gw",
            "module.load_balancer.aws_route53_record.cert_validation",
            "module.load_balancer.aws_route53_record.root_alias",
            "module.load_balancer.aws_route53_record.root_cname",
            "module.load_balancer.aws_route53_record.san_cert_validation",
            "module.load_balancer.aws_route53_record.www_cname",
            "module.load_balancer.aws_route_table.private",
            "module.load_balancer.aws_route_table.public",
            "module.load_balancer.aws_route_table_association.private",
            "module.load_balancer.aws_route_table_association.public",
            "module.load_balancer.aws_s3_bucket.alb_access_logs",
            "module.load_balancer.aws_s3_bucket_policy.alb_access_logs_policy",
            "module.load_balancer.aws_security_group.alb_sg",
            "module.load_balancer.aws_subnet.private",
            "module.load_balancer.aws_subnet.public",
            "module.load_balancer.aws_vpc.main",
            "module.load_balancer.aws_vpc_endpoint.s3",
            "module.load_balancer.data.aws_availability_zones.available",
            "module.load_balancer.data.aws_caller_identity.current",
            "module.load_balancer.random_id.random"
          ]
        }
      ]
    },
    {
      "module": "module.ecs",
      "mode": "managed",
      "type": "aws_iam_role_policy_attachment",
      "name": "ecs_task_execution_role_log_policy",
      "provider": "provider[\"registry.terraform.io/hashicorp/aws\"]",
      "instances": [
        {
          "schema_version": 0,
          "attributes": {
            "id": "dev-gen-ai-app-task-execution-role-20240822074049788300000004",
            "policy_arn": "arn:aws:iam::008971661410:policy/dev-amplifygenai-cloudwatch-policy",
            "role": "dev-gen-ai-app-task-execution-role"
          },
          "sensitive_attributes": [],
          "private": "bnVsbA==",
          "dependencies": [
            "module.ecs.aws_iam_policy.cloudwatch_logs_write_policy",
            "module.ecs.aws_iam_role.ecs_execution_role",
            "module.load_balancer.aws_acm_certificate.ssl_cert",
            "module.load_balancer.aws_acm_certificate.ssl_san_cert",
            "module.load_balancer.aws_acm_certificate_validation.ssl_cert_validation",
            "module.load_balancer.aws_acm_certificate_validation.ssl_san_cert_validation",
            "module.load_balancer.aws_eip.nat",
            "module.load_balancer.aws_internet_gateway.igw",
            "module.load_balancer.aws_lb.alb",
            "module.load_balancer.aws_lb_listener.http",
            "module.load_balancer.aws_lb_listener.https",
            "module.load_balancer.aws_lb_listener.https_root_redirect",
            "module.load_balancer.aws_lb_listener_rule.redirect_rule",
            "module.load_balancer.aws_lb_listener_rule.rule",
            "module.load_balancer.aws_lb_listener_rule.www_rule",
            "module.load_balancer.aws_lb_target_group.tg",
            "module.load_balancer.aws_nat_gateway.nat_gw",
            "module.load_balancer.aws_route.private_nat_gw",
            "module.load_balancer.aws_route53_record.cert_validation",
            "module.load_balancer.aws_route53_record.root_alias",
            "module.load_balancer.aws_route53_record.root_cname",
            "module.load_balancer.aws_route53_record.san_cert_validation",
            "module.load_balancer.aws_route53_record.www_cname",
            "module.load_balancer.aws_route_table.private",
            "module.load_balancer.aws_route_table.public",
            "module.load_balancer.aws_route_table_association.private",
            "module.load_balancer.aws_route_table_association.public",
            "module.load_balancer.aws_s3_bucket.alb_access_logs",
            "module.load_balancer.aws_s3_bucket_policy.alb_access_logs_policy",
            "module.load_balancer.aws_security_group.alb_sg",
            "module.load_balancer.aws_subnet.private",
            "module.load_balancer.aws_subnet.public",
            "module.load_balancer.aws_vpc.main",
            "module.load_balancer.aws_vpc_endpoint.s3",
            "module.load_balancer.data.aws_availability_zones.available",
            "module.load_balancer.data.aws_caller_identity.current",
            "module.load_balancer.random_id.random"
          ]
        }
      ]
    },
    {
      "module": "module.ecs",
      "mode": "managed",
      "type": "aws_secretsmanager_secret",
      "name": "envs",
      "provider": "provider[\"registry.terraform.io/hashicorp/aws\"]",
      "instances": [
        {
          "schema_version": 0,
          "attributes": {
            "arn": "arn:aws:secretsmanager:us-east-1:008971661410:secret:dev-amplify-app-vars-NPVvPx",
            "description": "Store environment and application specific secrets",
            "force_overwrite_replica_secret": false,
            "id": "arn:aws:secretsmanager:us-east-1:008971661410:secret:dev-amplify-app-vars-NPVvPx",
            "kms_key_id": "",
            "name": "dev-amplify-app-vars",
            "name_prefix": "",
            "policy": "",
            "recovery_window_in_days": 30,
            "replica": [],
            "tags": {},
            "tags_all": {}
          },
          "sensitive_attributes": [],
          "private": "bnVsbA==",
          "dependencies": [
            "module.load_balancer.aws_acm_certificate.ssl_cert",
            "module.load_balancer.aws_acm_certificate.ssl_san_cert",
            "module.load_balancer.aws_acm_certificate_validation.ssl_cert_validation",
            "module.load_balancer.aws_acm_certificate_validation.ssl_san_cert_validation",
            "module.load_balancer.aws_eip.nat",
            "module.load_balancer.aws_internet_gateway.igw",
            "module.load_balancer.aws_lb.alb",
            "module.load_balancer.aws_lb_listener.http",
            "module.load_balancer.aws_lb_listener.https",
            "module.load_balancer.aws_lb_listener.https_root_redirect",
            "module.load_balancer.aws_lb_listener_rule.redirect_rule",
            "module.load_balancer.aws_lb_listener_rule.rule",
            "module.load_balancer.aws_lb_listener_rule.www_rule",
            "module.load_balancer.aws_lb_target_group.tg",
            "module.load_balancer.aws_nat_gateway.nat_gw",
            "module.load_balancer.aws_route.private_nat_gw",
            "module.load_balancer.aws_route53_record.cert_validation",
            "module.load_balancer.aws_route53_record.root_alias",
            "module.load_balancer.aws_route53_record.root_cname",
            "module.load_balancer.aws_route53_record.san_cert_validation",
            "module.load_balancer.aws_route53_record.www_cname",
            "module.load_balancer.aws_route_table.private",
            "module.load_balancer.aws_route_table.public",
            "module.load_balancer.aws_route_table_association.private",
            "module.load_balancer.aws_route_table_association.public",
            "module.load_balancer.aws_s3_bucket.alb_access_logs",
            "module.load_balancer.aws_s3_bucket_policy.alb_access_logs_policy",
            "module.load_balancer.aws_security_group.alb_sg",
            "module.load_balancer.aws_subnet.private",
            "module.load_balancer.aws_subnet.public",
            "module.load_balancer.aws_vpc.main",
            "module.load_balancer.aws_vpc_endpoint.s3",
            "module.load_balancer.data.aws_availability_zones.available",
            "module.load_balancer.data.aws_caller_identity.current",
            "module.load_balancer.random_id.random"
          ]
        }
      ]
    },
    {
      "module": "module.ecs",
      "mode": "managed",
      "type": "aws_secretsmanager_secret",
      "name": "my_secrets",
      "provider": "provider[\"registry.terraform.io/hashicorp/aws\"]",
      "instances": [
        {
          "schema_version": 0,
          "attributes": {
            "arn": "arn:aws:secretsmanager:us-east-1:008971661410:secret:dev-amplify-app-secrets-QjU8kO",
            "description": "Store environment and application specific secrets",
            "force_overwrite_replica_secret": false,
            "id": "arn:aws:secretsmanager:us-east-1:008971661410:secret:dev-amplify-app-secrets-QjU8kO",
            "kms_key_id": "",
            "name": "dev-amplify-app-secrets",
            "name_prefix": "",
            "policy": "",
            "recovery_window_in_days": 30,
            "replica": [],
            "tags": {},
            "tags_all": {}
          },
          "sensitive_attributes": [],
          "private": "bnVsbA==",
          "dependencies": [
            "module.load_balancer.aws_acm_certificate.ssl_cert",
            "module.load_balancer.aws_acm_certificate.ssl_san_cert",
            "module.load_balancer.aws_acm_certificate_validation.ssl_cert_validation",
            "module.load_balancer.aws_acm_certificate_validation.ssl_san_cert_validation",
            "module.load_balancer.aws_eip.nat",
            "module.load_balancer.aws_internet_gateway.igw",
            "module.load_balancer.aws_lb.alb",
            "module.load_balancer.aws_lb_listener.http",
            "module.load_balancer.aws_lb_listener.https",
            "module.load_balancer.aws_lb_listener.https_root_redirect",
            "module.load_balancer.aws_lb_listener_rule.redirect_rule",
            "module.load_balancer.aws_lb_listener_rule.rule",
            "module.load_balancer.aws_lb_listener_rule.www_rule",
            "module.load_balancer.aws_lb_target_group.tg",
            "module.load_balancer.aws_nat_gateway.nat_gw",
            "module.load_balancer.aws_route.private_nat_gw",
            "module.load_balancer.aws_route53_record.cert_validation",
            "module.load_balancer.aws_route53_record.root_alias",
            "module.load_balancer.aws_route53_record.root_cname",
            "module.load_balancer.aws_route53_record.san_cert_validation",
            "module.load_balancer.aws_route53_record.www_cname",
            "module.load_balancer.aws_route_table.private",
            "module.load_balancer.aws_route_table.public",
            "module.load_balancer.aws_route_table_association.private",
            "module.load_balancer.aws_route_table_association.public",
            "module.load_balancer.aws_s3_bucket.alb_access_logs",
            "module.load_balancer.aws_s3_bucket_policy.alb_access_logs_policy",
            "module.load_balancer.aws_security_group.alb_sg",
            "module.load_balancer.aws_subnet.private",
            "module.load_balancer.aws_subnet.public",
            "module.load_balancer.aws_vpc.main",
            "module.load_balancer.aws_vpc_endpoint.s3",
            "module.load_balancer.data.aws_availability_zones.available",
            "module.load_balancer.data.aws_caller_identity.current",
            "module.load_balancer.random_id.random"
          ]
        }
      ]
    },
    {
      "module": "module.ecs",
      "mode": "managed",
      "type": "aws_secretsmanager_secret",
      "name": "openai_api_key",
      "provider": "provider[\"registry.terraform.io/hashicorp/aws\"]",
      "instances": [
        {
          "schema_version": 0,
          "attributes": {
            "arn": "arn:aws:secretsmanager:us-east-1:008971661410:secret:dev-openai-api-key-jWZxCz",
            "description": "Store openai api key",
            "force_overwrite_replica_secret": false,
            "id": "arn:aws:secretsmanager:us-east-1:008971661410:secret:dev-openai-api-key-jWZxCz",
            "kms_key_id": "",
            "name": "dev-openai-api-key",
            "name_prefix": "",
            "policy": "",
            "recovery_window_in_days": 30,
            "replica": [],
            "tags": {},
            "tags_all": {}
          },
          "sensitive_attributes": [],
          "private": "bnVsbA==",
          "dependencies": [
            "module.load_balancer.aws_acm_certificate.ssl_cert",
            "module.load_balancer.aws_acm_certificate.ssl_san_cert",
            "module.load_balancer.aws_acm_certificate_validation.ssl_cert_validation",
            "module.load_balancer.aws_acm_certificate_validation.ssl_san_cert_validation",
            "module.load_balancer.aws_eip.nat",
            "module.load_balancer.aws_internet_gateway.igw",
            "module.load_balancer.aws_lb.alb",
            "module.load_balancer.aws_lb_listener.http",
            "module.load_balancer.aws_lb_listener.https",
            "module.load_balancer.aws_lb_listener.https_root_redirect",
            "module.load_balancer.aws_lb_listener_rule.redirect_rule",
            "module.load_balancer.aws_lb_listener_rule.rule",
            "module.load_balancer.aws_lb_listener_rule.www_rule",
            "module.load_balancer.aws_lb_target_group.tg",
            "module.load_balancer.aws_nat_gateway.nat_gw",
            "module.load_balancer.aws_route.private_nat_gw",
            "module.load_balancer.aws_route53_record.cert_validation",
            "module.load_balancer.aws_route53_record.root_alias",
            "module.load_balancer.aws_route53_record.root_cname",
            "module.load_balancer.aws_route53_record.san_cert_validation",
            "module.load_balancer.aws_route53_record.www_cname",
            "module.load_balancer.aws_route_table.private",
            "module.load_balancer.aws_route_table.public",
            "module.load_balancer.aws_route_table_association.private",
            "module.load_balancer.aws_route_table_association.public",
            "module.load_balancer.aws_s3_bucket.alb_access_logs",
            "module.load_balancer.aws_s3_bucket_policy.alb_access_logs_policy",
            "module.load_balancer.aws_security_group.alb_sg",
            "module.load_balancer.aws_subnet.private",
            "module.load_balancer.aws_subnet.public",
            "module.load_balancer.aws_vpc.main",
            "module.load_balancer.aws_vpc_endpoint.s3",
            "module.load_balancer.data.aws_availability_zones.available",
            "module.load_balancer.data.aws_caller_identity.current",
            "module.load_balancer.random_id.random"
          ]
        }
      ]
    },
    {
      "module": "module.ecs",
      "mode": "managed",
      "type": "aws_secretsmanager_secret",
      "name": "openai_endpoints",
      "provider": "provider[\"registry.terraform.io/hashicorp/aws\"]",
      "instances": [
        {
          "schema_version": 0,
          "attributes": {
            "arn": "arn:aws:secretsmanager:us-east-1:008971661410:secret:dev-openai-endpoints-3gKK4K",
            "description": "Store openai endpoints and key",
            "force_overwrite_replica_secret": false,
            "id": "arn:aws:secretsmanager:us-east-1:008971661410:secret:dev-openai-endpoints-3gKK4K",
            "kms_key_id": "",
            "name": "dev-openai-endpoints",
            "name_prefix": "",
            "policy": "",
            "recovery_window_in_days": 30,
            "replica": [],
            "tags": {},
            "tags_all": {}
          },
          "sensitive_attributes": [],
          "private": "bnVsbA==",
          "dependencies": [
            "module.load_balancer.aws_acm_certificate.ssl_cert",
            "module.load_balancer.aws_acm_certificate.ssl_san_cert",
            "module.load_balancer.aws_acm_certificate_validation.ssl_cert_validation",
            "module.load_balancer.aws_acm_certificate_validation.ssl_san_cert_validation",
            "module.load_balancer.aws_eip.nat",
            "module.load_balancer.aws_internet_gateway.igw",
            "module.load_balancer.aws_lb.alb",
            "module.load_balancer.aws_lb_listener.http",
            "module.load_balancer.aws_lb_listener.https",
            "module.load_balancer.aws_lb_listener.https_root_redirect",
            "module.load_balancer.aws_lb_listener_rule.redirect_rule",
            "module.load_balancer.aws_lb_listener_rule.rule",
            "module.load_balancer.aws_lb_listener_rule.www_rule",
            "module.load_balancer.aws_lb_target_group.tg",
            "module.load_balancer.aws_nat_gateway.nat_gw",
            "module.load_balancer.aws_route.private_nat_gw",
            "module.load_balancer.aws_route53_record.cert_validation",
            "module.load_balancer.aws_route53_record.root_alias",
            "module.load_balancer.aws_route53_record.root_cname",
            "module.load_balancer.aws_route53_record.san_cert_validation",
            "module.load_balancer.aws_route53_record.www_cname",
            "module.load_balancer.aws_route_table.private",
            "module.load_balancer.aws_route_table.public",
            "module.load_balancer.aws_route_table_association.private",
            "module.load_balancer.aws_route_table_association.public",
            "module.load_balancer.aws_s3_bucket.alb_access_logs",
            "module.load_balancer.aws_s3_bucket_policy.alb_access_logs_policy",
            "module.load_balancer.aws_security_group.alb_sg",
            "module.load_balancer.aws_subnet.private",
            "module.load_balancer.aws_subnet.public",
            "module.load_balancer.aws_vpc.main",
            "module.load_balancer.aws_vpc_endpoint.s3",
            "module.load_balancer.data.aws_availability_zones.available",
            "module.load_balancer.data.aws_caller_identity.current",
            "module.load_balancer.random_id.random"
          ]
        }
      ]
    },
    {
      "module": "module.ecs",
      "mode": "managed",
      "type": "aws_secretsmanager_secret_version",
      "name": "envs_version",
      "provider": "provider[\"registry.terraform.io/hashicorp/aws\"]",
      "instances": [
        {
          "schema_version": 0,
          "attributes": {
            "arn": "arn:aws:secretsmanager:us-east-1:008971661410:secret:dev-amplify-app-vars-NPVvPx",
            "id": "arn:aws:secretsmanager:us-east-1:008971661410:secret:dev-amplify-app-vars-NPVvPx|FD417BFC-4486-41D1-8900-E6E339961A72",
            "secret_binary": "",
            "secret_id": "arn:aws:secretsmanager:us-east-1:008971661410:secret:dev-amplify-app-vars-NPVvPx",
            "secret_string": "{\"API_BASE_URL\":\"api.fekgpt.com\",\"ASSISTANTS_API_BASE\":\"https://yt4zjg66x2.execute-api.us-east-1.amazonaws.com/dev\",\"AVAILABLE_MODELS\":\"gpt-35-turbo,gpt-4o,gpt-4-1106-Preview,anthropic.claude-instant-v1,anthropic.claude-v2:1,anthropic.claude-3-sonnet-20240229-v1:0,anthropic.claude-3-haiku-20240307-v1:0,anthropic.claude-3-opus-20240229-v1:0,mistral.mistral-7b-instruct-v0:2,mistral.mixtral-8x7b-instruct-v0:1,mistral.mistral-large-2402-v1:0\",\"AZURE_API_NAME\":\"fekgpt\",\"AZURE_DEPLOYMENT_ID\":\"1475aacc-abe7-4057-8478-d4173b7d15a2\",\"CHAT_ENDPOINT\":\"https://v5fdcwo6ynyxdj7h37rvgriniy0nwrkf.lambda-url.us-east-1.on.aws/\",\"COGNITO_CLIENT_ID\":\"1hpvkaj5rn0kg9l1ditprnq9ns\",\"COGNITO_DOMAIN\":\"https://auth.fekgpt.com\",\"COGNITO_ISSUER\":\"https://cognito-idp.us-east-1.amazonaws.com/us-east-1_KMahKXPPZ\",\"DEFAULT_FUNCTION_CALL_MODEL\":\"gpt-4-1106-Preview\",\"DEFAULT_MODEL\":\"gpt-35-turbo\",\"MIXPANEL_TOKEN\":\"b465d9313413a06bec2283ec9939b827\",\"NEXTAUTH_SECRET\":\"zqybpcCugruex/ZZVqtezV9KVcL6uXFJ9PVO24/hRjk=\",\"NEXTAUTH_URL\":\"https://fekgpt.com\",\"OPENAI_API_HOST\":\"https://fekgpt.openai.azure.com\",\"OPENAI_API_TYPE\":\"azure\",\"OPENAI_API_VERSION\":\"2023-03-15-preview\"}",
            "version_id": "FD417BFC-4486-41D1-8900-E6E339961A72",
            "version_stages": [
              "AWSCURRENT"
            ]
          },
          "sensitive_attributes": [
            [
              {
                "type": "get_attr",
                "value": "secret_binary"
              }
            ],
            [
              {
                "type": "get_attr",
                "value": "secret_string"
              }
            ]
          ],
          "private": "bnVsbA==",
          "dependencies": [
            "module.ecs.aws_secretsmanager_secret.envs",
            "module.load_balancer.aws_acm_certificate.ssl_cert",
            "module.load_balancer.aws_acm_certificate.ssl_san_cert",
            "module.load_balancer.aws_acm_certificate_validation.ssl_cert_validation",
            "module.load_balancer.aws_acm_certificate_validation.ssl_san_cert_validation",
            "module.load_balancer.aws_eip.nat",
            "module.load_balancer.aws_internet_gateway.igw",
            "module.load_balancer.aws_lb.alb",
            "module.load_balancer.aws_lb_listener.http",
            "module.load_balancer.aws_lb_listener.https",
            "module.load_balancer.aws_lb_listener.https_root_redirect",
            "module.load_balancer.aws_lb_listener_rule.redirect_rule",
            "module.load_balancer.aws_lb_listener_rule.rule",
            "module.load_balancer.aws_lb_listener_rule.www_rule",
            "module.load_balancer.aws_lb_target_group.tg",
            "module.load_balancer.aws_nat_gateway.nat_gw",
            "module.load_balancer.aws_route.private_nat_gw",
            "module.load_balancer.aws_route53_record.cert_validation",
            "module.load_balancer.aws_route53_record.root_alias",
            "module.load_balancer.aws_route53_record.root_cname",
            "module.load_balancer.aws_route53_record.san_cert_validation",
            "module.load_balancer.aws_route53_record.www_cname",
            "module.load_balancer.aws_route_table.private",
            "module.load_balancer.aws_route_table.public",
            "module.load_balancer.aws_route_table_association.private",
            "module.load_balancer.aws_route_table_association.public",
            "module.load_balancer.aws_s3_bucket.alb_access_logs",
            "module.load_balancer.aws_s3_bucket_policy.alb_access_logs_policy",
            "module.load_balancer.aws_security_group.alb_sg",
            "module.load_balancer.aws_subnet.private",
            "module.load_balancer.aws_subnet.public",
            "module.load_balancer.aws_vpc.main",
            "module.load_balancer.aws_vpc_endpoint.s3",
            "module.load_balancer.data.aws_availability_zones.available",
            "module.load_balancer.data.aws_caller_identity.current",
            "module.load_balancer.random_id.random"
          ]
        }
      ]
    },
    {
      "module": "module.ecs",
      "mode": "managed",
      "type": "aws_secretsmanager_secret_version",
      "name": "my_secrets_version",
      "provider": "provider[\"registry.terraform.io/hashicorp/aws\"]",
      "instances": [
        {
          "schema_version": 0,
          "attributes": {
            "arn": "arn:aws:secretsmanager:us-east-1:008971661410:secret:dev-amplify-app-secrets-QjU8kO",
            "id": "arn:aws:secretsmanager:us-east-1:008971661410:secret:dev-amplify-app-secrets-QjU8kO|B305E551-17E6-4EAB-B5B9-5577790F6DEE",
            "secret_binary": "",
            "secret_id": "arn:aws:secretsmanager:us-east-1:008971661410:secret:dev-amplify-app-secrets-QjU8kO",
            "secret_string": "{\"COGNITO_CLIENT_SECRET\":\"ls1rf0j2f493akpo2ll1qe32acfaftlgrqv3oi6r1bhmsu4q0p5\",\"NEXTAUTH_SECRET\":\"zqybpcCugruex/ZZVqtezV9KVcL6uXFJ9PVO24/hRjk=\",\"OPENAI_API_KEY\":\"d193a8ef0f9a49e49fcabd53e4b0c4c0\"}",
            "version_id": "B305E551-17E6-4EAB-B5B9-5577790F6DEE",
            "version_stages": [
              "AWSCURRENT"
            ]
          },
          "sensitive_attributes": [
            [
              {
                "type": "get_attr",
                "value": "secret_binary"
              }
            ],
            [
              {
                "type": "get_attr",
                "value": "secret_string"
              }
            ]
          ],
          "private": "bnVsbA==",
          "dependencies": [
            "module.ecs.aws_secretsmanager_secret.my_secrets",
            "module.load_balancer.aws_acm_certificate.ssl_cert",
            "module.load_balancer.aws_acm_certificate.ssl_san_cert",
            "module.load_balancer.aws_acm_certificate_validation.ssl_cert_validation",
            "module.load_balancer.aws_acm_certificate_validation.ssl_san_cert_validation",
            "module.load_balancer.aws_eip.nat",
            "module.load_balancer.aws_internet_gateway.igw",
            "module.load_balancer.aws_lb.alb",
            "module.load_balancer.aws_lb_listener.http",
            "module.load_balancer.aws_lb_listener.https",
            "module.load_balancer.aws_lb_listener.https_root_redirect",
            "module.load_balancer.aws_lb_listener_rule.redirect_rule",
            "module.load_balancer.aws_lb_listener_rule.rule",
            "module.load_balancer.aws_lb_listener_rule.www_rule",
            "module.load_balancer.aws_lb_target_group.tg",
            "module.load_balancer.aws_nat_gateway.nat_gw",
            "module.load_balancer.aws_route.private_nat_gw",
            "module.load_balancer.aws_route53_record.cert_validation",
            "module.load_balancer.aws_route53_record.root_alias",
            "module.load_balancer.aws_route53_record.root_cname",
            "module.load_balancer.aws_route53_record.san_cert_validation",
            "module.load_balancer.aws_route53_record.www_cname",
            "module.load_balancer.aws_route_table.private",
            "module.load_balancer.aws_route_table.public",
            "module.load_balancer.aws_route_table_association.private",
            "module.load_balancer.aws_route_table_association.public",
            "module.load_balancer.aws_s3_bucket.alb_access_logs",
            "module.load_balancer.aws_s3_bucket_policy.alb_access_logs_policy",
            "module.load_balancer.aws_security_group.alb_sg",
            "module.load_balancer.aws_subnet.private",
            "module.load_balancer.aws_subnet.public",
            "module.load_balancer.aws_vpc.main",
            "module.load_balancer.aws_vpc_endpoint.s3",
            "module.load_balancer.data.aws_availability_zones.available",
            "module.load_balancer.data.aws_caller_identity.current",
            "module.load_balancer.random_id.random"
          ]
        }
      ]
    },
    {
      "module": "module.ecs",
      "mode": "managed",
      "type": "aws_secretsmanager_secret_version",
      "name": "openai_api_key_version",
      "provider": "provider[\"registry.terraform.io/hashicorp/aws\"]",
      "instances": [
        {
          "schema_version": 0,
          "attributes": {
            "arn": "arn:aws:secretsmanager:us-east-1:008971661410:secret:dev-openai-api-key-jWZxCz",
            "id": "arn:aws:secretsmanager:us-east-1:008971661410:secret:dev-openai-api-key-jWZxCz|567009B8-832D-4CF0-B12B-DC435EEFB602",
            "secret_binary": "",
            "secret_id": "arn:aws:secretsmanager:us-east-1:008971661410:secret:dev-openai-api-key-jWZxCz",
            "secret_string": "\"\"",
            "version_id": "567009B8-832D-4CF0-B12B-DC435EEFB602",
            "version_stages": [
              "AWSPREVIOUS"
            ]
          },
          "sensitive_attributes": [
            [
              {
                "type": "get_attr",
                "value": "secret_binary"
              }
            ],
            [
              {
                "type": "get_attr",
                "value": "secret_string"
              }
            ]
          ],
          "private": "bnVsbA==",
          "dependencies": [
            "module.ecs.aws_secretsmanager_secret.openai_api_key",
            "module.load_balancer.aws_acm_certificate.ssl_cert",
            "module.load_balancer.aws_acm_certificate.ssl_san_cert",
            "module.load_balancer.aws_acm_certificate_validation.ssl_cert_validation",
            "module.load_balancer.aws_acm_certificate_validation.ssl_san_cert_validation",
            "module.load_balancer.aws_eip.nat",
            "module.load_balancer.aws_internet_gateway.igw",
            "module.load_balancer.aws_lb.alb",
            "module.load_balancer.aws_lb_listener.http",
            "module.load_balancer.aws_lb_listener.https",
            "module.load_balancer.aws_lb_listener.https_root_redirect",
            "module.load_balancer.aws_lb_listener_rule.redirect_rule",
            "module.load_balancer.aws_lb_listener_rule.rule",
            "module.load_balancer.aws_lb_listener_rule.www_rule",
            "module.load_balancer.aws_lb_target_group.tg",
            "module.load_balancer.aws_nat_gateway.nat_gw",
            "module.load_balancer.aws_route.private_nat_gw",
            "module.load_balancer.aws_route53_record.cert_validation",
            "module.load_balancer.aws_route53_record.root_alias",
            "module.load_balancer.aws_route53_record.root_cname",
            "module.load_balancer.aws_route53_record.san_cert_validation",
            "module.load_balancer.aws_route53_record.www_cname",
            "module.load_balancer.aws_route_table.private",
            "module.load_balancer.aws_route_table.public",
            "module.load_balancer.aws_route_table_association.private",
            "module.load_balancer.aws_route_table_association.public",
            "module.load_balancer.aws_s3_bucket.alb_access_logs",
            "module.load_balancer.aws_s3_bucket_policy.alb_access_logs_policy",
            "module.load_balancer.aws_security_group.alb_sg",
            "module.load_balancer.aws_subnet.private",
            "module.load_balancer.aws_subnet.public",
            "module.load_balancer.aws_vpc.main",
            "module.load_balancer.aws_vpc_endpoint.s3",
            "module.load_balancer.data.aws_availability_zones.available",
            "module.load_balancer.data.aws_caller_identity.current",
            "module.load_balancer.random_id.random"
          ]
        }
      ]
    },
    {
      "module": "module.ecs",
      "mode": "managed",
      "type": "aws_secretsmanager_secret_version",
      "name": "openai_endpoints_version",
      "provider": "provider[\"registry.terraform.io/hashicorp/aws\"]",
      "instances": [
        {
          "schema_version": 0,
          "attributes": {
            "arn": "arn:aws:secretsmanager:us-east-1:008971661410:secret:dev-openai-endpoints-3gKK4K",
            "id": "arn:aws:secretsmanager:us-east-1:008971661410:secret:dev-openai-endpoints-3gKK4K|75695B2C-1829-4B08-B611-5DD77F5A0C14",
            "secret_binary": "",
            "secret_id": "arn:aws:secretsmanager:us-east-1:008971661410:secret:dev-openai-endpoints-3gKK4K",
            "secret_string": "\"\"",
            "version_id": "75695B2C-1829-4B08-B611-5DD77F5A0C14",
            "version_stages": [
              "AWSPREVIOUS"
            ]
          },
          "sensitive_attributes": [
            [
              {
                "type": "get_attr",
                "value": "secret_binary"
              }
            ],
            [
              {
                "type": "get_attr",
                "value": "secret_string"
              }
            ]
          ],
          "private": "bnVsbA==",
          "dependencies": [
            "module.ecs.aws_secretsmanager_secret.openai_endpoints",
            "module.load_balancer.aws_acm_certificate.ssl_cert",
            "module.load_balancer.aws_acm_certificate.ssl_san_cert",
            "module.load_balancer.aws_acm_certificate_validation.ssl_cert_validation",
            "module.load_balancer.aws_acm_certificate_validation.ssl_san_cert_validation",
            "module.load_balancer.aws_eip.nat",
            "module.load_balancer.aws_internet_gateway.igw",
            "module.load_balancer.aws_lb.alb",
            "module.load_balancer.aws_lb_listener.http",
            "module.load_balancer.aws_lb_listener.https",
            "module.load_balancer.aws_lb_listener.https_root_redirect",
            "module.load_balancer.aws_lb_listener_rule.redirect_rule",
            "module.load_balancer.aws_lb_listener_rule.rule",
            "module.load_balancer.aws_lb_listener_rule.www_rule",
            "module.load_balancer.aws_lb_target_group.tg",
            "module.load_balancer.aws_nat_gateway.nat_gw",
            "module.load_balancer.aws_route.private_nat_gw",
            "module.load_balancer.aws_route53_record.cert_validation",
            "module.load_balancer.aws_route53_record.root_alias",
            "module.load_balancer.aws_route53_record.root_cname",
            "module.load_balancer.aws_route53_record.san_cert_validation",
            "module.load_balancer.aws_route53_record.www_cname",
            "module.load_balancer.aws_route_table.private",
            "module.load_balancer.aws_route_table.public",
            "module.load_balancer.aws_route_table_association.private",
            "module.load_balancer.aws_route_table_association.public",
            "module.load_balancer.aws_s3_bucket.alb_access_logs",
            "module.load_balancer.aws_s3_bucket_policy.alb_access_logs_policy",
            "module.load_balancer.aws_security_group.alb_sg",
            "module.load_balancer.aws_subnet.private",
            "module.load_balancer.aws_subnet.public",
            "module.load_balancer.aws_vpc.main",
            "module.load_balancer.aws_vpc_endpoint.s3",
            "module.load_balancer.data.aws_availability_zones.available",
            "module.load_balancer.data.aws_caller_identity.current",
            "module.load_balancer.random_id.random"
          ]
        }
      ]
    },
    {
      "module": "module.ecs",
      "mode": "managed",
      "type": "aws_security_group",
      "name": "ecs_tasks_sg",
      "provider": "provider[\"registry.terraform.io/hashicorp/aws\"]",
      "instances": [
        {
          "schema_version": 1,
          "attributes": {
            "arn": "arn:aws:ec2:us-east-1:008971661410:security-group/sg-0fada814d77dc011c",
            "description": "Security group for ECS tasks",
            "egress": [
              {
                "cidr_blocks": [
                  "0.0.0.0/0"
                ],
                "description": "",
                "from_port": 0,
                "ipv6_cidr_blocks": [],
                "prefix_list_ids": [],
                "protocol": "-1",
                "security_groups": [],
                "self": false,
                "to_port": 0
              }
            ],
            "id": "sg-0fada814d77dc011c",
            "ingress": [
              {
                "cidr_blocks": [],
                "description": "",
                "from_port": 3000,
                "ipv6_cidr_blocks": [],
                "prefix_list_ids": [],
                "protocol": "tcp",
                "security_groups": [
                  "sg-02545ad69431b290b"
                ],
                "self": false,
                "to_port": 3000
              },
              {
                "cidr_blocks": [],
                "description": "",
                "from_port": 443,
                "ipv6_cidr_blocks": [],
                "prefix_list_ids": [],
                "protocol": "tcp",
                "security_groups": [],
                "self": true,
                "to_port": 443
              }
            ],
            "name": "dev-amplifygenai-service-ecs-tasks",
            "name_prefix": "",
            "owner_id": "008971661410",
            "revoke_rules_on_delete": false,
            "tags": {},
            "tags_all": {},
            "timeouts": null,
            "vpc_id": "vpc-01601e5b5d483e580"
          },
          "sensitive_attributes": [],
          "private": "eyJlMmJmYjczMC1lY2FhLTExZTYtOGY4OC0zNDM2M2JjN2M0YzAiOnsiY3JlYXRlIjo2MDAwMDAwMDAwMDAsImRlbGV0ZSI6OTAwMDAwMDAwMDAwfSwic2NoZW1hX3ZlcnNpb24iOiIxIn0=",
          "dependencies": [
            "module.load_balancer.aws_acm_certificate.ssl_cert",
            "module.load_balancer.aws_acm_certificate.ssl_san_cert",
            "module.load_balancer.aws_acm_certificate_validation.ssl_cert_validation",
            "module.load_balancer.aws_acm_certificate_validation.ssl_san_cert_validation",
            "module.load_balancer.aws_eip.nat",
            "module.load_balancer.aws_internet_gateway.igw",
            "module.load_balancer.aws_lb.alb",
            "module.load_balancer.aws_lb_listener.http",
            "module.load_balancer.aws_lb_listener.https",
            "module.load_balancer.aws_lb_listener.https_root_redirect",
            "module.load_balancer.aws_lb_listener_rule.redirect_rule",
            "module.load_balancer.aws_lb_listener_rule.rule",
            "module.load_balancer.aws_lb_listener_rule.www_rule",
            "module.load_balancer.aws_lb_target_group.tg",
            "module.load_balancer.aws_nat_gateway.nat_gw",
            "module.load_balancer.aws_route.private_nat_gw",
            "module.load_balancer.aws_route53_record.cert_validation",
            "module.load_balancer.aws_route53_record.root_alias",
            "module.load_balancer.aws_route53_record.root_cname",
            "module.load_balancer.aws_route53_record.san_cert_validation",
            "module.load_balancer.aws_route53_record.www_cname",
            "module.load_balancer.aws_route_table.private",
            "module.load_balancer.aws_route_table.public",
            "module.load_balancer.aws_route_table_association.private",
            "module.load_balancer.aws_route_table_association.public",
            "module.load_balancer.aws_s3_bucket.alb_access_logs",
            "module.load_balancer.aws_s3_bucket_policy.alb_access_logs_policy",
            "module.load_balancer.aws_security_group.alb_sg",
            "module.load_balancer.aws_subnet.private",
            "module.load_balancer.aws_subnet.public",
            "module.load_balancer.aws_vpc.main",
            "module.load_balancer.aws_vpc_endpoint.s3",
            "module.load_balancer.data.aws_availability_zones.available",
            "module.load_balancer.data.aws_caller_identity.current",
            "module.load_balancer.random_id.random"
          ]
        }
      ]
    },
    {
      "module": "module.ecs",
      "mode": "managed",
      "type": "aws_sns_topic",
      "name": "ecs_alarm_notifications",
      "provider": "provider[\"registry.terraform.io/hashicorp/aws\"]",
      "instances": [
        {
          "schema_version": 0,
          "attributes": {
            "application_failure_feedback_role_arn": "",
            "application_success_feedback_role_arn": "",
            "application_success_feedback_sample_rate": 0,
            "arn": "arn:aws:sns:us-east-1:008971661410:ecs-service-alarms",
            "content_based_deduplication": false,
            "delivery_policy": "",
            "display_name": "",
            "fifo_topic": false,
            "firehose_failure_feedback_role_arn": "",
            "firehose_success_feedback_role_arn": "",
            "firehose_success_feedback_sample_rate": 0,
            "http_failure_feedback_role_arn": "",
            "http_success_feedback_role_arn": "",
            "http_success_feedback_sample_rate": 0,
            "id": "arn:aws:sns:us-east-1:008971661410:ecs-service-alarms",
            "kms_master_key_id": "",
            "lambda_failure_feedback_role_arn": "",
            "lambda_success_feedback_role_arn": "",
            "lambda_success_feedback_sample_rate": 0,
            "name": "ecs-service-alarms",
            "name_prefix": "",
            "owner": "008971661410",
            "policy": "{\"Id\":\"__default_policy_ID\",\"Statement\":[{\"Action\":[\"SNS:GetTopicAttributes\",\"SNS:SetTopicAttributes\",\"SNS:AddPermission\",\"SNS:RemovePermission\",\"SNS:DeleteTopic\",\"SNS:Subscribe\",\"SNS:ListSubscriptionsByTopic\",\"SNS:Publish\"],\"Condition\":{\"StringEquals\":{\"AWS:SourceOwner\":\"008971661410\"}},\"Effect\":\"Allow\",\"Principal\":{\"AWS\":\"*\"},\"Resource\":\"arn:aws:sns:us-east-1:008971661410:ecs-service-alarms\",\"Sid\":\"__default_statement_ID\"}],\"Version\":\"2008-10-17\"}",
            "signature_version": 0,
            "sqs_failure_feedback_role_arn": "",
            "sqs_success_feedback_role_arn": "",
            "sqs_success_feedback_sample_rate": 0,
            "tags": {},
            "tags_all": {},
            "tracing_config": ""
          },
          "sensitive_attributes": [],
          "private": "bnVsbA==",
          "dependencies": [
            "module.load_balancer.aws_acm_certificate.ssl_cert",
            "module.load_balancer.aws_acm_certificate.ssl_san_cert",
            "module.load_balancer.aws_acm_certificate_validation.ssl_cert_validation",
            "module.load_balancer.aws_acm_certificate_validation.ssl_san_cert_validation",
            "module.load_balancer.aws_eip.nat",
            "module.load_balancer.aws_internet_gateway.igw",
            "module.load_balancer.aws_lb.alb",
            "module.load_balancer.aws_lb_listener.http",
            "module.load_balancer.aws_lb_listener.https",
            "module.load_balancer.aws_lb_listener.https_root_redirect",
            "module.load_balancer.aws_lb_listener_rule.redirect_rule",
            "module.load_balancer.aws_lb_listener_rule.rule",
            "module.load_balancer.aws_lb_listener_rule.www_rule",
            "module.load_balancer.aws_lb_target_group.tg",
            "module.load_balancer.aws_nat_gateway.nat_gw",
            "module.load_balancer.aws_route.private_nat_gw",
            "module.load_balancer.aws_route53_record.cert_validation",
            "module.load_balancer.aws_route53_record.root_alias",
            "module.load_balancer.aws_route53_record.root_cname",
            "module.load_balancer.aws_route53_record.san_cert_validation",
            "module.load_balancer.aws_route53_record.www_cname",
            "module.load_balancer.aws_route_table.private",
            "module.load_balancer.aws_route_table.public",
            "module.load_balancer.aws_route_table_association.private",
            "module.load_balancer.aws_route_table_association.public",
            "module.load_balancer.aws_s3_bucket.alb_access_logs",
            "module.load_balancer.aws_s3_bucket_policy.alb_access_logs_policy",
            "module.load_balancer.aws_security_group.alb_sg",
            "module.load_balancer.aws_subnet.private",
            "module.load_balancer.aws_subnet.public",
            "module.load_balancer.aws_vpc.main",
            "module.load_balancer.aws_vpc_endpoint.s3",
            "module.load_balancer.data.aws_availability_zones.available",
            "module.load_balancer.data.aws_caller_identity.current",
            "module.load_balancer.random_id.random"
          ]
        }
      ]
    },
    {
      "module": "module.ecs",
      "mode": "managed",
      "type": "aws_sns_topic_subscription",
      "name": "ecs_alarm_email",
      "provider": "provider[\"registry.terraform.io/hashicorp/aws\"]",
      "instances": [
        {
          "schema_version": 0,
          "attributes": {
            "arn": "arn:aws:sns:us-east-1:008971661410:ecs-service-alarms:6fa19966-e4c4-4558-b1ac-913a2612678f",
            "confirmation_timeout_in_minutes": 1,
            "confirmation_was_authenticated": false,
            "delivery_policy": "",
            "endpoint": "ai@fek.lu.se",
            "endpoint_auto_confirms": false,
            "filter_policy": "",
            "filter_policy_scope": "",
            "id": "arn:aws:sns:us-east-1:008971661410:ecs-service-alarms:6fa19966-e4c4-4558-b1ac-913a2612678f",
            "owner_id": "008971661410",
            "pending_confirmation": true,
            "protocol": "email",
            "raw_message_delivery": false,
            "redrive_policy": "",
            "subscription_role_arn": "",
            "topic_arn": "arn:aws:sns:us-east-1:008971661410:ecs-service-alarms"
          },
          "sensitive_attributes": [],
          "private": "bnVsbA==",
          "dependencies": [
            "module.ecs.aws_sns_topic.ecs_alarm_notifications",
            "module.load_balancer.aws_acm_certificate.ssl_cert",
            "module.load_balancer.aws_acm_certificate.ssl_san_cert",
            "module.load_balancer.aws_acm_certificate_validation.ssl_cert_validation",
            "module.load_balancer.aws_acm_certificate_validation.ssl_san_cert_validation",
            "module.load_balancer.aws_eip.nat",
            "module.load_balancer.aws_internet_gateway.igw",
            "module.load_balancer.aws_lb.alb",
            "module.load_balancer.aws_lb_listener.http",
            "module.load_balancer.aws_lb_listener.https",
            "module.load_balancer.aws_lb_listener.https_root_redirect",
            "module.load_balancer.aws_lb_listener_rule.redirect_rule",
            "module.load_balancer.aws_lb_listener_rule.rule",
            "module.load_balancer.aws_lb_listener_rule.www_rule",
            "module.load_balancer.aws_lb_target_group.tg",
            "module.load_balancer.aws_nat_gateway.nat_gw",
            "module.load_balancer.aws_route.private_nat_gw",
            "module.load_balancer.aws_route53_record.cert_validation",
            "module.load_balancer.aws_route53_record.root_alias",
            "module.load_balancer.aws_route53_record.root_cname",
            "module.load_balancer.aws_route53_record.san_cert_validation",
            "module.load_balancer.aws_route53_record.www_cname",
            "module.load_balancer.aws_route_table.private",
            "module.load_balancer.aws_route_table.public",
            "module.load_balancer.aws_route_table_association.private",
            "module.load_balancer.aws_route_table_association.public",
            "module.load_balancer.aws_s3_bucket.alb_access_logs",
            "module.load_balancer.aws_s3_bucket_policy.alb_access_logs_policy",
            "module.load_balancer.aws_security_group.alb_sg",
            "module.load_balancer.aws_subnet.private",
            "module.load_balancer.aws_subnet.public",
            "module.load_balancer.aws_vpc.main",
            "module.load_balancer.aws_vpc_endpoint.s3",
            "module.load_balancer.data.aws_availability_zones.available",
            "module.load_balancer.data.aws_caller_identity.current",
            "module.load_balancer.random_id.random"
          ]
        }
      ]
    },
    {
      "module": "module.ecs",
      "mode": "managed",
      "type": "random_id",
      "name": "random",
      "provider": "provider[\"registry.terraform.io/hashicorp/random\"]",
      "instances": [
        {
          "schema_version": 0,
          "attributes": {
            "b64_std": "7nhFv6Xu2As=",
            "b64_url": "7nhFv6Xu2As",
            "byte_length": 8,
            "dec": "17183561067657091083",
            "hex": "ee7845bfa5eed80b",
            "id": "7nhFv6Xu2As",
            "keepers": null,
            "prefix": null
          },
          "sensitive_attributes": [],
          "dependencies": [
            "module.load_balancer.aws_acm_certificate.ssl_cert",
            "module.load_balancer.aws_acm_certificate.ssl_san_cert",
            "module.load_balancer.aws_acm_certificate_validation.ssl_cert_validation",
            "module.load_balancer.aws_acm_certificate_validation.ssl_san_cert_validation",
            "module.load_balancer.aws_eip.nat",
            "module.load_balancer.aws_internet_gateway.igw",
            "module.load_balancer.aws_lb.alb",
            "module.load_balancer.aws_lb_listener.http",
            "module.load_balancer.aws_lb_listener.https",
            "module.load_balancer.aws_lb_listener.https_root_redirect",
            "module.load_balancer.aws_lb_listener_rule.redirect_rule",
            "module.load_balancer.aws_lb_listener_rule.rule",
            "module.load_balancer.aws_lb_listener_rule.www_rule",
            "module.load_balancer.aws_lb_target_group.tg",
            "module.load_balancer.aws_nat_gateway.nat_gw",
            "module.load_balancer.aws_route.private_nat_gw",
            "module.load_balancer.aws_route53_record.cert_validation",
            "module.load_balancer.aws_route53_record.root_alias",
            "module.load_balancer.aws_route53_record.root_cname",
            "module.load_balancer.aws_route53_record.san_cert_validation",
            "module.load_balancer.aws_route53_record.www_cname",
            "module.load_balancer.aws_route_table.private",
            "module.load_balancer.aws_route_table.public",
            "module.load_balancer.aws_route_table_association.private",
            "module.load_balancer.aws_route_table_association.public",
            "module.load_balancer.aws_s3_bucket.alb_access_logs",
            "module.load_balancer.aws_s3_bucket_policy.alb_access_logs_policy",
            "module.load_balancer.aws_security_group.alb_sg",
            "module.load_balancer.aws_subnet.private",
            "module.load_balancer.aws_subnet.public",
            "module.load_balancer.aws_vpc.main",
            "module.load_balancer.aws_vpc_endpoint.s3",
            "module.load_balancer.data.aws_availability_zones.available",
            "module.load_balancer.data.aws_caller_identity.current",
            "module.load_balancer.random_id.random"
          ]
        }
      ]
    },
    {
      "module": "module.lambda_layer",
      "mode": "managed",
      "type": "aws_lambda_layer_version",
      "name": "panddoc_lambda_layer",
      "provider": "provider[\"registry.terraform.io/hashicorp/aws\"]",
      "instances": [
        {
          "schema_version": 0,
          "attributes": {
            "arn": "arn:aws:lambda:us-east-1:008971661410:layer:pandoc_layer:14",
            "compatible_architectures": [],
            "compatible_runtimes": [
              "python3.10",
              "python3.11"
            ],
            "created_date": "2024-08-22T07:31:48.284+0000",
            "description": "",
            "filename": "../files/pandoc_layer.zip",
            "id": "arn:aws:lambda:us-east-1:008971661410:layer:pandoc_layer:14",
            "layer_arn": "arn:aws:lambda:us-east-1:008971661410:layer:pandoc_layer",
            "layer_name": "pandoc_layer",
            "license_info": "",
            "s3_bucket": null,
            "s3_key": null,
            "s3_object_version": null,
            "signing_job_arn": "",
            "signing_profile_version_arn": "",
            "skip_destroy": false,
            "source_code_hash": "n0Rue3fQyuXOiBBdXKsdquXPqruqwT3okFf1tfmVoNU=",
            "source_code_size": 23723155,
            "version": "14"
          },
          "sensitive_attributes": [],
          "private": "bnVsbA=="
        }
      ]
    },
    {
      "module": "module.load_balancer",
      "mode": "data",
      "type": "aws_availability_zones",
      "name": "available",
      "provider": "provider[\"registry.terraform.io/hashicorp/aws\"]",
      "instances": [
        {
          "schema_version": 0,
          "attributes": {
            "all_availability_zones": null,
            "exclude_names": null,
            "exclude_zone_ids": null,
            "filter": null,
            "group_names": [
              "us-east-1"
            ],
            "id": "us-east-1",
            "names": [
              "us-east-1a",
              "us-east-1b",
              "us-east-1c",
              "us-east-1d",
              "us-east-1e",
              "us-east-1f"
            ],
            "state": "available",
            "timeouts": null,
            "zone_ids": [
              "use1-az1",
              "use1-az2",
              "use1-az4",
              "use1-az6",
              "use1-az3",
              "use1-az5"
            ]
          },
          "sensitive_attributes": []
        }
      ]
    },
    {
      "module": "module.load_balancer",
      "mode": "data",
      "type": "aws_caller_identity",
      "name": "current",
      "provider": "provider[\"registry.terraform.io/hashicorp/aws\"]",
      "instances": [
        {
          "schema_version": 0,
          "attributes": {
            "account_id": "008971661410",
            "arn": "arn:aws:iam::008971661410:root",
            "id": "008971661410",
            "user_id": "008971661410"
          },
          "sensitive_attributes": []
        }
      ]
    },
    {
      "module": "module.load_balancer",
      "mode": "managed",
      "type": "aws_acm_certificate",
      "name": "ssl_cert",
      "provider": "provider[\"registry.terraform.io/hashicorp/aws\"]",
      "instances": [
        {
          "index_key": 0,
          "schema_version": 0,
          "attributes": {
            "arn": "arn:aws:acm:us-east-1:008971661410:certificate/608a2395-8688-44c4-8f44-0f69d5a1d427",
            "certificate_authority_arn": "",
            "certificate_body": null,
            "certificate_chain": null,
            "domain_name": "*.fekgpt.com",
            "domain_validation_options": [
              {
                "domain_name": "*.fekgpt.com",
                "resource_record_name": "_38d83dc690f2e59431014dc54e4b9ccf.fekgpt.com.",
                "resource_record_type": "CNAME",
                "resource_record_value": "_fa2ef9e5dc2ad6a3f0ebbb3113666e6f.djqtsrsxkq.acm-validations.aws."
              },
              {
                "domain_name": "fekgpt.com",
                "resource_record_name": "_38d83dc690f2e59431014dc54e4b9ccf.fekgpt.com.",
                "resource_record_type": "CNAME",
                "resource_record_value": "_fa2ef9e5dc2ad6a3f0ebbb3113666e6f.djqtsrsxkq.acm-validations.aws."
              }
            ],
            "early_renewal_duration": "",
            "id": "arn:aws:acm:us-east-1:008971661410:certificate/608a2395-8688-44c4-8f44-0f69d5a1d427",
            "key_algorithm": "RSA_2048",
            "not_after": "2025-09-20T23:59:59Z",
            "not_before": "2024-08-22T00:00:00Z",
            "options": [
              {
                "certificate_transparency_logging_preference": "ENABLED"
              }
            ],
            "pending_renewal": false,
            "private_key": null,
            "renewal_eligibility": "ELIGIBLE",
            "renewal_summary": [],
            "status": "ISSUED",
            "subject_alternative_names": [
              "*.fekgpt.com",
              "fekgpt.com"
            ],
            "tags": {},
            "tags_all": {},
            "type": "AMAZON_ISSUED",
            "validation_emails": [],
            "validation_method": "DNS",
            "validation_option": []
          },
          "sensitive_attributes": [
            [
              {
                "type": "get_attr",
                "value": "private_key"
              }
            ]
          ],
          "private": "bnVsbA==",
          "create_before_destroy": true
        }
      ]
    },
    {
      "module": "module.load_balancer",
      "mode": "managed",
      "type": "aws_acm_certificate_validation",
      "name": "ssl_cert_validation",
      "provider": "provider[\"registry.terraform.io/hashicorp/aws\"]",
      "instances": [
        {
          "index_key": 0,
          "schema_version": 0,
          "attributes": {
            "certificate_arn": "arn:aws:acm:us-east-1:008971661410:certificate/608a2395-8688-44c4-8f44-0f69d5a1d427",
            "id": "2024-08-22 07:05:42.247 +0000 UTC",
            "timeouts": null,
            "validation_record_fqdns": [
              "_38d83dc690f2e59431014dc54e4b9ccf.fekgpt.com"
            ]
          },
          "sensitive_attributes": [],
          "private": "eyJlMmJmYjczMC1lY2FhLTExZTYtOGY4OC0zNDM2M2JjN2M0YzAiOnsiY3JlYXRlIjo0NTAwMDAwMDAwMDAwfX0=",
          "dependencies": [
            "module.load_balancer.aws_acm_certificate.ssl_cert",
            "module.load_balancer.aws_route53_record.cert_validation"
          ],
          "create_before_destroy": true
        }
      ]
    },
    {
      "module": "module.load_balancer",
      "mode": "managed",
      "type": "aws_eip",
      "name": "nat",
      "provider": "provider[\"registry.terraform.io/hashicorp/aws\"]",
      "instances": [
        {
          "schema_version": 0,
          "attributes": {
            "address": null,
            "allocation_id": "eipalloc-05819126b028681cc",
            "associate_with_private_ip": null,
            "association_id": "eipassoc-0c642355aed87d366",
            "carrier_ip": "",
            "customer_owned_ip": "",
            "customer_owned_ipv4_pool": "",
            "domain": "vpc",
            "id": "eipalloc-05819126b028681cc",
            "instance": "",
            "network_border_group": "us-east-1",
            "network_interface": "eni-0792510badb98b425",
            "private_dns": "ip-10-0-22-185.ec2.internal",
            "private_ip": "10.0.22.185",
            "public_dns": "ec2-18-211-207-30.compute-1.amazonaws.com",
            "public_ip": "18.211.207.30",
            "public_ipv4_pool": "amazon",
            "tags": {},
            "tags_all": {},
            "timeouts": null,
            "vpc": true
          },
          "sensitive_attributes": [],
          "private": "eyJlMmJmYjczMC1lY2FhLTExZTYtOGY4OC0zNDM2M2JjN2M0YzAiOnsiZGVsZXRlIjoxODAwMDAwMDAwMDAsInJlYWQiOjkwMDAwMDAwMDAwMCwidXBkYXRlIjozMDAwMDAwMDAwMDB9fQ==",
          "create_before_destroy": true
        }
      ]
    },
    {
      "module": "module.load_balancer",
      "mode": "managed",
      "type": "aws_internet_gateway",
      "name": "igw",
      "provider": "provider[\"registry.terraform.io/hashicorp/aws\"]",
      "instances": [
        {
          "schema_version": 0,
          "attributes": {
            "arn": "arn:aws:ec2:us-east-1:008971661410:internet-gateway/igw-03dceebce4c732001",
            "id": "igw-03dceebce4c732001",
            "owner_id": "008971661410",
            "tags": {
              "Name": "main-igw"
            },
            "tags_all": {
              "Name": "main-igw"
            },
            "timeouts": null,
            "vpc_id": "vpc-01601e5b5d483e580"
          },
          "sensitive_attributes": [],
          "private": "eyJlMmJmYjczMC1lY2FhLTExZTYtOGY4OC0zNDM2M2JjN2M0YzAiOnsiY3JlYXRlIjoxMjAwMDAwMDAwMDAwLCJkZWxldGUiOjEyMDAwMDAwMDAwMDAsInVwZGF0ZSI6MTIwMDAwMDAwMDAwMH19",
          "dependencies": [
            "module.load_balancer.aws_vpc.main"
          ],
          "create_before_destroy": true
        }
      ]
    },
    {
      "module": "module.load_balancer",
      "mode": "managed",
      "type": "aws_lb",
      "name": "alb",
      "provider": "provider[\"registry.terraform.io/hashicorp/aws\"]",
      "instances": [
        {
          "schema_version": 0,
          "attributes": {
            "access_logs": [
              {
                "bucket": "dev-amplifygenai-alb-access-logs-97008c3dda25360f",
                "enabled": true,
                "prefix": ""
              }
            ],
            "arn": "arn:aws:elasticloadbalancing:us-east-1:008971661410:loadbalancer/app/dev-amplifygenai-alb/a09c617cfd77d850",
            "arn_suffix": "app/dev-amplifygenai-alb/a09c617cfd77d850",
            "customer_owned_ipv4_pool": "",
            "desync_mitigation_mode": "defensive",
            "dns_name": "dev-amplifygenai-alb-1757538626.us-east-1.elb.amazonaws.com",
            "drop_invalid_header_fields": false,
            "enable_cross_zone_load_balancing": true,
            "enable_deletion_protection": false,
            "enable_http2": true,
            "enable_tls_version_and_cipher_suite_headers": false,
            "enable_waf_fail_open": false,
            "enable_xff_client_port": false,
            "id": "arn:aws:elasticloadbalancing:us-east-1:008971661410:loadbalancer/app/dev-amplifygenai-alb/a09c617cfd77d850",
            "idle_timeout": 60,
            "internal": false,
            "ip_address_type": "ipv4",
            "load_balancer_type": "application",
            "name": "dev-amplifygenai-alb",
            "name_prefix": null,
            "preserve_host_header": false,
            "security_groups": [
              "sg-02545ad69431b290b"
            ],
            "subnet_mapping": [
              {
                "allocation_id": "",
                "ipv6_address": "",
                "outpost_id": "",
                "private_ipv4_address": "",
                "subnet_id": "subnet-07026e4ec24b0acca"
              },
              {
                "allocation_id": "",
                "ipv6_address": "",
                "outpost_id": "",
                "private_ipv4_address": "",
                "subnet_id": "subnet-0c6580baf70317591"
              }
            ],
            "subnets": [
              "subnet-07026e4ec24b0acca",
              "subnet-0c6580baf70317591"
            ],
            "tags": {},
            "tags_all": {},
            "timeouts": null,
            "vpc_id": "vpc-01601e5b5d483e580",
            "xff_header_processing_mode": "append",
            "zone_id": "Z35SXDOTRQ7X7K"
          },
          "sensitive_attributes": [],
          "private": "eyJlMmJmYjczMC1lY2FhLTExZTYtOGY4OC0zNDM2M2JjN2M0YzAiOnsiY3JlYXRlIjo2MDAwMDAwMDAwMDAsImRlbGV0ZSI6NjAwMDAwMDAwMDAwLCJ1cGRhdGUiOjYwMDAwMDAwMDAwMH19",
          "dependencies": [
            "module.load_balancer.aws_acm_certificate.ssl_cert",
            "module.load_balancer.aws_acm_certificate_validation.ssl_cert_validation",
            "module.load_balancer.aws_route53_record.cert_validation",
            "module.load_balancer.aws_s3_bucket.alb_access_logs",
            "module.load_balancer.aws_security_group.alb_sg",
            "module.load_balancer.aws_subnet.public",
            "module.load_balancer.aws_vpc.main",
            "module.load_balancer.data.aws_availability_zones.available",
            "module.load_balancer.random_id.random"
          ],
          "create_before_destroy": true
        }
      ]
    },
    {
      "module": "module.load_balancer",
      "mode": "managed",
      "type": "aws_lb_listener",
      "name": "http",
      "provider": "provider[\"registry.terraform.io/hashicorp/aws\"]",
      "instances": [
        {
          "schema_version": 0,
          "attributes": {
            "alpn_policy": null,
            "arn": "arn:aws:elasticloadbalancing:us-east-1:008971661410:listener/app/dev-amplifygenai-alb/a09c617cfd77d850/f9594bad808bc073",
            "certificate_arn": null,
            "default_action": [
              {
                "authenticate_cognito": [],
                "authenticate_oidc": [],
                "fixed_response": [],
                "forward": [],
                "order": 1,
                "redirect": [
                  {
                    "host": "#{host}",
                    "path": "/#{path}",
                    "port": "443",
                    "protocol": "HTTPS",
                    "query": "#{query}",
                    "status_code": "HTTP_301"
                  }
                ],
                "target_group_arn": "",
                "type": "redirect"
              }
            ],
            "id": "arn:aws:elasticloadbalancing:us-east-1:008971661410:listener/app/dev-amplifygenai-alb/a09c617cfd77d850/f9594bad808bc073",
            "load_balancer_arn": "arn:aws:elasticloadbalancing:us-east-1:008971661410:loadbalancer/app/dev-amplifygenai-alb/a09c617cfd77d850",
            "port": 80,
            "protocol": "HTTP",
            "ssl_policy": "",
            "tags": {},
            "tags_all": {},
            "timeouts": null
          },
          "sensitive_attributes": [],
          "private": "eyJlMmJmYjczMC1lY2FhLTExZTYtOGY4OC0zNDM2M2JjN2M0YzAiOnsicmVhZCI6NjAwMDAwMDAwMDAwfX0=",
          "dependencies": [
            "module.load_balancer.aws_acm_certificate.ssl_cert",
            "module.load_balancer.aws_acm_certificate_validation.ssl_cert_validation",
            "module.load_balancer.aws_lb.alb",
            "module.load_balancer.aws_route53_record.cert_validation",
            "module.load_balancer.aws_s3_bucket.alb_access_logs",
            "module.load_balancer.aws_security_group.alb_sg",
            "module.load_balancer.aws_subnet.public",
            "module.load_balancer.aws_vpc.main",
            "module.load_balancer.data.aws_availability_zones.available",
            "module.load_balancer.random_id.random"
          ],
          "create_before_destroy": true
        }
      ]
    },
    {
      "module": "module.load_balancer",
      "mode": "managed",
      "type": "aws_lb_listener",
      "name": "https",
      "provider": "provider[\"registry.terraform.io/hashicorp/aws\"]",
      "instances": [
        {
          "index_key": 0,
          "schema_version": 0,
          "attributes": {
            "alpn_policy": null,
            "arn": "arn:aws:elasticloadbalancing:us-east-1:008971661410:listener/app/dev-amplifygenai-alb/a09c617cfd77d850/7650e9a8d1daecec",
            "certificate_arn": "arn:aws:acm:us-east-1:008971661410:certificate/608a2395-8688-44c4-8f44-0f69d5a1d427",
            "default_action": [
              {
                "authenticate_cognito": [],
                "authenticate_oidc": [],
                "fixed_response": [
                  {
                    "content_type": "text/plain",
                    "message_body": "You've reached the end",
                    "status_code": "200"
                  }
                ],
                "forward": [],
                "order": 1,
                "redirect": [],
                "target_group_arn": "",
                "type": "fixed-response"
              }
            ],
            "id": "arn:aws:elasticloadbalancing:us-east-1:008971661410:listener/app/dev-amplifygenai-alb/a09c617cfd77d850/7650e9a8d1daecec",
            "load_balancer_arn": "arn:aws:elasticloadbalancing:us-east-1:008971661410:loadbalancer/app/dev-amplifygenai-alb/a09c617cfd77d850",
            "port": 443,
            "protocol": "HTTPS",
            "ssl_policy": "ELBSecurityPolicy-TLS-1-2-Ext-2018-06",
            "tags": {},
            "tags_all": {},
            "timeouts": null
          },
          "sensitive_attributes": [],
          "private": "eyJlMmJmYjczMC1lY2FhLTExZTYtOGY4OC0zNDM2M2JjN2M0YzAiOnsicmVhZCI6NjAwMDAwMDAwMDAwfX0=",
          "dependencies": [
            "module.load_balancer.aws_acm_certificate.ssl_cert",
            "module.load_balancer.aws_acm_certificate_validation.ssl_cert_validation",
            "module.load_balancer.aws_lb.alb",
            "module.load_balancer.aws_route53_record.cert_validation",
            "module.load_balancer.aws_s3_bucket.alb_access_logs",
            "module.load_balancer.aws_security_group.alb_sg",
            "module.load_balancer.aws_subnet.public",
            "module.load_balancer.aws_vpc.main",
            "module.load_balancer.data.aws_availability_zones.available",
            "module.load_balancer.random_id.random"
          ],
          "create_before_destroy": true
        }
      ]
    },
    {
      "module": "module.load_balancer",
      "mode": "managed",
      "type": "aws_lb_listener_rule",
      "name": "rule",
      "provider": "provider[\"registry.terraform.io/hashicorp/aws\"]",
      "instances": [
        {
          "index_key": 0,
          "schema_version": 0,
          "attributes": {
            "action": [
              {
                "authenticate_cognito": [],
                "authenticate_oidc": [],
                "fixed_response": [],
                "forward": [],
                "order": 1,
                "redirect": [],
                "target_group_arn": "arn:aws:elasticloadbalancing:us-east-1:008971661410:targetgroup/dev-amplifygenai-tg-3000/eda3cdd22f00cd65",
                "type": "forward"
              }
            ],
            "arn": "arn:aws:elasticloadbalancing:us-east-1:008971661410:listener-rule/app/dev-amplifygenai-alb/a09c617cfd77d850/7650e9a8d1daecec/a073db066b78557a",
            "condition": [
              {
                "host_header": [
                  {
                    "values": [
                      "fekgpt.com"
                    ]
                  }
                ],
                "http_header": [],
                "http_request_method": [],
                "path_pattern": [],
                "query_string": [],
                "source_ip": []
              }
            ],
            "id": "arn:aws:elasticloadbalancing:us-east-1:008971661410:listener-rule/app/dev-amplifygenai-alb/a09c617cfd77d850/7650e9a8d1daecec/a073db066b78557a",
            "listener_arn": "arn:aws:elasticloadbalancing:us-east-1:008971661410:listener/app/dev-amplifygenai-alb/a09c617cfd77d850/7650e9a8d1daecec",
            "priority": 1,
            "tags": {},
            "tags_all": {}
          },
          "sensitive_attributes": [],
          "private": "bnVsbA==",
          "dependencies": [
            "module.load_balancer.aws_acm_certificate.ssl_cert",
            "module.load_balancer.aws_acm_certificate_validation.ssl_cert_validation",
            "module.load_balancer.aws_lb.alb",
            "module.load_balancer.aws_lb_listener.https",
            "module.load_balancer.aws_lb_target_group.tg",
            "module.load_balancer.aws_route53_record.cert_validation",
            "module.load_balancer.aws_s3_bucket.alb_access_logs",
            "module.load_balancer.aws_security_group.alb_sg",
            "module.load_balancer.aws_subnet.public",
            "module.load_balancer.aws_vpc.main",
            "module.load_balancer.data.aws_availability_zones.available",
            "module.load_balancer.random_id.random"
          ],
          "create_before_destroy": true
        }
      ]
    },
    {
      "module": "module.load_balancer",
      "mode": "managed",
      "type": "aws_lb_target_group",
      "name": "tg",
      "provider": "provider[\"registry.terraform.io/hashicorp/aws\"]",
      "instances": [
        {
          "schema_version": 0,
          "attributes": {
            "arn": "arn:aws:elasticloadbalancing:us-east-1:008971661410:targetgroup/dev-amplifygenai-tg-3000/eda3cdd22f00cd65",
            "arn_suffix": "targetgroup/dev-amplifygenai-tg-3000/eda3cdd22f00cd65",
            "connection_termination": false,
            "deregistration_delay": "300",
            "health_check": [
              {
                "enabled": true,
                "healthy_threshold": 2,
                "interval": 30,
                "matcher": "200,301",
                "path": "/",
                "port": "3000",
                "protocol": "HTTP",
                "timeout": 5,
                "unhealthy_threshold": 2
              }
            ],
            "id": "arn:aws:elasticloadbalancing:us-east-1:008971661410:targetgroup/dev-amplifygenai-tg-3000/eda3cdd22f00cd65",
            "ip_address_type": "ipv4",
            "lambda_multi_value_headers_enabled": false,
            "load_balancing_algorithm_type": "round_robin",
            "load_balancing_cross_zone_enabled": "use_load_balancer_configuration",
            "name": "dev-amplifygenai-tg-3000",
            "name_prefix": null,
            "port": 3000,
            "preserve_client_ip": null,
            "protocol": "HTTP",
            "protocol_version": "HTTP1",
            "proxy_protocol_v2": false,
            "slow_start": 0,
            "stickiness": [
              {
                "cookie_duration": 86400,
                "cookie_name": "",
                "enabled": false,
                "type": "lb_cookie"
              }
            ],
            "tags": {},
            "tags_all": {},
            "target_failover": [
              {
                "on_deregistration": null,
                "on_unhealthy": null
              }
            ],
            "target_type": "ip",
            "vpc_id": "vpc-01601e5b5d483e580"
          },
          "sensitive_attributes": [],
          "private": "bnVsbA==",
          "dependencies": [
            "module.load_balancer.aws_vpc.main"
          ],
          "create_before_destroy": true
        }
      ]
    },
    {
      "module": "module.load_balancer",
      "mode": "managed",
      "type": "aws_nat_gateway",
      "name": "nat_gw",
      "provider": "provider[\"registry.terraform.io/hashicorp/aws\"]",
      "instances": [
        {
          "schema_version": 0,
          "attributes": {
            "allocation_id": "eipalloc-05819126b028681cc",
            "association_id": "eipassoc-0c642355aed87d366",
            "connectivity_type": "public",
            "id": "nat-0b4540af3816bcead",
            "network_interface_id": "eni-0792510badb98b425",
            "private_ip": "10.0.22.185",
            "public_ip": "18.211.207.30",
            "secondary_allocation_ids": [],
            "secondary_private_ip_address_count": 0,
            "secondary_private_ip_addresses": [],
            "subnet_id": "subnet-07026e4ec24b0acca",
            "tags": {
              "Name": "main-nat-gw"
            },
            "tags_all": {
              "Name": "main-nat-gw"
            },
            "timeouts": null
          },
          "sensitive_attributes": [],
          "private": "eyJlMmJmYjczMC1lY2FhLTExZTYtOGY4OC0zNDM2M2JjN2M0YzAiOnsiY3JlYXRlIjo2MDAwMDAwMDAwMDAsImRlbGV0ZSI6MTgwMDAwMDAwMDAwMCwidXBkYXRlIjo2MDAwMDAwMDAwMDB9fQ==",
          "dependencies": [
            "module.load_balancer.aws_eip.nat",
            "module.load_balancer.aws_internet_gateway.igw",
            "module.load_balancer.aws_subnet.public",
            "module.load_balancer.aws_vpc.main",
            "module.load_balancer.data.aws_availability_zones.available"
          ],
          "create_before_destroy": true
        }
      ]
    },
    {
      "module": "module.load_balancer",
      "mode": "managed",
      "type": "aws_route",
      "name": "private_nat_gw",
      "provider": "provider[\"registry.terraform.io/hashicorp/aws\"]",
      "instances": [
        {
          "schema_version": 0,
          "attributes": {
            "carrier_gateway_id": "",
            "core_network_arn": "",
            "destination_cidr_block": "0.0.0.0/0",
            "destination_ipv6_cidr_block": "",
            "destination_prefix_list_id": "",
            "egress_only_gateway_id": "",
            "gateway_id": "",
            "id": "r-rtb-00b1f70e4006f07bb1080289494",
            "instance_id": "",
            "instance_owner_id": "",
            "local_gateway_id": "",
            "nat_gateway_id": "nat-0b4540af3816bcead",
            "network_interface_id": "",
            "origin": "CreateRoute",
            "route_table_id": "rtb-00b1f70e4006f07bb",
            "state": "active",
            "timeouts": null,
            "transit_gateway_id": "",
            "vpc_endpoint_id": "",
            "vpc_peering_connection_id": ""
          },
          "sensitive_attributes": [],
          "private": "eyJlMmJmYjczMC1lY2FhLTExZTYtOGY4OC0zNDM2M2JjN2M0YzAiOnsiY3JlYXRlIjozMDAwMDAwMDAwMDAsImRlbGV0ZSI6MzAwMDAwMDAwMDAwLCJ1cGRhdGUiOjEyMDAwMDAwMDAwMH19",
          "dependencies": [
            "module.load_balancer.aws_eip.nat",
            "module.load_balancer.aws_internet_gateway.igw",
            "module.load_balancer.aws_nat_gateway.nat_gw",
            "module.load_balancer.aws_route_table.private",
            "module.load_balancer.aws_subnet.public",
            "module.load_balancer.aws_vpc.main",
            "module.load_balancer.data.aws_availability_zones.available"
          ],
          "create_before_destroy": true
        }
      ]
    },
    {
      "module": "module.load_balancer",
      "mode": "managed",
      "type": "aws_route53_record",
      "name": "cert_validation",
      "provider": "provider[\"registry.terraform.io/hashicorp/aws\"]",
      "instances": [
        {
          "index_key": "*.fekgpt.com",
          "schema_version": 2,
          "attributes": {
            "alias": [],
            "allow_overwrite": true,
            "cidr_routing_policy": [],
            "failover_routing_policy": [],
            "fqdn": "_38d83dc690f2e59431014dc54e4b9ccf.fekgpt.com",
            "geolocation_routing_policy": [],
            "health_check_id": "",
            "id": "Z09293293S486YLFKC3FQ__38d83dc690f2e59431014dc54e4b9ccf.fekgpt.com._CNAME",
            "latency_routing_policy": [],
            "multivalue_answer_routing_policy": false,
            "name": "_38d83dc690f2e59431014dc54e4b9ccf.fekgpt.com",
            "records": [
              "_fa2ef9e5dc2ad6a3f0ebbb3113666e6f.djqtsrsxkq.acm-validations.aws."
            ],
            "set_identifier": "",
            "ttl": 60,
            "type": "CNAME",
            "weighted_routing_policy": [],
            "zone_id": "Z09293293S486YLFKC3FQ"
          },
          "sensitive_attributes": [],
          "private": "eyJzY2hlbWFfdmVyc2lvbiI6IjIifQ==",
          "dependencies": [
            "module.load_balancer.aws_acm_certificate.ssl_cert"
          ],
          "create_before_destroy": true
        },
        {
          "index_key": "fekgpt.com",
          "schema_version": 2,
          "attributes": {
            "alias": [],
            "allow_overwrite": true,
            "cidr_routing_policy": [],
            "failover_routing_policy": [],
            "fqdn": "_38d83dc690f2e59431014dc54e4b9ccf.fekgpt.com",
            "geolocation_routing_policy": [],
            "health_check_id": "",
            "id": "Z09293293S486YLFKC3FQ__38d83dc690f2e59431014dc54e4b9ccf.fekgpt.com._CNAME",
            "latency_routing_policy": [],
            "multivalue_answer_routing_policy": false,
            "name": "_38d83dc690f2e59431014dc54e4b9ccf.fekgpt.com",
            "records": [
              "_fa2ef9e5dc2ad6a3f0ebbb3113666e6f.djqtsrsxkq.acm-validations.aws."
            ],
            "set_identifier": "",
            "ttl": 60,
            "type": "CNAME",
            "weighted_routing_policy": [],
            "zone_id": "Z09293293S486YLFKC3FQ"
          },
          "sensitive_attributes": [],
          "private": "eyJzY2hlbWFfdmVyc2lvbiI6IjIifQ==",
          "dependencies": [
            "module.load_balancer.aws_acm_certificate.ssl_cert"
          ],
          "create_before_destroy": true
        }
      ]
    },
    {
      "module": "module.load_balancer",
      "mode": "managed",
      "type": "aws_route53_record",
      "name": "root_cname",
      "provider": "provider[\"registry.terraform.io/hashicorp/aws\"]",
      "instances": [
        {
          "index_key": 0,
          "schema_version": 2,
          "attributes": {
            "alias": [
              {
                "evaluate_target_health": true,
                "name": "dev-amplifygenai-alb-1757538626.us-east-1.elb.amazonaws.com",
                "zone_id": "Z35SXDOTRQ7X7K"
              }
            ],
            "allow_overwrite": null,
            "cidr_routing_policy": [],
            "failover_routing_policy": [],
            "fqdn": "fekgpt.com",
            "geolocation_routing_policy": [],
            "health_check_id": "",
            "id": "Z09293293S486YLFKC3FQ_fekgpt.com_A",
            "latency_routing_policy": [],
            "multivalue_answer_routing_policy": false,
            "name": "fekgpt.com",
            "records": [],
            "set_identifier": "",
            "ttl": 0,
            "type": "A",
            "weighted_routing_policy": [],
            "zone_id": "Z09293293S486YLFKC3FQ"
          },
          "sensitive_attributes": [],
          "private": "eyJzY2hlbWFfdmVyc2lvbiI6IjIifQ==",
          "dependencies": [
            "module.load_balancer.aws_acm_certificate.ssl_cert",
            "module.load_balancer.aws_acm_certificate_validation.ssl_cert_validation",
            "module.load_balancer.aws_lb.alb",
            "module.load_balancer.aws_route53_record.cert_validation",
            "module.load_balancer.aws_s3_bucket.alb_access_logs",
            "module.load_balancer.aws_security_group.alb_sg",
            "module.load_balancer.aws_subnet.public",
            "module.load_balancer.aws_vpc.main",
            "module.load_balancer.data.aws_availability_zones.available",
            "module.load_balancer.random_id.random"
          ],
          "create_before_destroy": true
        }
      ]
    },
    {
      "module": "module.load_balancer",
      "mode": "managed",
      "type": "aws_route_table",
      "name": "private",
      "provider": "provider[\"registry.terraform.io/hashicorp/aws\"]",
      "instances": [
        {
          "schema_version": 0,
          "attributes": {
            "arn": "arn:aws:ec2:us-east-1:008971661410:route-table/rtb-00b1f70e4006f07bb",
            "id": "rtb-00b1f70e4006f07bb",
            "owner_id": "008971661410",
            "propagating_vgws": [],
            "route": [
              {
                "carrier_gateway_id": "",
                "cidr_block": "0.0.0.0/0",
                "core_network_arn": "",
                "destination_prefix_list_id": "",
                "egress_only_gateway_id": "",
                "gateway_id": "",
                "ipv6_cidr_block": "",
                "local_gateway_id": "",
                "nat_gateway_id": "nat-0b4540af3816bcead",
                "network_interface_id": "",
                "transit_gateway_id": "",
                "vpc_endpoint_id": "",
                "vpc_peering_connection_id": ""
              }
            ],
            "tags": {
              "Name": "private-route-table"
            },
            "tags_all": {
              "Name": "private-route-table"
            },
            "timeouts": null,
            "vpc_id": "vpc-01601e5b5d483e580"
          },
          "sensitive_attributes": [],
          "private": "eyJlMmJmYjczMC1lY2FhLTExZTYtOGY4OC0zNDM2M2JjN2M0YzAiOnsiY3JlYXRlIjozMDAwMDAwMDAwMDAsImRlbGV0ZSI6MzAwMDAwMDAwMDAwLCJ1cGRhdGUiOjEyMDAwMDAwMDAwMH19",
          "dependencies": [
            "module.load_balancer.aws_vpc.main"
          ],
          "create_before_destroy": true
        }
      ]
    },
    {
      "module": "module.load_balancer",
      "mode": "managed",
      "type": "aws_route_table",
      "name": "public",
      "provider": "provider[\"registry.terraform.io/hashicorp/aws\"]",
      "instances": [
        {
          "schema_version": 0,
          "attributes": {
            "arn": "arn:aws:ec2:us-east-1:008971661410:route-table/rtb-07fc0eda8a38a04b4",
            "id": "rtb-07fc0eda8a38a04b4",
            "owner_id": "008971661410",
            "propagating_vgws": [],
            "route": [
              {
                "carrier_gateway_id": "",
                "cidr_block": "0.0.0.0/0",
                "core_network_arn": "",
                "destination_prefix_list_id": "",
                "egress_only_gateway_id": "",
                "gateway_id": "igw-03dceebce4c732001",
                "ipv6_cidr_block": "",
                "local_gateway_id": "",
                "nat_gateway_id": "",
                "network_interface_id": "",
                "transit_gateway_id": "",
                "vpc_endpoint_id": "",
                "vpc_peering_connection_id": ""
              }
            ],
            "tags": {
              "Name": "public-route-table"
            },
            "tags_all": {
              "Name": "public-route-table"
            },
            "timeouts": null,
            "vpc_id": "vpc-01601e5b5d483e580"
          },
          "sensitive_attributes": [],
          "private": "eyJlMmJmYjczMC1lY2FhLTExZTYtOGY4OC0zNDM2M2JjN2M0YzAiOnsiY3JlYXRlIjozMDAwMDAwMDAwMDAsImRlbGV0ZSI6MzAwMDAwMDAwMDAwLCJ1cGRhdGUiOjEyMDAwMDAwMDAwMH19",
          "dependencies": [
            "module.load_balancer.aws_internet_gateway.igw",
            "module.load_balancer.aws_vpc.main"
          ],
          "create_before_destroy": true
        }
      ]
    },
    {
      "module": "module.load_balancer",
      "mode": "managed",
      "type": "aws_route_table_association",
      "name": "private",
      "provider": "provider[\"registry.terraform.io/hashicorp/aws\"]",
      "instances": [
        {
          "index_key": "0",
          "schema_version": 0,
          "attributes": {
            "gateway_id": "",
            "id": "rtbassoc-0be514551cedca736",
            "route_table_id": "rtb-00b1f70e4006f07bb",
            "subnet_id": "subnet-0870e77440834614b",
            "timeouts": null
          },
          "sensitive_attributes": [],
          "private": "eyJlMmJmYjczMC1lY2FhLTExZTYtOGY4OC0zNDM2M2JjN2M0YzAiOnsiY3JlYXRlIjozMDAwMDAwMDAwMDAsImRlbGV0ZSI6MzAwMDAwMDAwMDAwLCJ1cGRhdGUiOjEyMDAwMDAwMDAwMH19",
          "dependencies": [
            "module.load_balancer.aws_route_table.private",
            "module.load_balancer.aws_subnet.private",
            "module.load_balancer.aws_vpc.main",
            "module.load_balancer.data.aws_availability_zones.available"
          ],
          "create_before_destroy": true
        },
        {
          "index_key": "1",
          "schema_version": 0,
          "attributes": {
            "gateway_id": "",
            "id": "rtbassoc-0673e1e98fef44bbe",
            "route_table_id": "rtb-00b1f70e4006f07bb",
            "subnet_id": "subnet-04e04832760195ad7",
            "timeouts": null
          },
          "sensitive_attributes": [],
          "private": "eyJlMmJmYjczMC1lY2FhLTExZTYtOGY4OC0zNDM2M2JjN2M0YzAiOnsiY3JlYXRlIjozMDAwMDAwMDAwMDAsImRlbGV0ZSI6MzAwMDAwMDAwMDAwLCJ1cGRhdGUiOjEyMDAwMDAwMDAwMH19",
          "dependencies": [
            "module.load_balancer.aws_route_table.private",
            "module.load_balancer.aws_subnet.private",
            "module.load_balancer.aws_vpc.main",
            "module.load_balancer.data.aws_availability_zones.available"
          ],
          "create_before_destroy": true
        }
      ]
    },
    {
      "module": "module.load_balancer",
      "mode": "managed",
      "type": "aws_route_table_association",
      "name": "public",
      "provider": "provider[\"registry.terraform.io/hashicorp/aws\"]",
      "instances": [
        {
          "index_key": "0",
          "schema_version": 0,
          "attributes": {
            "gateway_id": "",
            "id": "rtbassoc-03ee49b45a950f6cc",
            "route_table_id": "rtb-07fc0eda8a38a04b4",
            "subnet_id": "subnet-07026e4ec24b0acca",
            "timeouts": null
          },
          "sensitive_attributes": [],
          "private": "eyJlMmJmYjczMC1lY2FhLTExZTYtOGY4OC0zNDM2M2JjN2M0YzAiOnsiY3JlYXRlIjozMDAwMDAwMDAwMDAsImRlbGV0ZSI6MzAwMDAwMDAwMDAwLCJ1cGRhdGUiOjEyMDAwMDAwMDAwMH19",
          "dependencies": [
            "module.load_balancer.aws_internet_gateway.igw",
            "module.load_balancer.aws_route_table.public",
            "module.load_balancer.aws_subnet.public",
            "module.load_balancer.aws_vpc.main",
            "module.load_balancer.data.aws_availability_zones.available"
          ],
          "create_before_destroy": true
        },
        {
          "index_key": "1",
          "schema_version": 0,
          "attributes": {
            "gateway_id": "",
            "id": "rtbassoc-085952c2a51b014a2",
            "route_table_id": "rtb-07fc0eda8a38a04b4",
            "subnet_id": "subnet-0c6580baf70317591",
            "timeouts": null
          },
          "sensitive_attributes": [],
          "private": "eyJlMmJmYjczMC1lY2FhLTExZTYtOGY4OC0zNDM2M2JjN2M0YzAiOnsiY3JlYXRlIjozMDAwMDAwMDAwMDAsImRlbGV0ZSI6MzAwMDAwMDAwMDAwLCJ1cGRhdGUiOjEyMDAwMDAwMDAwMH19",
          "dependencies": [
            "module.load_balancer.aws_internet_gateway.igw",
            "module.load_balancer.aws_route_table.public",
            "module.load_balancer.aws_subnet.public",
            "module.load_balancer.aws_vpc.main",
            "module.load_balancer.data.aws_availability_zones.available"
          ],
          "create_before_destroy": true
        }
      ]
    },
    {
      "module": "module.load_balancer",
      "mode": "managed",
      "type": "aws_s3_bucket",
      "name": "alb_access_logs",
      "provider": "provider[\"registry.terraform.io/hashicorp/aws\"]",
      "instances": [
        {
          "schema_version": 0,
          "attributes": {
            "acceleration_status": "",
            "acl": null,
            "arn": "arn:aws:s3:::dev-amplifygenai-alb-access-logs-97008c3dda25360f",
            "bucket": "dev-amplifygenai-alb-access-logs-97008c3dda25360f",
            "bucket_domain_name": "dev-amplifygenai-alb-access-logs-97008c3dda25360f.s3.amazonaws.com",
            "bucket_prefix": "",
            "bucket_regional_domain_name": "dev-amplifygenai-alb-access-logs-97008c3dda25360f.s3.us-east-1.amazonaws.com",
            "cors_rule": [],
            "force_destroy": true,
            "grant": [
              {
                "id": "4ed7c042f55bd685544a71ed32d2b43339308fd7632aa1cced4c44dd673881e6",
                "permissions": [
                  "FULL_CONTROL"
                ],
                "type": "CanonicalUser",
                "uri": ""
              }
            ],
            "hosted_zone_id": "Z3AQBSTGFYJSTF",
            "id": "dev-amplifygenai-alb-access-logs-97008c3dda25360f",
            "lifecycle_rule": [],
            "logging": [],
            "object_lock_configuration": [],
            "object_lock_enabled": false,
            "policy": "{\"Statement\":[{\"Action\":\"s3:PutObject\",\"Effect\":\"Allow\",\"Principal\":{\"AWS\":\"arn:aws:iam::127311923021:root\"},\"Resource\":\"arn:aws:s3:::dev-amplifygenai-alb-access-logs-97008c3dda25360f/AWSLogs/*\"}],\"Version\":\"2012-10-17\"}",
            "region": "us-east-1",
            "replication_configuration": [],
            "request_payer": "BucketOwner",
            "server_side_encryption_configuration": [
              {
                "rule": [
                  {
                    "apply_server_side_encryption_by_default": [
                      {
                        "kms_master_key_id": "",
                        "sse_algorithm": "AES256"
                      }
                    ],
                    "bucket_key_enabled": false
                  }
                ]
              }
            ],
            "tags": {
              "Name": "alb-access-logs"
            },
            "tags_all": {
              "Name": "alb-access-logs"
            },
            "timeouts": null,
            "versioning": [
              {
                "enabled": false,
                "mfa_delete": false
              }
            ],
            "website": [],
            "website_domain": null,
            "website_endpoint": null
          },
          "sensitive_attributes": [],
          "private": "eyJlMmJmYjczMC1lY2FhLTExZTYtOGY4OC0zNDM2M2JjN2M0YzAiOnsiY3JlYXRlIjoxMjAwMDAwMDAwMDAwLCJkZWxldGUiOjM2MDAwMDAwMDAwMDAsInJlYWQiOjEyMDAwMDAwMDAwMDAsInVwZGF0ZSI6MTIwMDAwMDAwMDAwMH19",
          "dependencies": [
            "module.load_balancer.random_id.random"
          ],
          "create_before_destroy": true
        }
      ]
    },
    {
      "module": "module.load_balancer",
      "mode": "managed",
      "type": "aws_s3_bucket_policy",
      "name": "alb_access_logs_policy",
      "provider": "provider[\"registry.terraform.io/hashicorp/aws\"]",
      "instances": [
        {
          "schema_version": 0,
          "attributes": {
            "bucket": "dev-amplifygenai-alb-access-logs-97008c3dda25360f",
            "id": "dev-amplifygenai-alb-access-logs-97008c3dda25360f",
            "policy": "{\"Statement\":[{\"Action\":\"s3:PutObject\",\"Effect\":\"Allow\",\"Principal\":{\"AWS\":\"arn:aws:iam::127311923021:root\"},\"Resource\":\"arn:aws:s3:::dev-amplifygenai-alb-access-logs-97008c3dda25360f/AWSLogs/*\"}],\"Version\":\"2012-10-17\"}"
          },
          "sensitive_attributes": [],
          "private": "bnVsbA==",
          "dependencies": [
            "module.load_balancer.aws_s3_bucket.alb_access_logs",
            "module.load_balancer.random_id.random"
          ],
          "create_before_destroy": true
        }
      ]
    },
    {
      "module": "module.load_balancer",
      "mode": "managed",
      "type": "aws_security_group",
      "name": "alb_sg",
      "provider": "provider[\"registry.terraform.io/hashicorp/aws\"]",
      "instances": [
        {
          "schema_version": 1,
          "attributes": {
            "arn": "arn:aws:ec2:us-east-1:008971661410:security-group/sg-02545ad69431b290b",
            "description": "Security group for ALB",
            "egress": [
              {
                "cidr_blocks": [
                  "0.0.0.0/0"
                ],
                "description": "Allow all outbound traffic",
                "from_port": 0,
                "ipv6_cidr_blocks": [],
                "prefix_list_ids": [],
                "protocol": "-1",
                "security_groups": [],
                "self": false,
                "to_port": 0
              }
            ],
            "id": "sg-02545ad69431b290b",
            "ingress": [
              {
                "cidr_blocks": [
                  "0.0.0.0/0"
                ],
                "description": "Allow HTTP traffic from anywhere",
                "from_port": 80,
                "ipv6_cidr_blocks": [],
                "prefix_list_ids": [],
                "protocol": "tcp",
                "security_groups": [],
                "self": false,
                "to_port": 80
              },
              {
                "cidr_blocks": [
                  "0.0.0.0/0"
                ],
                "description": "Allow HTTPS traffic from anywhere",
                "from_port": 443,
                "ipv6_cidr_blocks": [],
                "prefix_list_ids": [],
                "protocol": "tcp",
                "security_groups": [],
                "self": false,
                "to_port": 443
              }
            ],
            "name": "dev-amplifygenai-sg",
            "name_prefix": "",
            "owner_id": "008971661410",
            "revoke_rules_on_delete": false,
            "tags": {},
            "tags_all": {},
            "timeouts": null,
            "vpc_id": "vpc-01601e5b5d483e580"
          },
          "sensitive_attributes": [],
          "private": "eyJlMmJmYjczMC1lY2FhLTExZTYtOGY4OC0zNDM2M2JjN2M0YzAiOnsiY3JlYXRlIjo2MDAwMDAwMDAwMDAsImRlbGV0ZSI6OTAwMDAwMDAwMDAwfSwic2NoZW1hX3ZlcnNpb24iOiIxIn0=",
          "dependencies": [
            "module.load_balancer.aws_vpc.main"
          ],
          "create_before_destroy": true
        }
      ]
    },
    {
      "module": "module.load_balancer",
      "mode": "managed",
      "type": "aws_subnet",
      "name": "private",
      "provider": "provider[\"registry.terraform.io/hashicorp/aws\"]",
      "instances": [
        {
          "index_key": 0,
          "schema_version": 1,
          "attributes": {
            "arn": "arn:aws:ec2:us-east-1:008971661410:subnet/subnet-0870e77440834614b",
            "assign_ipv6_address_on_creation": false,
            "availability_zone": "us-east-1a",
            "availability_zone_id": "use1-az1",
            "cidr_block": "10.0.144.0/20",
            "customer_owned_ipv4_pool": "",
            "enable_dns64": false,
            "enable_lni_at_device_index": 0,
            "enable_resource_name_dns_a_record_on_launch": false,
            "enable_resource_name_dns_aaaa_record_on_launch": false,
            "id": "subnet-0870e77440834614b",
            "ipv6_cidr_block": "",
            "ipv6_cidr_block_association_id": "",
            "ipv6_native": false,
            "map_customer_owned_ip_on_launch": false,
            "map_public_ip_on_launch": false,
            "outpost_arn": "",
            "owner_id": "008971661410",
            "private_dns_hostname_type_on_launch": "ip-name",
            "tags": {
              "Name": "private-subnet-0"
            },
            "tags_all": {
              "Name": "private-subnet-0"
            },
            "timeouts": null,
            "vpc_id": "vpc-01601e5b5d483e580"
          },
          "sensitive_attributes": [],
          "private": "eyJlMmJmYjczMC1lY2FhLTExZTYtOGY4OC0zNDM2M2JjN2M0YzAiOnsiY3JlYXRlIjo2MDAwMDAwMDAwMDAsImRlbGV0ZSI6MTIwMDAwMDAwMDAwMH0sInNjaGVtYV92ZXJzaW9uIjoiMSJ9",
          "dependencies": [
            "module.load_balancer.aws_vpc.main",
            "module.load_balancer.data.aws_availability_zones.available"
          ],
          "create_before_destroy": true
        },
        {
          "index_key": 1,
          "schema_version": 1,
          "attributes": {
            "arn": "arn:aws:ec2:us-east-1:008971661410:subnet/subnet-04e04832760195ad7",
            "assign_ipv6_address_on_creation": false,
            "availability_zone": "us-east-1b",
            "availability_zone_id": "use1-az2",
            "cidr_block": "10.0.128.0/20",
            "customer_owned_ipv4_pool": "",
            "enable_dns64": false,
            "enable_lni_at_device_index": 0,
            "enable_resource_name_dns_a_record_on_launch": false,
            "enable_resource_name_dns_aaaa_record_on_launch": false,
            "id": "subnet-04e04832760195ad7",
            "ipv6_cidr_block": "",
            "ipv6_cidr_block_association_id": "",
            "ipv6_native": false,
            "map_customer_owned_ip_on_launch": false,
            "map_public_ip_on_launch": false,
            "outpost_arn": "",
            "owner_id": "008971661410",
            "private_dns_hostname_type_on_launch": "ip-name",
            "tags": {
              "Name": "private-subnet-1"
            },
            "tags_all": {
              "Name": "private-subnet-1"
            },
            "timeouts": null,
            "vpc_id": "vpc-01601e5b5d483e580"
          },
          "sensitive_attributes": [],
          "private": "eyJlMmJmYjczMC1lY2FhLTExZTYtOGY4OC0zNDM2M2JjN2M0YzAiOnsiY3JlYXRlIjo2MDAwMDAwMDAwMDAsImRlbGV0ZSI6MTIwMDAwMDAwMDAwMH0sInNjaGVtYV92ZXJzaW9uIjoiMSJ9",
          "dependencies": [
            "module.load_balancer.aws_vpc.main",
            "module.load_balancer.data.aws_availability_zones.available"
          ],
          "create_before_destroy": true
        }
      ]
    },
    {
      "module": "module.load_balancer",
      "mode": "managed",
      "type": "aws_subnet",
      "name": "public",
      "provider": "provider[\"registry.terraform.io/hashicorp/aws\"]",
      "instances": [
        {
          "index_key": 0,
          "schema_version": 1,
          "attributes": {
            "arn": "arn:aws:ec2:us-east-1:008971661410:subnet/subnet-07026e4ec24b0acca",
            "assign_ipv6_address_on_creation": false,
            "availability_zone": "us-east-1a",
            "availability_zone_id": "use1-az1",
            "cidr_block": "10.0.16.0/20",
            "customer_owned_ipv4_pool": "",
            "enable_dns64": false,
            "enable_lni_at_device_index": 0,
            "enable_resource_name_dns_a_record_on_launch": false,
            "enable_resource_name_dns_aaaa_record_on_launch": false,
            "id": "subnet-07026e4ec24b0acca",
            "ipv6_cidr_block": "",
            "ipv6_cidr_block_association_id": "",
            "ipv6_native": false,
            "map_customer_owned_ip_on_launch": false,
            "map_public_ip_on_launch": true,
            "outpost_arn": "",
            "owner_id": "008971661410",
            "private_dns_hostname_type_on_launch": "ip-name",
            "tags": {
              "Name": "public-subnet-0"
            },
            "tags_all": {
              "Name": "public-subnet-0"
            },
            "timeouts": null,
            "vpc_id": "vpc-01601e5b5d483e580"
          },
          "sensitive_attributes": [],
          "private": "eyJlMmJmYjczMC1lY2FhLTExZTYtOGY4OC0zNDM2M2JjN2M0YzAiOnsiY3JlYXRlIjo2MDAwMDAwMDAwMDAsImRlbGV0ZSI6MTIwMDAwMDAwMDAwMH0sInNjaGVtYV92ZXJzaW9uIjoiMSJ9",
          "dependencies": [
            "module.load_balancer.aws_vpc.main",
            "module.load_balancer.data.aws_availability_zones.available"
          ],
          "create_before_destroy": true
        },
        {
          "index_key": 1,
          "schema_version": 1,
          "attributes": {
            "arn": "arn:aws:ec2:us-east-1:008971661410:subnet/subnet-0c6580baf70317591",
            "assign_ipv6_address_on_creation": false,
            "availability_zone": "us-east-1b",
            "availability_zone_id": "use1-az2",
            "cidr_block": "10.0.0.0/20",
            "customer_owned_ipv4_pool": "",
            "enable_dns64": false,
            "enable_lni_at_device_index": 0,
            "enable_resource_name_dns_a_record_on_launch": false,
            "enable_resource_name_dns_aaaa_record_on_launch": false,
            "id": "subnet-0c6580baf70317591",
            "ipv6_cidr_block": "",
            "ipv6_cidr_block_association_id": "",
            "ipv6_native": false,
            "map_customer_owned_ip_on_launch": false,
            "map_public_ip_on_launch": true,
            "outpost_arn": "",
            "owner_id": "008971661410",
            "private_dns_hostname_type_on_launch": "ip-name",
            "tags": {
              "Name": "public-subnet-1"
            },
            "tags_all": {
              "Name": "public-subnet-1"
            },
            "timeouts": null,
            "vpc_id": "vpc-01601e5b5d483e580"
          },
          "sensitive_attributes": [],
          "private": "eyJlMmJmYjczMC1lY2FhLTExZTYtOGY4OC0zNDM2M2JjN2M0YzAiOnsiY3JlYXRlIjo2MDAwMDAwMDAwMDAsImRlbGV0ZSI6MTIwMDAwMDAwMDAwMH0sInNjaGVtYV92ZXJzaW9uIjoiMSJ9",
          "dependencies": [
            "module.load_balancer.aws_vpc.main",
            "module.load_balancer.data.aws_availability_zones.available"
          ],
          "create_before_destroy": true
        }
      ]
    },
    {
      "module": "module.load_balancer",
      "mode": "managed",
      "type": "aws_vpc",
      "name": "main",
      "provider": "provider[\"registry.terraform.io/hashicorp/aws\"]",
      "instances": [
        {
          "schema_version": 1,
          "attributes": {
            "arn": "arn:aws:ec2:us-east-1:008971661410:vpc/vpc-01601e5b5d483e580",
            "assign_generated_ipv6_cidr_block": false,
            "cidr_block": "10.0.0.0/16",
            "default_network_acl_id": "acl-09e203ad68aacec24",
            "default_route_table_id": "rtb-0a0d7c0cae68077df",
            "default_security_group_id": "sg-060a4be477b286ede",
            "dhcp_options_id": "dopt-0c4e86721fa001f70",
            "enable_dns_hostnames": true,
            "enable_dns_support": true,
            "enable_network_address_usage_metrics": false,
            "id": "vpc-01601e5b5d483e580",
            "instance_tenancy": "default",
            "ipv4_ipam_pool_id": null,
            "ipv4_netmask_length": null,
            "ipv6_association_id": "",
            "ipv6_cidr_block": "",
            "ipv6_cidr_block_network_border_group": "",
            "ipv6_ipam_pool_id": "",
            "ipv6_netmask_length": 0,
            "main_route_table_id": "rtb-0a0d7c0cae68077df",
            "owner_id": "008971661410",
            "tags": {
              "Name": "dev-main-vpc"
            },
            "tags_all": {
              "Name": "dev-main-vpc"
            }
          },
          "sensitive_attributes": [],
          "private": "eyJzY2hlbWFfdmVyc2lvbiI6IjEifQ==",
          "create_before_destroy": true
        }
      ]
    },
    {
      "module": "module.load_balancer",
      "mode": "managed",
      "type": "aws_vpc_endpoint",
      "name": "s3",
      "provider": "provider[\"registry.terraform.io/hashicorp/aws\"]",
      "instances": [
        {
          "schema_version": 0,
          "attributes": {
            "arn": "arn:aws:ec2:us-east-1:008971661410:vpc-endpoint/vpce-0abfd1d5e35560e5d",
            "auto_accept": null,
            "cidr_blocks": [
              "16.15.176.0/20",
              "16.182.0.0/16",
              "18.34.0.0/19",
              "52.216.0.0/15",
              "54.231.0.0/16",
              "3.5.0.0/19",
              "18.34.232.0/21",
              "16.15.192.0/18"
            ],
            "dns_entry": [],
            "dns_options": [],
            "id": "vpce-0abfd1d5e35560e5d",
            "ip_address_type": "",
            "network_interface_ids": [],
            "owner_id": "008971661410",
            "policy": "{\"Statement\":[{\"Action\":[\"s3:*\"],\"Condition\":{\"StringEquals\":{\"aws:sourceVpc\":\"vpc-01601e5b5d483e580\"}},\"Effect\":\"Allow\",\"Principal\":\"*\",\"Resource\":[\"arn:aws:s3:::*/*\"]}],\"Version\":\"2012-10-17\"}",
            "prefix_list_id": "pl-63a5400a",
            "private_dns_enabled": false,
            "requester_managed": false,
            "route_table_ids": [
              "rtb-00b1f70e4006f07bb",
              "rtb-07fc0eda8a38a04b4"
            ],
            "security_group_ids": [],
            "service_name": "com.amazonaws.us-east-1.s3",
            "state": "available",
            "subnet_ids": [],
            "tags": {},
            "tags_all": {},
            "timeouts": null,
            "vpc_endpoint_type": "Gateway",
            "vpc_id": "vpc-01601e5b5d483e580"
          },
          "sensitive_attributes": [],
          "private": "eyJlMmJmYjczMC1lY2FhLTExZTYtOGY4OC0zNDM2M2JjN2M0YzAiOnsiY3JlYXRlIjo2MDAwMDAwMDAwMDAsImRlbGV0ZSI6NjAwMDAwMDAwMDAwLCJ1cGRhdGUiOjYwMDAwMDAwMDAwMH19",
          "dependencies": [
            "module.load_balancer.aws_internet_gateway.igw",
            "module.load_balancer.aws_route_table.private",
            "module.load_balancer.aws_route_table.public",
            "module.load_balancer.aws_vpc.main"
          ],
          "create_before_destroy": true
        }
      ]
    },
    {
      "module": "module.load_balancer",
      "mode": "managed",
      "type": "random_id",
      "name": "random",
      "provider": "provider[\"registry.terraform.io/hashicorp/random\"]",
      "instances": [
        {
          "schema_version": 0,
          "attributes": {
            "b64_std": "lwCMPdolNg8=",
            "b64_url": "lwCMPdolNg8",
            "byte_length": 8,
            "dec": "10880850897007883791",
            "hex": "97008c3dda25360f",
            "id": "lwCMPdolNg8",
            "keepers": null,
            "prefix": null
          },
          "sensitive_attributes": [],
          "create_before_destroy": true
        }
      ]
    }
  ],
  "check_results": null
}
